{
  "object": {
    "pins": [
      {
        "package": "FileKit",
        "repositoryURL": "https://github.com/nvzqz/FileKit",
        "state": {
          "branch": null,
          "revision": "cb1a5285ca780d66264a3e70862f9845ff1cfb18",
          "version": "5.2.0"
        }
      },
      {
        "package": "ShellOut",
        "repositoryURL": "https://github.com/JohnSundell/ShellOut",
        "state": {
          "branch": null,
          "revision": "d3d54ce662dfee7fef619330b71d251b8d4869f9",
          "version": "2.2.0"
        }
      },
      {
        "package": "SwiftHamcrest",
        "repositoryURL": "https://github.com/maximkhatskevich/SwiftHamcrest.git",
        "state": {
          "branch": "feature/SPMSupport",
          "revision": "3ef54c9f8420e4be7183c6e1a2630286a6937143",
          "version": null
        }
      }
    ]
  },
  "version": 1
}
