// !$*UTF8*$!
{
	archiveVersion = 1;
	classes = {
	};
	objectVersion = 46;
	objects = {

/* Begin PBXBuildFile section */
		3E5A0F8AF8F11F09FBA55F22 /* DummyFile.swift in Sources */ = {isa = PBXBuildFile; fileRef = 5B456E0E2AA4C901252B867D /* DummyFile.swift */; };
		693F79D263C4A5E6E1321A51 /* Foundation.framework in Frameworks */ = {isa = PBXBuildFile; fileRef = A8FA075665800177BDFA1015 /* Foundation.framework */; };
		774E16CB851C16F100BDC178 /* Foundation.framework in Frameworks */ = {isa = PBXBuildFile; fileRef = A8FA075665800177BDFA1015 /* Foundation.framework */; };
		AF63996DAD6663E537A9A4F7 /* DummyFile.swift in Sources */ = {isa = PBXBuildFile; fileRef = 952E49742F5C4A83283EFCEB /* DummyFile.swift */; };
		F4E8B9CD1732E67A7228A35A /* Pods_SimpleFramework.framework in Frameworks */ = {isa = PBXBuildFile; fileRef = B0C9D2AEBA16E884C7B2A148 /* Pods_SimpleFramework.framework */; };
/* End PBXBuildFile section */

/* Begin PBXContainerItemProxy section */
		60836A39ADDC1A07CB213273 /* PBXContainerItemProxy */ = {
			isa = PBXContainerItemProxy;
			containerPortal = D0C3B0E8FC3104E56004A626 /* Project object */;
			proxyType = 1;
			remoteGlobalIDString = 3D6FC814423C4EA240B09D77;
			remoteInfo = SimpleFramework;
		};
/* End PBXContainerItemProxy section */

/* Begin PBXCopyFilesBuildPhase section */
		8EA5C81DB7EE3E37D43E226C /* Embed Frameworks */ = {
			isa = PBXCopyFilesBuildPhase;
			buildActionMask = 2147483647;
			dstPath = "";
			dstSubfolderSpec = 10;
			files = (
			);
			name = "Embed Frameworks";
			runOnlyForDeploymentPostprocessing = 0;
		};
		F635A32B0246B40D2B8EC54A /* Embed Frameworks */ = {
			isa = PBXCopyFilesBuildPhase;
			buildActionMask = 2147483647;
			dstPath = "";
			dstSubfolderSpec = 10;
			files = (
			);
			name = "Embed Frameworks";
			runOnlyForDeploymentPostprocessing = 0;
		};
/* End PBXCopyFilesBuildPhase section */

/* Begin PBXFileReference section */
		07E32B3C7FB71716C244E87A /* SimpleFramework.framework */ = {isa = PBXFileReference; explicitFileType = wrapper.framework; includeInIndex = 0; path = SimpleFramework.framework; sourceTree = BUILT_PRODUCTS_DIR; };
		1B9E2DCC9B02CD88D94115A4 /* Pods-SimpleFramework.release.xcconfig */ = {isa = PBXFileReference; includeInIndex = 1; lastKnownFileType = text.xcconfig; name = "Pods-SimpleFramework.release.xcconfig"; path = "Pods/Target Support Files/Pods-SimpleFramework/Pods-SimpleFramework.release.xcconfig"; sourceTree = "<group>"; };
		5B456E0E2AA4C901252B867D /* DummyFile.swift */ = {isa = PBXFileReference; includeInIndex = 1; lastKnownFileType = sourcecode.swift; path = DummyFile.swift; sourceTree = "<group>"; };
		6271A0E454F11D5C4A3F1A3F /* SimpleFrameworkTests.xctest */ = {isa = PBXFileReference; explicitFileType = wrapper.cfbundle; includeInIndex = 0; path = SimpleFrameworkTests.xctest; sourceTree = BUILT_PRODUCTS_DIR; };
		952E49742F5C4A83283EFCEB /* DummyFile.swift */ = {isa = PBXFileReference; includeInIndex = 1; lastKnownFileType = sourcecode.swift; path = DummyFile.swift; sourceTree = "<group>"; };
		A8FA075665800177BDFA1015 /* Foundation.framework */ = {isa = PBXFileReference; lastKnownFileType = wrapper.framework; name = Foundation.framework; path = Platforms/iPhoneOS.platform/Developer/SDKs/iPhoneOS10.3.sdk/System/Library/Frameworks/Foundation.framework; sourceTree = DEVELOPER_DIR; };
		B0C9D2AEBA16E884C7B2A148 /* Pods_SimpleFramework.framework */ = {isa = PBXFileReference; explicitFileType = wrapper.framework; includeInIndex = 0; path = Pods_SimpleFramework.framework; sourceTree = BUILT_PRODUCTS_DIR; };
		BC8AE9B5D550C3DC463553E4 /* Pods-SimpleFramework.debug.xcconfig */ = {isa = PBXFileReference; includeInIndex = 1; lastKnownFileType = text.xcconfig; name = "Pods-SimpleFramework.debug.xcconfig"; path = "Pods/Target Support Files/Pods-SimpleFramework/Pods-SimpleFramework.debug.xcconfig"; sourceTree = "<group>"; };
/* End PBXFileReference section */

/* Begin PBXFrameworksBuildPhase section */
		16917D7859E13D6E6DAEB1DD /* Frameworks */ = {
			isa = PBXFrameworksBuildPhase;
			buildActionMask = 2147483647;
			files = (
				693F79D263C4A5E6E1321A51 /* Foundation.framework in Frameworks */,
			);
			runOnlyForDeploymentPostprocessing = 0;
		};
		ACF7C4A3C227965F8B071F44 /* Frameworks */ = {
			isa = PBXFrameworksBuildPhase;
			buildActionMask = 2147483647;
			files = (
				774E16CB851C16F100BDC178 /* Foundation.framework in Frameworks */,
				F4E8B9CD1732E67A7228A35A /* Pods_SimpleFramework.framework in Frameworks */,
			);
			runOnlyForDeploymentPostprocessing = 0;
		};
/* End PBXFrameworksBuildPhase section */

/* Begin PBXGroup section */
		0485038B36A7BB92E4673826 /* Pods */ = {
			isa = PBXGroup;
			children = (
				BC8AE9B5D550C3DC463553E4 /* Pods-SimpleFramework.debug.xcconfig */,
				1B9E2DCC9B02CD88D94115A4 /* Pods-SimpleFramework.release.xcconfig */,
			);
			name = Pods;
			sourceTree = "<group>";
		};
		050F3628FD93E2C9633C9CB8 /* Products */ = {
			isa = PBXGroup;
			children = (
				07E32B3C7FB71716C244E87A /* SimpleFramework.framework */,
				6271A0E454F11D5C4A3F1A3F /* SimpleFrameworkTests.xctest */,
			);
			name = Products;
			sourceTree = "<group>";
		};
		694FFE586B4F4E840CFA9A18 /* Frameworks */ = {
			isa = PBXGroup;
			children = (
				9A018336B4E60D739F88A00A /* $local */,
				B91B5D6881AD5561475625CE /* iOS */,
				B0C9D2AEBA16E884C7B2A148 /* Pods_SimpleFramework.framework */,
			);
			name = Frameworks;
			sourceTree = "<group>";
		};
		86EBECAE255A3F7B29479253 /* SimpleFrameworkTests */ = {
			isa = PBXGroup;
			children = (
				952E49742F5C4A83283EFCEB /* DummyFile.swift */,
			);
			name = SimpleFrameworkTests;
			path = SimpleFrameworkTests;
			sourceTree = "<group>";
		};
		8988BDB7B2A2E1ED23A37039 = {
			isa = PBXGroup;
			children = (
				694FFE586B4F4E840CFA9A18 /* Frameworks */,
				0485038B36A7BB92E4673826 /* Pods */,
				050F3628FD93E2C9633C9CB8 /* Products */,
				E41B58C395EA44AC5F28936D /* Sources */,
			);
			sourceTree = "<group>";
		};
		9A018336B4E60D739F88A00A /* $local */ = {
			isa = PBXGroup;
			children = (
			);
			name = "$local";
			sourceTree = "<group>";
		};
		ABB9FB8CBFDED27F40F7DBBE /* SimpleFramework */ = {
			isa = PBXGroup;
			children = (
				5B456E0E2AA4C901252B867D /* DummyFile.swift */,
			);
			name = SimpleFramework;
			path = SimpleFramework;
			sourceTree = "<group>";
		};
		B91B5D6881AD5561475625CE /* iOS */ = {
			isa = PBXGroup;
			children = (
				A8FA075665800177BDFA1015 /* Foundation.framework */,
			);
			name = iOS;
			sourceTree = "<group>";
		};
		E41B58C395EA44AC5F28936D /* Sources */ = {
			isa = PBXGroup;
			children = (
				ABB9FB8CBFDED27F40F7DBBE /* SimpleFramework */,
				86EBECAE255A3F7B29479253 /* SimpleFrameworkTests */,
			);
			name = Sources;
			path = Sources;
			sourceTree = SOURCE_ROOT;
		};
/* End PBXGroup section */

/* Begin PBXNativeTarget section */
		3D6FC814423C4EA240B09D77 /* SimpleFramework */ = {
			isa = PBXNativeTarget;
			buildConfigurationList = 6E44BD4A87529039ED9FE993 /* Build configuration list for PBXNativeTarget "SimpleFramework" */;
			buildPhases = (
				BAAAF17DE44B992438543FB9 /* SwiftLint */,
				56DB8EB9BE87CC81D4F74B68 /* [CP] Check Pods Manifest.lock */,
				F8625F906DC48258EB67880B /* Sources */,
				ACF7C4A3C227965F8B071F44 /* Frameworks */,
				F635A32B0246B40D2B8EC54A /* Embed Frameworks */,
			);
			buildRules = (
			);
			dependencies = (
			);
			name = SimpleFramework;
			productName = SimpleFramework;
			productReference = 07E32B3C7FB71716C244E87A /* SimpleFramework.framework */;
			productType = "com.apple.product-type.framework";
		};
		FCC0959298BDA3BC4B2C3B84 /* SimpleFrameworkTests */ = {
			isa = PBXNativeTarget;
			buildConfigurationList = D5834FEE64ACC87068B2E341 /* Build configuration list for PBXNativeTarget "SimpleFrameworkTests" */;
			buildPhases = (
				7E988875605B8B7FB64E4F44 /* SwiftLint */,
				99BE15E263DC7B0B31D306CD /* Sources */,
				16917D7859E13D6E6DAEB1DD /* Frameworks */,
				8EA5C81DB7EE3E37D43E226C /* Embed Frameworks */,
			);
			buildRules = (
			);
			dependencies = (
				A997FE67564B8DAC68408B62 /* PBXTargetDependency */,
			);
			name = SimpleFrameworkTests;
			productName = SimpleFrameworkTests;
			productReference = 6271A0E454F11D5C4A3F1A3F /* SimpleFrameworkTests.xctest */;
			productType = "com.apple.product-type.bundle.unit-test";
		};
/* End PBXNativeTarget section */

/* Begin PBXProject section */
		D0C3B0E8FC3104E56004A626 /* Project object */ = {
			isa = PBXProject;
			attributes = {
				LastSwiftUpdateCheck = 0830;
				LastUpgradeCheck = 0700;
				Struct.Version = 2.1.0;
			};
			buildConfigurationList = 2864DBAD6FD5DA113BC794B6 /* Build configuration list for PBXProject "SimpleFramework" */;
			compatibilityVersion = "Xcode 3.2";
			developmentRegion = English;
			hasScannedForEncodings = 0;
			knownRegions = (
				en,
			);
			mainGroup = 8988BDB7B2A2E1ED23A37039;
			productRefGroup = 050F3628FD93E2C9633C9CB8 /* Products */;
			projectDirPath = "";
			projectRoot = "";
			targets = (
				3D6FC814423C4EA240B09D77 /* SimpleFramework */,
				FCC0959298BDA3BC4B2C3B84 /* SimpleFrameworkTests */,
			);
		};
/* End PBXProject section */

/* Begin PBXShellScriptBuildPhase section */
		56DB8EB9BE87CC81D4F74B68 /* [CP] Check Pods Manifest.lock */ = {
			isa = PBXShellScriptBuildPhase;
			buildActionMask = 2147483647;
			files = (
			);
			inputPaths = (
				"${PODS_PODFILE_DIR_PATH}/Podfile.lock",
				"${PODS_ROOT}/Manifest.lock",
			);
			name = "[CP] Check Pods Manifest.lock";
			outputPaths = (
				"$(DERIVED_FILE_DIR)/Pods-SimpleFramework-checkManifestLockResult.txt",
			);
			runOnlyForDeploymentPostprocessing = 0;
			shellPath = /bin/sh;
			shellScript = "diff \"${PODS_PODFILE_DIR_PATH}/Podfile.lock\" \"${PODS_ROOT}/Manifest.lock\" > /dev/null\nif [ $? != 0 ] ; then\n    # print error to STDERR\n    echo \"error: The sandbox is not in sync with the Podfile.lock. Run 'pod install' or update your CocoaPods installation.\" >&2\n    exit 1\nfi\n# This output is used by Xcode 'outputs' to avoid re-running this script phase.\necho \"SUCCESS\" > \"${SCRIPT_OUTPUT_FILE_0}\"\n";
			showEnvVarsInLog = 0;
		};
		7E988875605B8B7FB64E4F44 /* SwiftLint */ = {
			isa = PBXShellScriptBuildPhase;
			buildActionMask = 2147483647;
			files = (
			);
			inputPaths = (
			);
			name = SwiftLint;
			outputPaths = (
			);
			runOnlyForDeploymentPostprocessing = 0;
			shellPath = /bin/sh;
			shellScript = "if which swiftlint >/dev/null; then\n            swiftlint\n        else\n            echo \"warning: SwiftLint not installed, download from https://github.com/realm/SwiftLint\"\n        fi";
			showEnvVarsInLog = 1;
		};
		BAAAF17DE44B992438543FB9 /* SwiftLint */ = {
			isa = PBXShellScriptBuildPhase;
			buildActionMask = 2147483647;
			files = (
			);
			inputPaths = (
			);
			name = SwiftLint;
			outputPaths = (
			);
			runOnlyForDeploymentPostprocessing = 0;
			shellPath = /bin/sh;
			shellScript = "if which swiftlint >/dev/null; then\n            swiftlint\n        else\n            echo \"warning: SwiftLint not installed, download from https://github.com/realm/SwiftLint\"\n        fi";
			showEnvVarsInLog = 1;
		};
/* End PBXShellScriptBuildPhase section */

/* Begin PBXSourcesBuildPhase section */
		99BE15E263DC7B0B31D306CD /* Sources */ = {
			isa = PBXSourcesBuildPhase;
			buildActionMask = 2147483647;
			files = (
				AF63996DAD6663E537A9A4F7 /* DummyFile.swift in Sources */,
			);
			runOnlyForDeploymentPostprocessing = 0;
		};
		F8625F906DC48258EB67880B /* Sources */ = {
			isa = PBXSourcesBuildPhase;
			buildActionMask = 2147483647;
			files = (
				3E5A0F8AF8F11F09FBA55F22 /* DummyFile.swift in Sources */,
			);
			runOnlyForDeploymentPostprocessing = 0;
		};
/* End PBXSourcesBuildPhase section */

/* Begin PBXTargetDependency section */
		A997FE67564B8DAC68408B62 /* PBXTargetDependency */ = {
			isa = PBXTargetDependency;
			name = SimpleFramework;
			target = 3D6FC814423C4EA240B09D77 /* SimpleFramework */;
			targetProxy = 60836A39ADDC1A07CB213273 /* PBXContainerItemProxy */;
		};
/* End PBXTargetDependency section */

/* Begin XCBuildConfiguration section */
		0FC0263505D48BA61FEE6F12 /* Release */ = {
			isa = XCBuildConfiguration;
			baseConfigurationReference = 1B9E2DCC9B02CD88D94115A4 /* Pods-SimpleFramework.release.xcconfig */;
			buildSettings = {
				ALWAYS_EMBED_SWIFT_STANDARD_LIBRARIES = YES;
				CODE_SIGN_IDENTITY = "";
				CURRENT_PROJECT_VERSION = 0;
				DEFINES_MODULE = NO;
				ENABLE_TESTABILITY = YES;
				INFOPLIST_FILE = Info/SimpleFramework.plist;
				INSTALL_PATH = "$(LOCAL_LIBRARY_DIR)/Frameworks";
				IPHONEOS_DEPLOYMENT_TARGET = 9.0;
				LD_RUNPATH_SEARCH_PATHS = "$(inherited) @executable_path/Frameworks";
				PRODUCT_BUNDLE_IDENTIFIER = com.SomeCoolCompany.SimpleFramework;
				PRODUCT_NAME = SimpleFramework;
				SDKROOT = iphoneos;
				SKIP_INSTALL = YES;
				SWIFT_VERSION = "$(inherited)";
				TARGETED_DEVICE_FAMILY = "1,2";
				VERSIONING_SYSTEM = "apple-generic";
				VERSION_INFO_PREFIX = "";
			};
			name = Release;
		};
		3B6293027E12976E2F54FF17 /* Release */ = {
			isa = XCBuildConfiguration;
			buildSettings = {
				ALWAYS_SEARCH_USER_PATHS = NO;
				CLANG_ANALYZER_NONNULL = YES;
				CLANG_CXX_LANGUAGE_STANDARD = "gnu++0x";
				CLANG_CXX_LIBRARY = "libc++";
				CLANG_ENABLE_MODULES = YES;
				CLANG_ENABLE_OBJC_ARC = YES;
				CLANG_WARN_BLOCK_CAPTURE_AUTORELEASING = YES;
				CLANG_WARN_BOOL_CONVERSION = YES;
				CLANG_WARN_COMMA = YES;
				CLANG_WARN_CONSTANT_CONVERSION = YES;
				CLANG_WARN_DEPRECATED_OBJC_IMPLEMENTATIONS = YES;
				CLANG_WARN_DIRECT_OBJC_ISA_USAGE = YES_ERROR;
				CLANG_WARN_DOCUMENTATION_COMMENTS = YES;
				CLANG_WARN_EMPTY_BODY = YES;
				CLANG_WARN_ENUM_CONVERSION = YES;
				CLANG_WARN_INFINITE_RECURSION = YES;
				CLANG_WARN_INT_CONVERSION = YES;
				CLANG_WARN_NON_LITERAL_NULL_CONVERSION = YES;
				CLANG_WARN_OBJC_IMPLICIT_RETAIN_SELF = YES;
				CLANG_WARN_OBJC_LITERAL_CONVERSION = YES;
				CLANG_WARN_OBJC_ROOT_CLASS = YES_ERROR;
				CLANG_WARN_RANGE_LOOP_ANALYSIS = YES;
				CLANG_WARN_STRICT_PROTOTYPES = YES;
				CLANG_WARN_SUSPICIOUS_MOVE = YES;
				CLANG_WARN_SUSPICIOUS_MOVES = YES;
				CLANG_WARN_UNREACHABLE_CODE = YES;
				CLANG_WARN__DUPLICATE_METHOD_MATCH = YES;
				CODE_SIGN_IDENTITY = "-";
				"CODE_SIGN_IDENTITY[sdk=iphoneos*]" = "iPhone Developer";
				COPY_PHASE_STRIP = NO;
				DEBUG_INFORMATION_FORMAT = "dwarf-with-dsym";
				ENABLE_NS_ASSERTIONS = NO;
				ENABLE_STRICT_OBJC_MSGSEND = YES;
				GCC_C_LANGUAGE_STANDARD = gnu99;
				GCC_NO_COMMON_BLOCKS = YES;
				GCC_WARN_64_TO_32_BIT_CONVERSION = YES;
				GCC_WARN_ABOUT_RETURN_TYPE = YES_ERROR;
				GCC_WARN_UNDECLARED_SELECTOR = YES;
				GCC_WARN_UNINITIALIZED_AUTOS = YES_AGGRESSIVE;
				GCC_WARN_UNUSED_FUNCTION = YES;
				GCC_WARN_UNUSED_VARIABLE = YES;
				IPHONEOS_DEPLOYMENT_TARGET = 9.0;
				MTL_ENABLE_DEBUG_INFO = NO;
				SWIFT_OPTIMIZATION_LEVEL = "-Owholemodule";
				SWIFT_VERSION = 4.2;
				VALIDATE_PRODUCT = YES;
				VERSIONING_SYSTEM = "apple-generic";
			};
			name = Release;
		};
		71CFFCFB34CC73674760D640 /* Release */ = {
			isa = XCBuildConfiguration;
			buildSettings = {
				ALWAYS_EMBED_SWIFT_STANDARD_LIBRARIES = YES;
				BUNDLE_LOADER = "$(TEST_HOST)";
				FRAMEWORK_SEARCH_PATHS = (
					"$(inherited)",
					"$(BUILT_PRODUCTS_DIR)",
				);
				INFOPLIST_FILE = Info/SimpleFrameworkTests.plist;
				IPHONEOS_DEPLOYMENT_TARGET = 9.0;
				LD_RUNPATH_SEARCH_PATHS = "$(inherited) @executable_path/Frameworks @loader_path/Frameworks";
				PRODUCT_BUNDLE_IDENTIFIER = com.SomeCoolCompany.SimpleFrameworkTests;
				PRODUCT_NAME = "$(TARGET_NAME)";
				SDKROOT = iphoneos;
				SWIFT_VERSION = "$(inherited)";
			};
			name = Release;
		};
		847248C86D9220E8C1AB7E7B /* Debug */ = {
			isa = XCBuildConfiguration;
			baseConfigurationReference = BC8AE9B5D550C3DC463553E4 /* Pods-SimpleFramework.debug.xcconfig */;
			buildSettings = {
				ALWAYS_EMBED_SWIFT_STANDARD_LIBRARIES = YES;
				CODE_SIGN_IDENTITY = "";
				CURRENT_PROJECT_VERSION = 0;
				DEFINES_MODULE = NO;
				ENABLE_TESTABILITY = YES;
				INFOPLIST_FILE = Info/SimpleFramework.plist;
				INSTALL_PATH = "$(LOCAL_LIBRARY_DIR)/Frameworks";
				IPHONEOS_DEPLOYMENT_TARGET = 9.0;
				LD_RUNPATH_SEARCH_PATHS = "$(inherited) @executable_path/Frameworks";
				MTL_ENABLE_DEBUG_INFO = true;
				PRODUCT_BUNDLE_IDENTIFIER = com.SomeCoolCompany.SimpleFramework;
				PRODUCT_NAME = SimpleFramework;
				SDKROOT = iphoneos;
				SKIP_INSTALL = YES;
				SWIFT_VERSION = "$(inherited)";
				TARGETED_DEVICE_FAMILY = "1,2";
				VERSIONING_SYSTEM = "apple-generic";
				VERSION_INFO_PREFIX = "";
			};
			name = Debug;
		};
		8779CAAD378A0994F4A9B39D /* Debug */ = {
			isa = XCBuildConfiguration;
			buildSettings = {
				ALWAYS_SEARCH_USER_PATHS = NO;
				CLANG_ANALYZER_NONNULL = YES;
				CLANG_CXX_LANGUAGE_STANDARD = "gnu++0x";
				CLANG_CXX_LIBRARY = "libc++";
				CLANG_ENABLE_MODULES = YES;
				CLANG_ENABLE_OBJC_ARC = YES;
				CLANG_WARN_BLOCK_CAPTURE_AUTORELEASING = YES;
				CLANG_WARN_BOOL_CONVERSION = YES;
				CLANG_WARN_COMMA = YES;
				CLANG_WARN_CONSTANT_CONVERSION = YES;
				CLANG_WARN_DEPRECATED_OBJC_IMPLEMENTATIONS = YES;
				CLANG_WARN_DIRECT_OBJC_ISA_USAGE = YES_ERROR;
				CLANG_WARN_DOCUMENTATION_COMMENTS = YES;
				CLANG_WARN_EMPTY_BODY = YES;
				CLANG_WARN_ENUM_CONVERSION = YES;
				CLANG_WARN_INFINITE_RECURSION = YES;
				CLANG_WARN_INT_CONVERSION = YES;
				CLANG_WARN_NON_LITERAL_NULL_CONVERSION = YES;
				CLANG_WARN_OBJC_IMPLICIT_RETAIN_SELF = YES;
				CLANG_WARN_OBJC_LITERAL_CONVERSION = YES;
				CLANG_WARN_OBJC_ROOT_CLASS = YES_ERROR;
				CLANG_WARN_RANGE_LOOP_ANALYSIS = YES;
				CLANG_WARN_STRICT_PROTOTYPES = YES;
				CLANG_WARN_SUSPICIOUS_MOVE = YES;
				CLANG_WARN_SUSPICIOUS_MOVES = YES;
				CLANG_WARN_UNREACHABLE_CODE = YES;
				CLANG_WARN__DUPLICATE_METHOD_MATCH = YES;
				CODE_SIGN_IDENTITY = "-";
				"CODE_SIGN_IDENTITY[sdk=iphoneos*]" = "iPhone Developer";
				COPY_PHASE_STRIP = NO;
				DEBUG_INFORMATION_FORMAT = dwarf;
				ENABLE_STRICT_OBJC_MSGSEND = YES;
				ENABLE_TESTABILITY = YES;
				GCC_C_LANGUAGE_STANDARD = gnu99;
				GCC_DYNAMIC_NO_PIC = NO;
				GCC_NO_COMMON_BLOCKS = YES;
				GCC_OPTIMIZATION_LEVEL = 0;
				GCC_PREPROCESSOR_DEFINITIONS = (
					"DEBUG=1",
					"$(inherited)",
				);
				GCC_WARN_64_TO_32_BIT_CONVERSION = YES;
				GCC_WARN_ABOUT_RETURN_TYPE = YES_ERROR;
				GCC_WARN_UNDECLARED_SELECTOR = YES;
				GCC_WARN_UNINITIALIZED_AUTOS = YES_AGGRESSIVE;
				GCC_WARN_UNUSED_FUNCTION = YES;
				GCC_WARN_UNUSED_VARIABLE = YES;
				IPHONEOS_DEPLOYMENT_TARGET = 9.0;
				MTL_ENABLE_DEBUG_INFO = YES;
				ONLY_ACTIVE_ARCH = YES;
				SWIFT_ACTIVE_COMPILATION_CONDITIONS = DEBUG;
				SWIFT_OPTIMIZATION_LEVEL = "-Onone";
				SWIFT_VERSION = 4.2;
				VERSIONING_SYSTEM = "apple-generic";
			};
			name = Debug;
		};
		9673AE8DBD5EC0514DAF4D4C /* Debug */ = {
			isa = XCBuildConfiguration;
			buildSettings = {
				ALWAYS_EMBED_SWIFT_STANDARD_LIBRARIES = YES;
				BUNDLE_LOADER = "$(TEST_HOST)";
				FRAMEWORK_SEARCH_PATHS = (
					"$(inherited)",
					"$(BUILT_PRODUCTS_DIR)",
				);
				INFOPLIST_FILE = Info/SimpleFrameworkTests.plist;
				IPHONEOS_DEPLOYMENT_TARGET = 9.0;
				LD_RUNPATH_SEARCH_PATHS = "$(inherited) @executable_path/Frameworks @loader_path/Frameworks";
				MTL_ENABLE_DEBUG_INFO = true;
				PRODUCT_BUNDLE_IDENTIFIER = com.SomeCoolCompany.SimpleFrameworkTests;
				PRODUCT_NAME = "$(TARGET_NAME)";
				SDKROOT = iphoneos;
				SWIFT_VERSION = "$(inherited)";
			};
			name = Debug;
		};
/* End XCBuildConfiguration section */

/* Begin XCConfigurationList section */
		2864DBAD6FD5DA113BC794B6 /* Build configuration list for PBXProject "SimpleFramework" */ = {
			isa = XCConfigurationList;
			buildConfigurations = (
				8779CAAD378A0994F4A9B39D /* Debug */,
				3B6293027E12976E2F54FF17 /* Release */,
			);
			defaultConfigurationIsVisible = 0;
			defaultConfigurationName = Debug;
		};
		6E44BD4A87529039ED9FE993 /* Build configuration list for PBXNativeTarget "SimpleFramework" */ = {
			isa = XCConfigurationList;
			buildConfigurations = (
				847248C86D9220E8C1AB7E7B /* Debug */,
				0FC0263505D48BA61FEE6F12 /* Release */,
			);
			defaultConfigurationIsVisible = 0;
			defaultConfigurationName = Release;
		};
		D5834FEE64ACC87068B2E341 /* Build configuration list for PBXNativeTarget "SimpleFrameworkTests" */ = {
			isa = XCConfigurationList;
			buildConfigurations = (
				9673AE8DBD5EC0514DAF4D4C /* Debug */,
				71CFFCFB34CC73674760D640 /* Release */,
			);
			defaultConfigurationIsVisible = 0;
			defaultConfigurationName = Release;
		};
/* End XCConfigurationList section */
	};
	rootObject = D0C3B0E8FC3104E56004A626 /* Project object */;
}
