// !$*UTF8*$!
{
	archiveVersion = 1;
	classes = {
	};
	objectVersion = 46;
	objects = {

/* Begin PBXBuildFile section */
		0E4539196A6F0E9DF330D228 /* DummyFile.swift in Sources */ = {isa = PBXBuildFile; fileRef = 5BD1ECEB705C8FD572276812 /* DummyFile.swift */; };
		2238F7712701ECB11AFAD5FC /* Foundation.framework in Frameworks */ = {isa = PBXBuildFile; fileRef = 478F6BDF1B8626E3054416D7 /* Foundation.framework */; };
		2321EE415D5CBFD12D8E1183 /* Pods_SimpleFramework.framework in Frameworks */ = {isa = PBXBuildFile; fileRef = 21F0DF11DD55B5D320D1F18A /* Pods_SimpleFramework.framework */; };
		3ADB91F1A6E90D71F74CC7BE /* DummyFile.swift in Sources */ = {isa = PBXBuildFile; fileRef = C017AACC2D73A93B31947D82 /* DummyFile.swift */; };
		D591A6D9E6656774CEF0B09D /* Foundation.framework in Frameworks */ = {isa = PBXBuildFile; fileRef = 478F6BDF1B8626E3054416D7 /* Foundation.framework */; };
/* End PBXBuildFile section */

/* Begin PBXContainerItemProxy section */
		1D276F91918CA7A5B7F5B073 /* PBXContainerItemProxy */ = {
			isa = PBXContainerItemProxy;
			containerPortal = 56F5F27150A2A1ADAD2358C8 /* Project object */;
			proxyType = 1;
			remoteGlobalIDString = A88CA4EF1A9116344D584C18;
			remoteInfo = SimpleFramework;
		};
/* End PBXContainerItemProxy section */

/* Begin PBXCopyFilesBuildPhase section */
		1A3E9717160E6AB07A5AA1C9 /* Embed Frameworks */ = {
			isa = PBXCopyFilesBuildPhase;
			buildActionMask = 2147483647;
			dstPath = "";
			dstSubfolderSpec = 10;
			files = (
			);
			name = "Embed Frameworks";
			runOnlyForDeploymentPostprocessing = 0;
		};
		4F30C7CCEB90B41519BA9600 /* Embed Frameworks */ = {
			isa = PBXCopyFilesBuildPhase;
			buildActionMask = 2147483647;
			dstPath = "";
			dstSubfolderSpec = 10;
			files = (
			);
			name = "Embed Frameworks";
			runOnlyForDeploymentPostprocessing = 0;
		};
/* End PBXCopyFilesBuildPhase section */

/* Begin PBXFileReference section */
		1C3482D39F7098B5E4AA60AB /* SimpleFrameworkTests.xctest */ = {isa = PBXFileReference; explicitFileType = wrapper.cfbundle; includeInIndex = 0; path = SimpleFrameworkTests.xctest; sourceTree = BUILT_PRODUCTS_DIR; };
		21F0DF11DD55B5D320D1F18A /* Pods_SimpleFramework.framework */ = {isa = PBXFileReference; explicitFileType = wrapper.framework; includeInIndex = 0; path = Pods_SimpleFramework.framework; sourceTree = BUILT_PRODUCTS_DIR; };
		3EFF6EFD01545DEE8D1E9558 /* Pods-SimpleFramework.debug.xcconfig */ = {isa = PBXFileReference; includeInIndex = 1; lastKnownFileType = text.xcconfig; name = "Pods-SimpleFramework.debug.xcconfig"; path = "Pods/Target Support Files/Pods-SimpleFramework/Pods-SimpleFramework.debug.xcconfig"; sourceTree = "<group>"; };
		478F6BDF1B8626E3054416D7 /* Foundation.framework */ = {isa = PBXFileReference; lastKnownFileType = wrapper.framework; name = Foundation.framework; path = Platforms/iPhoneOS.platform/Developer/SDKs/iPhoneOS10.3.sdk/System/Library/Frameworks/Foundation.framework; sourceTree = DEVELOPER_DIR; };
		5BD1ECEB705C8FD572276812 /* DummyFile.swift */ = {isa = PBXFileReference; includeInIndex = 1; lastKnownFileType = sourcecode.swift; path = DummyFile.swift; sourceTree = "<group>"; };
		9839676290440F5941A9DD41 /* SimpleFramework.framework */ = {isa = PBXFileReference; explicitFileType = wrapper.framework; includeInIndex = 0; path = SimpleFramework.framework; sourceTree = BUILT_PRODUCTS_DIR; };
		C017AACC2D73A93B31947D82 /* DummyFile.swift */ = {isa = PBXFileReference; includeInIndex = 1; lastKnownFileType = sourcecode.swift; path = DummyFile.swift; sourceTree = "<group>"; };
		E7D78F59858A3F415E9B33B0 /* Pods-SimpleFramework.release.xcconfig */ = {isa = PBXFileReference; includeInIndex = 1; lastKnownFileType = text.xcconfig; name = "Pods-SimpleFramework.release.xcconfig"; path = "Pods/Target Support Files/Pods-SimpleFramework/Pods-SimpleFramework.release.xcconfig"; sourceTree = "<group>"; };
/* End PBXFileReference section */

/* Begin PBXFrameworksBuildPhase section */
		B21C7F6879211CB89D869DE4 /* Frameworks */ = {
			isa = PBXFrameworksBuildPhase;
			buildActionMask = 2147483647;
			files = (
				D591A6D9E6656774CEF0B09D /* Foundation.framework in Frameworks */,
				2321EE415D5CBFD12D8E1183 /* Pods_SimpleFramework.framework in Frameworks */,
			);
			runOnlyForDeploymentPostprocessing = 0;
		};
		E064616C17804B1EDE1D1845 /* Frameworks */ = {
			isa = PBXFrameworksBuildPhase;
			buildActionMask = 2147483647;
			files = (
				2238F7712701ECB11AFAD5FC /* Foundation.framework in Frameworks */,
			);
			runOnlyForDeploymentPostprocessing = 0;
		};
/* End PBXFrameworksBuildPhase section */

/* Begin PBXGroup section */
		02A477F5A81D5D13D5940B95 /* Frameworks */ = {
			isa = PBXGroup;
			children = (
				A606E023036969A2357BD9F6 /* $local */,
				C300B3112D0DCDE972AB8328 /* iOS */,
				21F0DF11DD55B5D320D1F18A /* Pods_SimpleFramework.framework */,
			);
			name = Frameworks;
			sourceTree = "<group>";
		};
		0FDE55A6087F4B836197E7AB /* Pods */ = {
			isa = PBXGroup;
			children = (
				3EFF6EFD01545DEE8D1E9558 /* Pods-SimpleFramework.debug.xcconfig */,
				E7D78F59858A3F415E9B33B0 /* Pods-SimpleFramework.release.xcconfig */,
			);
			name = Pods;
			sourceTree = "<group>";
		};
		24080C12DFE78C9B8BC95A6E /* SimpleFrameworkTests */ = {
			isa = PBXGroup;
			children = (
				C017AACC2D73A93B31947D82 /* DummyFile.swift */,
			);
			name = SimpleFrameworkTests;
			path = SimpleFrameworkTests;
			sourceTree = "<group>";
		};
		9256CD99AAF938FE458C5388 /* SimpleFramework */ = {
			isa = PBXGroup;
			children = (
				5BD1ECEB705C8FD572276812 /* DummyFile.swift */,
			);
			name = SimpleFramework;
			path = SimpleFramework;
			sourceTree = "<group>";
		};
		99232CE18BD071D7520BB20F /* Sources */ = {
			isa = PBXGroup;
			children = (
				9256CD99AAF938FE458C5388 /* SimpleFramework */,
				24080C12DFE78C9B8BC95A6E /* SimpleFrameworkTests */,
			);
			name = Sources;
			path = Sources;
			sourceTree = SOURCE_ROOT;
		};
		A606E023036969A2357BD9F6 /* $local */ = {
			isa = PBXGroup;
			children = (
			);
			name = "$local";
			sourceTree = "<group>";
		};
		C300B3112D0DCDE972AB8328 /* iOS */ = {
			isa = PBXGroup;
			children = (
				478F6BDF1B8626E3054416D7 /* Foundation.framework */,
			);
			name = iOS;
			sourceTree = "<group>";
		};
		D0AEF8590A8AEC905A316695 = {
			isa = PBXGroup;
			children = (
				02A477F5A81D5D13D5940B95 /* Frameworks */,
				0FDE55A6087F4B836197E7AB /* Pods */,
				F9A30BEAB720FA0DEDBF9309 /* Products */,
				99232CE18BD071D7520BB20F /* Sources */,
			);
			sourceTree = "<group>";
		};
		F9A30BEAB720FA0DEDBF9309 /* Products */ = {
			isa = PBXGroup;
			children = (
				9839676290440F5941A9DD41 /* SimpleFramework.framework */,
				1C3482D39F7098B5E4AA60AB /* SimpleFrameworkTests.xctest */,
			);
			name = Products;
			sourceTree = "<group>";
		};
/* End PBXGroup section */

/* Begin PBXNativeTarget section */
		A88CA4EF1A9116344D584C18 /* SimpleFramework */ = {
			isa = PBXNativeTarget;
			buildConfigurationList = 829F1781418619286FF871CD /* Build configuration list for PBXNativeTarget "SimpleFramework" */;
			buildPhases = (
				5F6C1D7B22DCC7656CA15DF0 /* SwiftLint */,
				9C06887E5B57F0D999EF9DEC /* [CP] Check Pods Manifest.lock */,
				327E1553E7071BBE8ED060E9 /* Sources */,
				B21C7F6879211CB89D869DE4 /* Frameworks */,
				1A3E9717160E6AB07A5AA1C9 /* Embed Frameworks */,
			);
			buildRules = (
			);
			dependencies = (
			);
			name = SimpleFramework;
			productName = SimpleFramework;
			productReference = 9839676290440F5941A9DD41 /* SimpleFramework.framework */;
			productType = "com.apple.product-type.framework";
		};
		F2AD8EECDD66A415462CAC6F /* SimpleFrameworkTests */ = {
			isa = PBXNativeTarget;
			buildConfigurationList = 2DDDF0A6D4E581A5C66809A0 /* Build configuration list for PBXNativeTarget "SimpleFrameworkTests" */;
			buildPhases = (
				BFD6CF9F4DA8F60D965BE3B2 /* SwiftLint */,
				CEB3F48C08427B5DBAF034A3 /* Sources */,
				E064616C17804B1EDE1D1845 /* Frameworks */,
				4F30C7CCEB90B41519BA9600 /* Embed Frameworks */,
			);
			buildRules = (
			);
			dependencies = (
				E99C5EA500D1B97E0648426C /* PBXTargetDependency */,
			);
			name = SimpleFrameworkTests;
			productName = SimpleFrameworkTests;
			productReference = 1C3482D39F7098B5E4AA60AB /* SimpleFrameworkTests.xctest */;
			productType = "com.apple.product-type.bundle.unit-test";
		};
/* End PBXNativeTarget section */

/* Begin PBXProject section */
		56F5F27150A2A1ADAD2358C8 /* Project object */ = {
			isa = PBXProject;
			attributes = {
				LastSwiftUpdateCheck = 0830;
				LastUpgradeCheck = 0700;
				Struct.Version = 2.1.0;
			};
			buildConfigurationList = 19736D07CC9BD0AEC3E3574D /* Build configuration list for PBXProject "SimpleFramework" */;
			compatibilityVersion = "Xcode 3.2";
			developmentRegion = English;
			hasScannedForEncodings = 0;
			knownRegions = (
				en,
			);
			mainGroup = D0AEF8590A8AEC905A316695;
			productRefGroup = F9A30BEAB720FA0DEDBF9309 /* Products */;
			projectDirPath = "";
			projectRoot = "";
			targets = (
				A88CA4EF1A9116344D584C18 /* SimpleFramework */,
				F2AD8EECDD66A415462CAC6F /* SimpleFrameworkTests */,
			);
		};
/* End PBXProject section */

/* Begin PBXShellScriptBuildPhase section */
		5F6C1D7B22DCC7656CA15DF0 /* SwiftLint */ = {
			isa = PBXShellScriptBuildPhase;
			buildActionMask = 2147483647;
			files = (
			);
			inputPaths = (
			);
			name = SwiftLint;
			outputPaths = (
			);
			runOnlyForDeploymentPostprocessing = 0;
			shellPath = /bin/sh;
			shellScript = "if which swiftlint >/dev/null; then\n            swiftlint\n        else\n            echo \"warning: SwiftLint not installed, download from https://github.com/realm/SwiftLint\"\n        fi";
			showEnvVarsInLog = 1;
		};
		9C06887E5B57F0D999EF9DEC /* [CP] Check Pods Manifest.lock */ = {
			isa = PBXShellScriptBuildPhase;
			buildActionMask = 2147483647;
			files = (
			);
			inputPaths = (
				"${PODS_PODFILE_DIR_PATH}/Podfile.lock",
				"${PODS_ROOT}/Manifest.lock",
			);
			name = "[CP] Check Pods Manifest.lock";
			outputPaths = (
				"$(DERIVED_FILE_DIR)/Pods-SimpleFramework-checkManifestLockResult.txt",
			);
			runOnlyForDeploymentPostprocessing = 0;
			shellPath = /bin/sh;
			shellScript = "diff \"${PODS_PODFILE_DIR_PATH}/Podfile.lock\" \"${PODS_ROOT}/Manifest.lock\" > /dev/null\nif [ $? != 0 ] ; then\n    # print error to STDERR\n    echo \"error: The sandbox is not in sync with the Podfile.lock. Run 'pod install' or update your CocoaPods installation.\" >&2\n    exit 1\nfi\n# This output is used by Xcode 'outputs' to avoid re-running this script phase.\necho \"SUCCESS\" > \"${SCRIPT_OUTPUT_FILE_0}\"\n";
			showEnvVarsInLog = 0;
		};
		BFD6CF9F4DA8F60D965BE3B2 /* SwiftLint */ = {
			isa = PBXShellScriptBuildPhase;
			buildActionMask = 2147483647;
			files = (
			);
			inputPaths = (
			);
			name = SwiftLint;
			outputPaths = (
			);
			runOnlyForDeploymentPostprocessing = 0;
			shellPath = /bin/sh;
			shellScript = "if which swiftlint >/dev/null; then\n            swiftlint\n        else\n            echo \"warning: SwiftLint not installed, download from https://github.com/realm/SwiftLint\"\n        fi";
			showEnvVarsInLog = 1;
		};
/* End PBXShellScriptBuildPhase section */

/* Begin PBXSourcesBuildPhase section */
		327E1553E7071BBE8ED060E9 /* Sources */ = {
			isa = PBXSourcesBuildPhase;
			buildActionMask = 2147483647;
			files = (
				0E4539196A6F0E9DF330D228 /* DummyFile.swift in Sources */,
			);
			runOnlyForDeploymentPostprocessing = 0;
		};
		CEB3F48C08427B5DBAF034A3 /* Sources */ = {
			isa = PBXSourcesBuildPhase;
			buildActionMask = 2147483647;
			files = (
				3ADB91F1A6E90D71F74CC7BE /* DummyFile.swift in Sources */,
			);
			runOnlyForDeploymentPostprocessing = 0;
		};
/* End PBXSourcesBuildPhase section */

/* Begin PBXTargetDependency section */
		E99C5EA500D1B97E0648426C /* PBXTargetDependency */ = {
			isa = PBXTargetDependency;
			name = SimpleFramework;
			target = A88CA4EF1A9116344D584C18 /* SimpleFramework */;
			targetProxy = 1D276F91918CA7A5B7F5B073 /* PBXContainerItemProxy */;
		};
/* End PBXTargetDependency section */

/* Begin XCBuildConfiguration section */
		073CC95FAC2F3DC13EA88885 /* Release */ = {
			isa = XCBuildConfiguration;
			baseConfigurationReference = E7D78F59858A3F415E9B33B0 /* Pods-SimpleFramework.release.xcconfig */;
			buildSettings = {
				ALWAYS_EMBED_SWIFT_STANDARD_LIBRARIES = YES;
				CURRENT_PROJECT_VERSION = 0;
				DEFINES_MODULE = NO;
				ENABLE_TESTABILITY = YES;
				INFOPLIST_FILE = Info/SimpleFramework.plist;
				INSTALL_PATH = "$(LOCAL_LIBRARY_DIR)/Frameworks";
				IPHONEOS_DEPLOYMENT_TARGET = 9.0;
				LD_RUNPATH_SEARCH_PATHS = "$(inherited) @executable_path/Frameworks";
				PRODUCT_BUNDLE_IDENTIFIER = com.SomeCoolCompany.SimpleFramework;
				PRODUCT_NAME = SimpleFramework;
				SDKROOT = iphoneos;
				SKIP_INSTALL = YES;
				SWIFT_VERSION = 3.0;
				TARGETED_DEVICE_FAMILY = "1,2";
				VERSIONING_SYSTEM = "apple-generic";
				VERSION_INFO_PREFIX = "";
			};
			name = Release;
		};
		08005C8D162C6EAB8DCB8580 /* Debug */ = {
			isa = XCBuildConfiguration;
			buildSettings = {
				ALWAYS_EMBED_SWIFT_STANDARD_LIBRARIES = YES;
				BUNDLE_LOADER = "$(TEST_HOST)";
				FRAMEWORK_SEARCH_PATHS = (
					"$(inherited)",
					"$(BUILT_PRODUCTS_DIR)",
				);
				INFOPLIST_FILE = Info/SimpleFrameworkTests.plist;
				IPHONEOS_DEPLOYMENT_TARGET = 9.0;
				LD_RUNPATH_SEARCH_PATHS = "$(inherited) @executable_path/Frameworks @loader_path/Frameworks";
				MTL_ENABLE_DEBUG_INFO = true;
				PRODUCT_BUNDLE_IDENTIFIER = com.SomeCoolCompany.SimpleFrameworkTests;
				PRODUCT_NAME = "$(TARGET_NAME)";
				SDKROOT = iphoneos;
				SWIFT_VERSION = 3.0;
			};
			name = Debug;
		};
		1E85D9121F3B4AC51DAF7420 /* Release */ = {
			isa = XCBuildConfiguration;
			buildSettings = {
				ALWAYS_EMBED_SWIFT_STANDARD_LIBRARIES = YES;
				BUNDLE_LOADER = "$(TEST_HOST)";
				FRAMEWORK_SEARCH_PATHS = (
					"$(inherited)",
					"$(BUILT_PRODUCTS_DIR)",
				);
				INFOPLIST_FILE = Info/SimpleFrameworkTests.plist;
				IPHONEOS_DEPLOYMENT_TARGET = 9.0;
				LD_RUNPATH_SEARCH_PATHS = "$(inherited) @executable_path/Frameworks @loader_path/Frameworks";
				PRODUCT_BUNDLE_IDENTIFIER = com.SomeCoolCompany.SimpleFrameworkTests;
				PRODUCT_NAME = "$(TARGET_NAME)";
				SDKROOT = iphoneos;
				SWIFT_VERSION = 3.0;
			};
			name = Release;
		};
		627E9ABB6C5DD5E3E81884B8 /* Debug */ = {
			isa = XCBuildConfiguration;
			baseConfigurationReference = 3EFF6EFD01545DEE8D1E9558 /* Pods-SimpleFramework.debug.xcconfig */;
			buildSettings = {
				ALWAYS_EMBED_SWIFT_STANDARD_LIBRARIES = YES;
				CURRENT_PROJECT_VERSION = 0;
				DEFINES_MODULE = NO;
				ENABLE_TESTABILITY = YES;
				INFOPLIST_FILE = Info/SimpleFramework.plist;
				INSTALL_PATH = "$(LOCAL_LIBRARY_DIR)/Frameworks";
				IPHONEOS_DEPLOYMENT_TARGET = 9.0;
				LD_RUNPATH_SEARCH_PATHS = "$(inherited) @executable_path/Frameworks";
				MTL_ENABLE_DEBUG_INFO = true;
				PRODUCT_BUNDLE_IDENTIFIER = com.SomeCoolCompany.SimpleFramework;
				PRODUCT_NAME = SimpleFramework;
				SDKROOT = iphoneos;
				SKIP_INSTALL = YES;
				SWIFT_VERSION = 3.0;
				TARGETED_DEVICE_FAMILY = "1,2";
				VERSIONING_SYSTEM = "apple-generic";
				VERSION_INFO_PREFIX = "";
			};
			name = Debug;
		};
		8287E0B01D63D96BEBEB6DCC /* Debug */ = {
			isa = XCBuildConfiguration;
			buildSettings = {
				ALWAYS_SEARCH_USER_PATHS = NO;
				CLANG_ANALYZER_NONNULL = YES;
				CLANG_CXX_LANGUAGE_STANDARD = "gnu++0x";
				CLANG_CXX_LIBRARY = "libc++";
				CLANG_ENABLE_MODULES = YES;
				CLANG_ENABLE_OBJC_ARC = YES;
				CLANG_WARN_BOOL_CONVERSION = YES;
				CLANG_WARN_CONSTANT_CONVERSION = YES;
				CLANG_WARN_DIRECT_OBJC_ISA_USAGE = YES_ERROR;
				CLANG_WARN_DOCUMENTATION_COMMENTS = YES;
				CLANG_WARN_EMPTY_BODY = YES;
				CLANG_WARN_ENUM_CONVERSION = YES;
				CLANG_WARN_INFINITE_RECURSION = YES;
				CLANG_WARN_INT_CONVERSION = YES;
				CLANG_WARN_OBJC_ROOT_CLASS = YES_ERROR;
				CLANG_WARN_SUSPICIOUS_MOVE = YES;
				CLANG_WARN_SUSPICIOUS_MOVES = YES;
				CLANG_WARN_UNREACHABLE_CODE = YES;
				CLANG_WARN__DUPLICATE_METHOD_MATCH = YES;
				CODE_SIGN_IDENTITY = "-";
				"CODE_SIGN_IDENTITY[sdk=iphoneos*]" = "iPhone Developer";
				COPY_PHASE_STRIP = NO;
				DEBUG_INFORMATION_FORMAT = dwarf;
				ENABLE_STRICT_OBJC_MSGSEND = YES;
				ENABLE_TESTABILITY = YES;
				GCC_C_LANGUAGE_STANDARD = gnu99;
				GCC_DYNAMIC_NO_PIC = NO;
				GCC_NO_COMMON_BLOCKS = YES;
				GCC_OPTIMIZATION_LEVEL = 0;
				GCC_PREPROCESSOR_DEFINITIONS = (
					"DEBUG=1",
					"$(inherited)",
				);
				GCC_WARN_64_TO_32_BIT_CONVERSION = YES;
				GCC_WARN_ABOUT_RETURN_TYPE = YES_ERROR;
				GCC_WARN_UNDECLARED_SELECTOR = YES;
				GCC_WARN_UNINITIALIZED_AUTOS = YES_AGGRESSIVE;
				GCC_WARN_UNUSED_FUNCTION = YES;
				GCC_WARN_UNUSED_VARIABLE = YES;
				IPHONEOS_DEPLOYMENT_TARGET = 9.0;
				MTL_ENABLE_DEBUG_INFO = YES;
				ONLY_ACTIVE_ARCH = YES;
				SWIFT_ACTIVE_COMPILATION_CONDITIONS = DEBUG;
				SWIFT_OPTIMIZATION_LEVEL = "-Onone";
				SWIFT_VERSION = 4.2;
				VERSIONING_SYSTEM = "apple-generic";
			};
			name = Debug;
		};
		F5CF5CFDF49057BB4E6093CB /* Release */ = {
			isa = XCBuildConfiguration;
			buildSettings = {
				ALWAYS_SEARCH_USER_PATHS = NO;
				CLANG_ANALYZER_NONNULL = YES;
				CLANG_CXX_LANGUAGE_STANDARD = "gnu++0x";
				CLANG_CXX_LIBRARY = "libc++";
				CLANG_ENABLE_MODULES = YES;
				CLANG_ENABLE_OBJC_ARC = YES;
				CLANG_WARN_BOOL_CONVERSION = YES;
				CLANG_WARN_CONSTANT_CONVERSION = YES;
				CLANG_WARN_DIRECT_OBJC_ISA_USAGE = YES_ERROR;
				CLANG_WARN_DOCUMENTATION_COMMENTS = YES;
				CLANG_WARN_EMPTY_BODY = YES;
				CLANG_WARN_ENUM_CONVERSION = YES;
				CLANG_WARN_INFINITE_RECURSION = YES;
				CLANG_WARN_INT_CONVERSION = YES;
				CLANG_WARN_OBJC_ROOT_CLASS = YES_ERROR;
				CLANG_WARN_SUSPICIOUS_MOVE = YES;
				CLANG_WARN_SUSPICIOUS_MOVES = YES;
				CLANG_WARN_UNREACHABLE_CODE = YES;
				CLANG_WARN__DUPLICATE_METHOD_MATCH = YES;
				CODE_SIGN_IDENTITY = "-";
				"CODE_SIGN_IDENTITY[sdk=iphoneos*]" = "iPhone Developer";
				COPY_PHASE_STRIP = NO;
				DEBUG_INFORMATION_FORMAT = "dwarf-with-dsym";
				ENABLE_NS_ASSERTIONS = NO;
				ENABLE_STRICT_OBJC_MSGSEND = YES;
				GCC_C_LANGUAGE_STANDARD = gnu99;
				GCC_NO_COMMON_BLOCKS = YES;
				GCC_WARN_64_TO_32_BIT_CONVERSION = YES;
				GCC_WARN_ABOUT_RETURN_TYPE = YES_ERROR;
				GCC_WARN_UNDECLARED_SELECTOR = YES;
				GCC_WARN_UNINITIALIZED_AUTOS = YES_AGGRESSIVE;
				GCC_WARN_UNUSED_FUNCTION = YES;
				GCC_WARN_UNUSED_VARIABLE = YES;
				IPHONEOS_DEPLOYMENT_TARGET = 9.0;
				MTL_ENABLE_DEBUG_INFO = NO;
				SWIFT_OPTIMIZATION_LEVEL = "-Owholemodule";
				SWIFT_VERSION = 4.2;
				VALIDATE_PRODUCT = YES;
				VERSIONING_SYSTEM = "apple-generic";
			};
			name = Release;
		};
/* End XCBuildConfiguration section */

/* Begin XCConfigurationList section */
		19736D07CC9BD0AEC3E3574D /* Build configuration list for PBXProject "SimpleFramework" */ = {
			isa = XCConfigurationList;
			buildConfigurations = (
				8287E0B01D63D96BEBEB6DCC /* Debug */,
				F5CF5CFDF49057BB4E6093CB /* Release */,
			);
			defaultConfigurationIsVisible = 0;
			defaultConfigurationName = Debug;
		};
		2DDDF0A6D4E581A5C66809A0 /* Build configuration list for PBXNativeTarget "SimpleFrameworkTests" */ = {
			isa = XCConfigurationList;
			buildConfigurations = (
				08005C8D162C6EAB8DCB8580 /* Debug */,
				1E85D9121F3B4AC51DAF7420 /* Release */,
			);
			defaultConfigurationIsVisible = 0;
			defaultConfigurationName = Release;
		};
		829F1781418619286FF871CD /* Build configuration list for PBXNativeTarget "SimpleFramework" */ = {
			isa = XCConfigurationList;
			buildConfigurations = (
				627E9ABB6C5DD5E3E81884B8 /* Debug */,
				073CC95FAC2F3DC13EA88885 /* Release */,
			);
			defaultConfigurationIsVisible = 0;
			defaultConfigurationName = Release;
		};
/* End XCConfigurationList section */
	};
	rootObject = 56F5F27150A2A1ADAD2358C8 /* Project object */;
}
