// !$*UTF8*$!
{
	archiveVersion = 1;
	classes = {
	};
	objectVersion = 46;
	objects = {

/* Begin PBXBuildFile section */
		049DC7E848EFB1A9A6897DEC /* DummyFile.swift in Sources */ = {isa = PBXBuildFile; fileRef = F64AAAD25B1879F29511A6D6 /* DummyFile.swift */; };
		0A4FB6B60A325B992106D884 /* Foundation.framework in Frameworks */ = {isa = PBXBuildFile; fileRef = 2055AB635136398B11072E4A /* Foundation.framework */; };
		4482AB08080989DC457AB906 /* Pods_SimpleFramework.framework in Frameworks */ = {isa = PBXBuildFile; fileRef = 14EEB9D67FB0A5845B5E4457 /* Pods_SimpleFramework.framework */; };
		7AF1C54AD63C208BD70B7CFB /* DummyFile.swift in Sources */ = {isa = PBXBuildFile; fileRef = 865B03076F327852C4725F3F /* DummyFile.swift */; };
		AEF1ECEAF174E76209C21B51 /* Foundation.framework in Frameworks */ = {isa = PBXBuildFile; fileRef = 2055AB635136398B11072E4A /* Foundation.framework */; };
/* End PBXBuildFile section */

/* Begin PBXContainerItemProxy section */
		B83BA70B1A3A74B9E191FD9A /* PBXContainerItemProxy */ = {
			isa = PBXContainerItemProxy;
			containerPortal = E9210A7494F5C0723490A523 /* Project object */;
			proxyType = 1;
			remoteGlobalIDString = E1DEFBC16A6A247DB7B0CDA3;
			remoteInfo = SimpleFramework;
		};
/* End PBXContainerItemProxy section */

/* Begin PBXCopyFilesBuildPhase section */
		14715278E4F96B6AF6E90D4A /* Embed Frameworks */ = {
			isa = PBXCopyFilesBuildPhase;
			buildActionMask = 2147483647;
			dstPath = "";
			dstSubfolderSpec = 10;
			files = (
			);
			name = "Embed Frameworks";
			runOnlyForDeploymentPostprocessing = 0;
		};
		15CCF1F54628310D3EE87EA5 /* Embed Frameworks */ = {
			isa = PBXCopyFilesBuildPhase;
			buildActionMask = 2147483647;
			dstPath = "";
			dstSubfolderSpec = 10;
			files = (
			);
			name = "Embed Frameworks";
			runOnlyForDeploymentPostprocessing = 0;
		};
/* End PBXCopyFilesBuildPhase section */

/* Begin PBXFileReference section */
		14EEB9D67FB0A5845B5E4457 /* Pods_SimpleFramework.framework */ = {isa = PBXFileReference; explicitFileType = wrapper.framework; includeInIndex = 0; path = Pods_SimpleFramework.framework; sourceTree = BUILT_PRODUCTS_DIR; };
		2055AB635136398B11072E4A /* Foundation.framework */ = {isa = PBXFileReference; lastKnownFileType = wrapper.framework; name = Foundation.framework; path = Platforms/iPhoneOS.platform/Developer/SDKs/iPhoneOS10.3.sdk/System/Library/Frameworks/Foundation.framework; sourceTree = DEVELOPER_DIR; };
		5E67285BDD5F7FDC1AFED00C /* SimpleFramework.framework */ = {isa = PBXFileReference; explicitFileType = wrapper.framework; includeInIndex = 0; path = SimpleFramework.framework; sourceTree = BUILT_PRODUCTS_DIR; };
		6D80AD164E31951403CB4E0D /* Pods-SimpleFramework.release.xcconfig */ = {isa = PBXFileReference; includeInIndex = 1; lastKnownFileType = text.xcconfig; name = "Pods-SimpleFramework.release.xcconfig"; path = "Pods/Target Support Files/Pods-SimpleFramework/Pods-SimpleFramework.release.xcconfig"; sourceTree = "<group>"; };
		725C26D0C1B6BBE62BE45CFA /* SimpleFrameworkTests.xctest */ = {isa = PBXFileReference; explicitFileType = wrapper.cfbundle; includeInIndex = 0; path = SimpleFrameworkTests.xctest; sourceTree = BUILT_PRODUCTS_DIR; };
		865B03076F327852C4725F3F /* DummyFile.swift */ = {isa = PBXFileReference; includeInIndex = 1; lastKnownFileType = sourcecode.swift; path = DummyFile.swift; sourceTree = "<group>"; };
		C9A92789A85B10D9533D5575 /* Pods-SimpleFramework.debug.xcconfig */ = {isa = PBXFileReference; includeInIndex = 1; lastKnownFileType = text.xcconfig; name = "Pods-SimpleFramework.debug.xcconfig"; path = "Pods/Target Support Files/Pods-SimpleFramework/Pods-SimpleFramework.debug.xcconfig"; sourceTree = "<group>"; };
		F64AAAD25B1879F29511A6D6 /* DummyFile.swift */ = {isa = PBXFileReference; includeInIndex = 1; lastKnownFileType = sourcecode.swift; path = DummyFile.swift; sourceTree = "<group>"; };
/* End PBXFileReference section */

/* Begin PBXFrameworksBuildPhase section */
		AFD2BF3664E223922E321BFF /* Frameworks */ = {
			isa = PBXFrameworksBuildPhase;
			buildActionMask = 2147483647;
			files = (
				0A4FB6B60A325B992106D884 /* Foundation.framework in Frameworks */,
			);
			runOnlyForDeploymentPostprocessing = 0;
		};
		FC5CD8036EC7889F63B09C57 /* Frameworks */ = {
			isa = PBXFrameworksBuildPhase;
			buildActionMask = 2147483647;
			files = (
				AEF1ECEAF174E76209C21B51 /* Foundation.framework in Frameworks */,
				4482AB08080989DC457AB906 /* Pods_SimpleFramework.framework in Frameworks */,
			);
			runOnlyForDeploymentPostprocessing = 0;
		};
/* End PBXFrameworksBuildPhase section */

/* Begin PBXGroup section */
		069A048C2AC87813C2FE7963 /* $local */ = {
			isa = PBXGroup;
			children = (
			);
			name = "$local";
			sourceTree = "<group>";
		};
		115E4B9FDED03D2AAAF3E4A4 /* Products */ = {
			isa = PBXGroup;
			children = (
				5E67285BDD5F7FDC1AFED00C /* SimpleFramework.framework */,
				725C26D0C1B6BBE62BE45CFA /* SimpleFrameworkTests.xctest */,
			);
			name = Products;
			sourceTree = "<group>";
		};
		77AC42C4EE28AD53861EB30B /* Sources */ = {
			isa = PBXGroup;
			children = (
				FB9DA0003937D997D72B0733 /* SimpleFramework */,
				D4AFDFBC1EE4F76D70D958DA /* SimpleFrameworkTests */,
			);
			name = Sources;
			path = Sources;
			sourceTree = SOURCE_ROOT;
		};
		A4FF116590BE858D9FA1F5E0 /* Frameworks */ = {
			isa = PBXGroup;
			children = (
				069A048C2AC87813C2FE7963 /* $local */,
				FEC13D61C97AB8942F6243D1 /* iOS */,
				14EEB9D67FB0A5845B5E4457 /* Pods_SimpleFramework.framework */,
			);
			name = Frameworks;
			sourceTree = "<group>";
		};
		BA23607F10822495D42C268E = {
			isa = PBXGroup;
			children = (
				A4FF116590BE858D9FA1F5E0 /* Frameworks */,
				D3E35C7530EDAC72B4BF6548 /* Pods */,
				115E4B9FDED03D2AAAF3E4A4 /* Products */,
				77AC42C4EE28AD53861EB30B /* Sources */,
			);
			sourceTree = "<group>";
		};
		D3E35C7530EDAC72B4BF6548 /* Pods */ = {
			isa = PBXGroup;
			children = (
				C9A92789A85B10D9533D5575 /* Pods-SimpleFramework.debug.xcconfig */,
				6D80AD164E31951403CB4E0D /* Pods-SimpleFramework.release.xcconfig */,
			);
			name = Pods;
			sourceTree = "<group>";
		};
		D4AFDFBC1EE4F76D70D958DA /* SimpleFrameworkTests */ = {
			isa = PBXGroup;
			children = (
				865B03076F327852C4725F3F /* DummyFile.swift */,
			);
			name = SimpleFrameworkTests;
			path = SimpleFrameworkTests;
			sourceTree = "<group>";
		};
		FB9DA0003937D997D72B0733 /* SimpleFramework */ = {
			isa = PBXGroup;
			children = (
				F64AAAD25B1879F29511A6D6 /* DummyFile.swift */,
			);
			name = SimpleFramework;
			path = SimpleFramework;
			sourceTree = "<group>";
		};
		FEC13D61C97AB8942F6243D1 /* iOS */ = {
			isa = PBXGroup;
			children = (
				2055AB635136398B11072E4A /* Foundation.framework */,
			);
			name = iOS;
			sourceTree = "<group>";
		};
/* End PBXGroup section */

/* Begin PBXNativeTarget section */
		95655554493F6D54D0D6F811 /* SimpleFrameworkTests */ = {
			isa = PBXNativeTarget;
			buildConfigurationList = D8082C625AFB42E5A7E15DDC /* Build configuration list for PBXNativeTarget "SimpleFrameworkTests" */;
			buildPhases = (
				26786A004911D21CD806A624 /* SwiftLint */,
				29008AC024B398A6ECBBB3A2 /* Sources */,
				AFD2BF3664E223922E321BFF /* Frameworks */,
				14715278E4F96B6AF6E90D4A /* Embed Frameworks */,
			);
			buildRules = (
			);
			dependencies = (
				EEE3563CFD045E1B657FEDE3 /* PBXTargetDependency */,
			);
			name = SimpleFrameworkTests;
			productName = SimpleFrameworkTests;
			productReference = 725C26D0C1B6BBE62BE45CFA /* SimpleFrameworkTests.xctest */;
			productType = "com.apple.product-type.bundle.unit-test";
		};
		E1DEFBC16A6A247DB7B0CDA3 /* SimpleFramework */ = {
			isa = PBXNativeTarget;
			buildConfigurationList = 0C8B9941609B8BC6A50F91A7 /* Build configuration list for PBXNativeTarget "SimpleFramework" */;
			buildPhases = (
				44334DBD8E2229C322BEEA1F /* SwiftLint */,
				E57B2C70F377A77CE2B0F3C7 /* [CP] Check Pods Manifest.lock */,
				5CD7752EE4A1154635167A51 /* Sources */,
				FC5CD8036EC7889F63B09C57 /* Frameworks */,
				15CCF1F54628310D3EE87EA5 /* Embed Frameworks */,
			);
			buildRules = (
			);
			dependencies = (
			);
			name = SimpleFramework;
			productName = SimpleFramework;
			productReference = 5E67285BDD5F7FDC1AFED00C /* SimpleFramework.framework */;
			productType = "com.apple.product-type.framework";
		};
/* End PBXNativeTarget section */

/* Begin PBXProject section */
		E9210A7494F5C0723490A523 /* Project object */ = {
			isa = PBXProject;
			attributes = {
				LastSwiftUpdateCheck = 0830;
				LastUpgradeCheck = 0700;
				Struct.Version = 2.1.0;
			};
			buildConfigurationList = 5EB0AE69930EDC5A677B34F2 /* Build configuration list for PBXProject "SimpleFramework" */;
			compatibilityVersion = "Xcode 3.2";
			developmentRegion = English;
			hasScannedForEncodings = 0;
			knownRegions = (
				en,
			);
			mainGroup = BA23607F10822495D42C268E;
			productRefGroup = 115E4B9FDED03D2AAAF3E4A4 /* Products */;
			projectDirPath = "";
			projectRoot = "";
			targets = (
				E1DEFBC16A6A247DB7B0CDA3 /* SimpleFramework */,
				95655554493F6D54D0D6F811 /* SimpleFrameworkTests */,
			);
		};
/* End PBXProject section */

/* Begin PBXShellScriptBuildPhase section */
		26786A004911D21CD806A624 /* SwiftLint */ = {
			isa = PBXShellScriptBuildPhase;
			buildActionMask = 2147483647;
			files = (
			);
			inputPaths = (
			);
			name = SwiftLint;
			outputPaths = (
			);
			runOnlyForDeploymentPostprocessing = 0;
			shellPath = /bin/sh;
			shellScript = "if which swiftlint >/dev/null; then\n            swiftlint\n        else\n            echo \"warning: SwiftLint not installed, download from https://github.com/realm/SwiftLint\"\n        fi";
			showEnvVarsInLog = 1;
		};
		44334DBD8E2229C322BEEA1F /* SwiftLint */ = {
			isa = PBXShellScriptBuildPhase;
			buildActionMask = 2147483647;
			files = (
			);
			inputPaths = (
			);
			name = SwiftLint;
			outputPaths = (
			);
			runOnlyForDeploymentPostprocessing = 0;
			shellPath = /bin/sh;
			shellScript = "if which swiftlint >/dev/null; then\n            swiftlint\n        else\n            echo \"warning: SwiftLint not installed, download from https://github.com/realm/SwiftLint\"\n        fi";
			showEnvVarsInLog = 1;
		};
		E57B2C70F377A77CE2B0F3C7 /* [CP] Check Pods Manifest.lock */ = {
			isa = PBXShellScriptBuildPhase;
			buildActionMask = 2147483647;
			files = (
			);
			inputPaths = (
				"${PODS_PODFILE_DIR_PATH}/Podfile.lock",
				"${PODS_ROOT}/Manifest.lock",
			);
			name = "[CP] Check Pods Manifest.lock";
			outputPaths = (
				"$(DERIVED_FILE_DIR)/Pods-SimpleFramework-checkManifestLockResult.txt",
			);
			runOnlyForDeploymentPostprocessing = 0;
			shellPath = /bin/sh;
			shellScript = "diff \"${PODS_PODFILE_DIR_PATH}/Podfile.lock\" \"${PODS_ROOT}/Manifest.lock\" > /dev/null\nif [ $? != 0 ] ; then\n    # print error to STDERR\n    echo \"error: The sandbox is not in sync with the Podfile.lock. Run 'pod install' or update your CocoaPods installation.\" >&2\n    exit 1\nfi\n# This output is used by Xcode 'outputs' to avoid re-running this script phase.\necho \"SUCCESS\" > \"${SCRIPT_OUTPUT_FILE_0}\"\n";
			showEnvVarsInLog = 0;
		};
/* End PBXShellScriptBuildPhase section */

/* Begin PBXSourcesBuildPhase section */
		29008AC024B398A6ECBBB3A2 /* Sources */ = {
			isa = PBXSourcesBuildPhase;
			buildActionMask = 2147483647;
			files = (
				7AF1C54AD63C208BD70B7CFB /* DummyFile.swift in Sources */,
			);
			runOnlyForDeploymentPostprocessing = 0;
		};
		5CD7752EE4A1154635167A51 /* Sources */ = {
			isa = PBXSourcesBuildPhase;
			buildActionMask = 2147483647;
			files = (
				049DC7E848EFB1A9A6897DEC /* DummyFile.swift in Sources */,
			);
			runOnlyForDeploymentPostprocessing = 0;
		};
/* End PBXSourcesBuildPhase section */

/* Begin PBXTargetDependency section */
		EEE3563CFD045E1B657FEDE3 /* PBXTargetDependency */ = {
			isa = PBXTargetDependency;
			name = SimpleFramework;
			target = E1DEFBC16A6A247DB7B0CDA3 /* SimpleFramework */;
			targetProxy = B83BA70B1A3A74B9E191FD9A /* PBXContainerItemProxy */;
		};
/* End PBXTargetDependency section */

/* Begin XCBuildConfiguration section */
		05C950C7B1B4BBA1F64AB0BB /* Release */ = {
			isa = XCBuildConfiguration;
			buildSettings = {
				ALWAYS_EMBED_SWIFT_STANDARD_LIBRARIES = YES;
				BUNDLE_LOADER = "$(TEST_HOST)";
				FRAMEWORK_SEARCH_PATHS = (
					"$(inherited)",
					"$(BUILT_PRODUCTS_DIR)",
				);
				INFOPLIST_FILE = Info/SimpleFrameworkTests.plist;
				IPHONEOS_DEPLOYMENT_TARGET = 9.0;
				LD_RUNPATH_SEARCH_PATHS = "$(inherited) @executable_path/Frameworks @loader_path/Frameworks";
				PRODUCT_BUNDLE_IDENTIFIER = com.SomeCoolCompany.SimpleFrameworkTests;
				PRODUCT_NAME = "$(TARGET_NAME)";
				SDKROOT = iphoneos;
				SWIFT_VERSION = "$(inherited)";
			};
			name = Release;
		};
		1EDF09C6AE8684C7B1EABEBD /* Release */ = {
			isa = XCBuildConfiguration;
			buildSettings = {
				ALWAYS_SEARCH_USER_PATHS = NO;
				CLANG_ANALYZER_NONNULL = YES;
				CLANG_CXX_LANGUAGE_STANDARD = "gnu++0x";
				CLANG_CXX_LIBRARY = "libc++";
				CLANG_ENABLE_MODULES = YES;
				CLANG_ENABLE_OBJC_ARC = YES;
				CLANG_WARN_BOOL_CONVERSION = YES;
				CLANG_WARN_CONSTANT_CONVERSION = YES;
				CLANG_WARN_DIRECT_OBJC_ISA_USAGE = YES_ERROR;
				CLANG_WARN_DOCUMENTATION_COMMENTS = YES;
				CLANG_WARN_EMPTY_BODY = YES;
				CLANG_WARN_ENUM_CONVERSION = YES;
				CLANG_WARN_INFINITE_RECURSION = YES;
				CLANG_WARN_INT_CONVERSION = YES;
				CLANG_WARN_OBJC_ROOT_CLASS = YES_ERROR;
				CLANG_WARN_SUSPICIOUS_MOVE = YES;
				CLANG_WARN_SUSPICIOUS_MOVES = YES;
				CLANG_WARN_UNREACHABLE_CODE = YES;
				CLANG_WARN__DUPLICATE_METHOD_MATCH = YES;
				CODE_SIGN_IDENTITY = "-";
				"CODE_SIGN_IDENTITY[sdk=iphoneos*]" = "iPhone Developer";
				COPY_PHASE_STRIP = NO;
				DEBUG_INFORMATION_FORMAT = "dwarf-with-dsym";
				ENABLE_NS_ASSERTIONS = NO;
				ENABLE_STRICT_OBJC_MSGSEND = YES;
				GCC_C_LANGUAGE_STANDARD = gnu99;
				GCC_NO_COMMON_BLOCKS = YES;
				GCC_WARN_64_TO_32_BIT_CONVERSION = YES;
				GCC_WARN_ABOUT_RETURN_TYPE = YES_ERROR;
				GCC_WARN_UNDECLARED_SELECTOR = YES;
				GCC_WARN_UNINITIALIZED_AUTOS = YES_AGGRESSIVE;
				GCC_WARN_UNUSED_FUNCTION = YES;
				GCC_WARN_UNUSED_VARIABLE = YES;
				IPHONEOS_DEPLOYMENT_TARGET = 9.0;
				MTL_ENABLE_DEBUG_INFO = NO;
				SWIFT_OPTIMIZATION_LEVEL = "-Owholemodule";
				SWIFT_VERSION = 4.2;
				VALIDATE_PRODUCT = YES;
				VERSIONING_SYSTEM = "apple-generic";
			};
			name = Release;
		};
		3F835C375EB06E1EDF27D3F9 /* Debug */ = {
			isa = XCBuildConfiguration;
			buildSettings = {
				ALWAYS_EMBED_SWIFT_STANDARD_LIBRARIES = YES;
				BUNDLE_LOADER = "$(TEST_HOST)";
				FRAMEWORK_SEARCH_PATHS = (
					"$(inherited)",
					"$(BUILT_PRODUCTS_DIR)",
				);
				INFOPLIST_FILE = Info/SimpleFrameworkTests.plist;
				IPHONEOS_DEPLOYMENT_TARGET = 9.0;
				LD_RUNPATH_SEARCH_PATHS = "$(inherited) @executable_path/Frameworks @loader_path/Frameworks";
				MTL_ENABLE_DEBUG_INFO = true;
				PRODUCT_BUNDLE_IDENTIFIER = com.SomeCoolCompany.SimpleFrameworkTests;
				PRODUCT_NAME = "$(TARGET_NAME)";
				SDKROOT = iphoneos;
				SWIFT_VERSION = "$(inherited)";
			};
			name = Debug;
		};
		A2B48DD4B440121D4976928B /* Debug */ = {
			isa = XCBuildConfiguration;
			baseConfigurationReference = C9A92789A85B10D9533D5575 /* Pods-SimpleFramework.debug.xcconfig */;
			buildSettings = {
				ALWAYS_EMBED_SWIFT_STANDARD_LIBRARIES = YES;
				CURRENT_PROJECT_VERSION = 0;
				DEFINES_MODULE = NO;
				ENABLE_TESTABILITY = YES;
				INFOPLIST_FILE = Info/SimpleFramework.plist;
				INSTALL_PATH = "$(LOCAL_LIBRARY_DIR)/Frameworks";
				IPHONEOS_DEPLOYMENT_TARGET = 9.0;
				LD_RUNPATH_SEARCH_PATHS = "$(inherited) @executable_path/Frameworks";
				MTL_ENABLE_DEBUG_INFO = true;
				PRODUCT_BUNDLE_IDENTIFIER = com.SomeCoolCompany.SimpleFramework;
				PRODUCT_NAME = SimpleFramework;
				SDKROOT = iphoneos;
				SKIP_INSTALL = YES;
				SWIFT_VERSION = "$(inherited)";
				TARGETED_DEVICE_FAMILY = "1,2";
				VERSIONING_SYSTEM = "apple-generic";
				VERSION_INFO_PREFIX = "";
			};
			name = Debug;
		};
		A6250606E385F372A99F5B6C /* Debug */ = {
			isa = XCBuildConfiguration;
			buildSettings = {
				ALWAYS_SEARCH_USER_PATHS = NO;
				CLANG_ANALYZER_NONNULL = YES;
				CLANG_CXX_LANGUAGE_STANDARD = "gnu++0x";
				CLANG_CXX_LIBRARY = "libc++";
				CLANG_ENABLE_MODULES = YES;
				CLANG_ENABLE_OBJC_ARC = YES;
				CLANG_WARN_BOOL_CONVERSION = YES;
				CLANG_WARN_CONSTANT_CONVERSION = YES;
				CLANG_WARN_DIRECT_OBJC_ISA_USAGE = YES_ERROR;
				CLANG_WARN_DOCUMENTATION_COMMENTS = YES;
				CLANG_WARN_EMPTY_BODY = YES;
				CLANG_WARN_ENUM_CONVERSION = YES;
				CLANG_WARN_INFINITE_RECURSION = YES;
				CLANG_WARN_INT_CONVERSION = YES;
				CLANG_WARN_OBJC_ROOT_CLASS = YES_ERROR;
				CLANG_WARN_SUSPICIOUS_MOVE = YES;
				CLANG_WARN_SUSPICIOUS_MOVES = YES;
				CLANG_WARN_UNREACHABLE_CODE = YES;
				CLANG_WARN__DUPLICATE_METHOD_MATCH = YES;
				CODE_SIGN_IDENTITY = "-";
				"CODE_SIGN_IDENTITY[sdk=iphoneos*]" = "iPhone Developer";
				COPY_PHASE_STRIP = NO;
				DEBUG_INFORMATION_FORMAT = dwarf;
				ENABLE_STRICT_OBJC_MSGSEND = YES;
				ENABLE_TESTABILITY = YES;
				GCC_C_LANGUAGE_STANDARD = gnu99;
				GCC_DYNAMIC_NO_PIC = NO;
				GCC_NO_COMMON_BLOCKS = YES;
				GCC_OPTIMIZATION_LEVEL = 0;
				GCC_PREPROCESSOR_DEFINITIONS = (
					"DEBUG=1",
					"$(inherited)",
				);
				GCC_WARN_64_TO_32_BIT_CONVERSION = YES;
				GCC_WARN_ABOUT_RETURN_TYPE = YES_ERROR;
				GCC_WARN_UNDECLARED_SELECTOR = YES;
				GCC_WARN_UNINITIALIZED_AUTOS = YES_AGGRESSIVE;
				GCC_WARN_UNUSED_FUNCTION = YES;
				GCC_WARN_UNUSED_VARIABLE = YES;
				IPHONEOS_DEPLOYMENT_TARGET = 9.0;
				MTL_ENABLE_DEBUG_INFO = YES;
				ONLY_ACTIVE_ARCH = YES;
				SWIFT_ACTIVE_COMPILATION_CONDITIONS = DEBUG;
				SWIFT_OPTIMIZATION_LEVEL = "-Onone";
				SWIFT_VERSION = 4.2;
				VERSIONING_SYSTEM = "apple-generic";
			};
			name = Debug;
		};
		B3A0AE76942342017AED9E9B /* Release */ = {
			isa = XCBuildConfiguration;
			baseConfigurationReference = 6D80AD164E31951403CB4E0D /* Pods-SimpleFramework.release.xcconfig */;
			buildSettings = {
				ALWAYS_EMBED_SWIFT_STANDARD_LIBRARIES = YES;
				CURRENT_PROJECT_VERSION = 0;
				DEFINES_MODULE = NO;
				ENABLE_TESTABILITY = YES;
				INFOPLIST_FILE = Info/SimpleFramework.plist;
				INSTALL_PATH = "$(LOCAL_LIBRARY_DIR)/Frameworks";
				IPHONEOS_DEPLOYMENT_TARGET = 9.0;
				LD_RUNPATH_SEARCH_PATHS = "$(inherited) @executable_path/Frameworks";
				PRODUCT_BUNDLE_IDENTIFIER = com.SomeCoolCompany.SimpleFramework;
				PRODUCT_NAME = SimpleFramework;
				SDKROOT = iphoneos;
				SKIP_INSTALL = YES;
				SWIFT_VERSION = "$(inherited)";
				TARGETED_DEVICE_FAMILY = "1,2";
				VERSIONING_SYSTEM = "apple-generic";
				VERSION_INFO_PREFIX = "";
			};
			name = Release;
		};
/* End XCBuildConfiguration section */

/* Begin XCConfigurationList section */
		0C8B9941609B8BC6A50F91A7 /* Build configuration list for PBXNativeTarget "SimpleFramework" */ = {
			isa = XCConfigurationList;
			buildConfigurations = (
				A2B48DD4B440121D4976928B /* Debug */,
				B3A0AE76942342017AED9E9B /* Release */,
			);
			defaultConfigurationIsVisible = 0;
			defaultConfigurationName = Release;
		};
		5EB0AE69930EDC5A677B34F2 /* Build configuration list for PBXProject "SimpleFramework" */ = {
			isa = XCConfigurationList;
			buildConfigurations = (
				A6250606E385F372A99F5B6C /* Debug */,
				1EDF09C6AE8684C7B1EABEBD /* Release */,
			);
			defaultConfigurationIsVisible = 0;
			defaultConfigurationName = Debug;
		};
		D8082C625AFB42E5A7E15DDC /* Build configuration list for PBXNativeTarget "SimpleFrameworkTests" */ = {
			isa = XCConfigurationList;
			buildConfigurations = (
				3F835C375EB06E1EDF27D3F9 /* Debug */,
				05C950C7B1B4BBA1F64AB0BB /* Release */,
			);
			defaultConfigurationIsVisible = 0;
			defaultConfigurationName = Release;
		};
/* End XCConfigurationList section */
	};
	rootObject = E9210A7494F5C0723490A523 /* Project object */;
}
