// !$*UTF8*$!
{
	archiveVersion = 1;
	classes = {
	};
	objectVersion = 50;
	objects = {

/* Begin PBXBuildFile section */
		9403C25F21303A270019995A /* ReadMe.swift in Sources */ = {isa = PBXBuildFile; fileRef = 9403C25E21303A270019995A /* ReadMe.swift */; };
		9403C261213043CA0019995A /* Shields.swift in Sources */ = {isa = PBXBuildFile; fileRef = 9403C260213043CA0019995A /* Shields.swift */; };
		9403C2642130729E0019995A /* Markdown.swift in Sources */ = {isa = PBXBuildFile; fileRef = 9403C2632130729E0019995A /* Markdown.swift */; };
		9403C266213092660019995A /* ExternalFile.swift in Sources */ = {isa = PBXBuildFile; fileRef = 9403C265213092660019995A /* ExternalFile.swift */; };
		940F10112124A26F00554520 /* Dictionary+Helpers.swift in Sources */ = {isa = PBXBuildFile; fileRef = 940F10102124A26F00554520 /* Dictionary+Helpers.swift */; };
		940F10172124BA2100554520 /* Xcode_BuildSettings.swift in Sources */ = {isa = PBXBuildFile; fileRef = 940F10162124BA2100554520 /* Xcode_BuildSettings.swift */; };
		940F10192124BAA200554520 /* Xcode_Project_BuildSettings.swift in Sources */ = {isa = PBXBuildFile; fileRef = 940F10182124BAA200554520 /* Xcode_Project_BuildSettings.swift */; };
		94116DA9211BB9C0001EF7F9 /* Bundler_Gemfile.swift in Sources */ = {isa = PBXBuildFile; fileRef = 94116DA8211BB9C0001EF7F9 /* Bundler_Gemfile.swift */; };
		9417FE0921288B9000DE18DA /* IndentedTextBuffer.swift in Sources */ = {isa = PBXBuildFile; fileRef = 9417FE0821288B9000DE18DA /* IndentedTextBuffer.swift */; };
		9417FE0F2128D56600DE18DA /* TextFileSection.swift in Sources */ = {isa = PBXBuildFile; fileRef = 9417FE0E2128D56600DE18DA /* TextFileSection.swift */; };
		941CFFC8211520D700326181 /* XCERepoConfigurator.framework in Frameworks */ = {isa = PBXBuildFile; fileRef = 941CFFBE211520D700326181 /* XCERepoConfigurator.framework */; };
		941CFFDE2115221000326181 /* RepoConfiguratorTests.swift in Sources */ = {isa = PBXBuildFile; fileRef = 941CFFDA2115220600326181 /* RepoConfiguratorTests.swift */; };
		941CFFDF2115222100326181 /* RepoConfigurator.h in Headers */ = {isa = PBXBuildFile; fileRef = 941CFFDC2115220600326181 /* RepoConfigurator.h */; settings = {ATTRIBUTES = (Public, ); }; };
		941CFFE02115222B00326181 /* Versions.swift in Sources */ = {isa = PBXBuildFile; fileRef = 941CFFDD2115220600326181 /* Versions.swift */; };
		941CFFE82115897100326181 /* License_MIT.swift in Sources */ = {isa = PBXBuildFile; fileRef = 941CFFE72115897100326181 /* License_MIT.swift */; };
		941CFFEA2115898E00326181 /* License.swift in Sources */ = {isa = PBXBuildFile; fileRef = 941CFFE92115898E00326181 /* License.swift */; };
		941CFFF4211591E900326181 /* TextFile.swift in Sources */ = {isa = PBXBuildFile; fileRef = 941CFFF3211591E900326181 /* TextFile.swift */; };
		941CFFFB2115A78C00326181 /* Git.swift in Sources */ = {isa = PBXBuildFile; fileRef = 941CFFFA2115A78C00326181 /* Git.swift */; };
		941CFFFD2115A7A000326181 /* Git_RepoIgnore.swift in Sources */ = {isa = PBXBuildFile; fileRef = 941CFFFC2115A7A000326181 /* Git_RepoIgnore.swift */; };
		941CFFFF211609BC00326181 /* Xcode_Target_InfoPlist.swift in Sources */ = {isa = PBXBuildFile; fileRef = 941CFFFE211609BC00326181 /* Xcode_Target_InfoPlist.swift */; };
		94212AE22129F1C70023BEC0 /* Xcode_Target_BuildSettings.swift in Sources */ = {isa = PBXBuildFile; fileRef = 94212AE12129F1C70023BEC0 /* Xcode_Target_BuildSettings.swift */; };
		94212AE4212AFA160023BEC0 /* Struct.swift in Sources */ = {isa = PBXBuildFile; fileRef = 94212AE3212AFA160023BEC0 /* Struct.swift */; };
		94212AE6212B02B60023BEC0 /* Struct_Spec.swift in Sources */ = {isa = PBXBuildFile; fileRef = 94212AE5212B02B60023BEC0 /* Struct_Spec.swift */; };
		9424572F211AF7E900A05876 /* SwiftLint.swift in Sources */ = {isa = PBXBuildFile; fileRef = 9424572E211AF7E900A05876 /* SwiftLint.swift */; };
		94245732211B025C00A05876 /* CocoaPods.swift in Sources */ = {isa = PBXBuildFile; fileRef = 94245731211B025C00A05876 /* CocoaPods.swift */; };
		94245734211B034400A05876 /* CocoaPods_Podfile.swift in Sources */ = {isa = PBXBuildFile; fileRef = 94245733211B034400A05876 /* CocoaPods_Podfile.swift */; };
		94245736211B3EE200A05876 /* CocoaPods_Podspec.swift in Sources */ = {isa = PBXBuildFile; fileRef = 94245735211B3EE200A05876 /* CocoaPods_Podspec.swift */; };
		9424573A211B8FE400A05876 /* RawTextFile.swift in Sources */ = {isa = PBXBuildFile; fileRef = 94245739211B8FE400A05876 /* RawTextFile.swift */; };
		9424573C211B9EE500A05876 /* Defaults.swift in Sources */ = {isa = PBXBuildFile; fileRef = 9424573B211B9EE500A05876 /* Defaults.swift */; };
		9424AB092117542200262B79 /* Indentation.swift in Sources */ = {isa = PBXBuildFile; fileRef = 9424AB082117542200262B79 /* Indentation.swift */; };
		9424AB0B2117549500262B79 /* KeyValuePair.swift in Sources */ = {isa = PBXBuildFile; fileRef = 9424AB0A2117549500262B79 /* KeyValuePair.swift */; };
		9424AB0D211754B200262B79 /* DeviceFamily.swift in Sources */ = {isa = PBXBuildFile; fileRef = 9424AB0C211754B200262B79 /* DeviceFamily.swift */; };
		9424AB0F211754C100262B79 /* DeploymentTarget.swift in Sources */ = {isa = PBXBuildFile; fileRef = 9424AB0E211754C100262B79 /* DeploymentTarget.swift */; };
		9424AB11211754FE00262B79 /* OSIdentifier.swift in Sources */ = {isa = PBXBuildFile; fileRef = 9424AB10211754FE00262B79 /* OSIdentifier.swift */; };
		9424AB132117552100262B79 /* PathPrefix.swift in Sources */ = {isa = PBXBuildFile; fileRef = 9424AB122117552100262B79 /* PathPrefix.swift */; };
		94511D872121D21400AB4CD0 /* CustomTextFile.swift in Sources */ = {isa = PBXBuildFile; fileRef = 94511D862121D21400AB4CD0 /* CustomTextFile.swift */; };
		94511D892122020800AB4CD0 /* Operators.swift in Sources */ = {isa = PBXBuildFile; fileRef = 94511D882122020800AB4CD0 /* Operators.swift */; };
		9459C779211C5F800041C38B /* YesNoStringLiteralsForXcode.swift in Sources */ = {isa = PBXBuildFile; fileRef = 9459C778211C5F800041C38B /* YesNoStringLiteralsForXcode.swift */; };
		946CFA0A211DE6DF00E756CD /* GitHub.swift in Sources */ = {isa = PBXBuildFile; fileRef = 946CFA09211DE6DF00E756CD /* GitHub.swift */; };
		946CFA0C211DE70300E756CD /* GitHub_Pages.swift in Sources */ = {isa = PBXBuildFile; fileRef = 946CFA0B211DE70300E756CD /* GitHub_Pages.swift */; };
		946CFA18211F816B00E756CD /* Array+TextFilePiece.swift in Sources */ = {isa = PBXBuildFile; fileRef = 946CFA17211F816B00E756CD /* Array+TextFilePiece.swift */; };
		946CFA1E2120AC7D00E756CD /* Array+String.swift in Sources */ = {isa = PBXBuildFile; fileRef = 946CFA1D2120AC7D00E756CD /* Array+String.swift */; };
		9485ACF321317D9A00AF768B /* Xcode_Scheme.swift in Sources */ = {isa = PBXBuildFile; fileRef = 9485ACF221317D9A00AF768B /* Xcode_Scheme.swift */; };
		9486B6152131E76700C26546 /* Struct_Spec_PostGenerateScript.swift in Sources */ = {isa = PBXBuildFile; fileRef = 9486B6142131E76700C26546 /* Struct_Spec_PostGenerateScript.swift */; };
		9486B6172131F4B300C26546 /* Struct_Spec_PreGenerateScript.swift in Sources */ = {isa = PBXBuildFile; fileRef = 9486B6162131F4B300C26546 /* Struct_Spec_PreGenerateScript.swift */; };
		948EB3202120F500000D91D0 /* Bool+Helper.swift in Sources */ = {isa = PBXBuildFile; fileRef = 948EB31F2120F500000D91D0 /* Bool+Helper.swift */; };
		9492E3422125C0B2003558B6 /* Xcode_Target_Variant.swift in Sources */ = {isa = PBXBuildFile; fileRef = 9492E3412125C0B2003558B6 /* Xcode_Target_Variant.swift */; };
		9492E34621262E23003558B6 /* Xcode_Target.swift in Sources */ = {isa = PBXBuildFile; fileRef = 9492E34521262E23003558B6 /* Xcode_Target.swift */; };
		94C4F9CB211665ED00CFB1DC /* Fastlane.swift in Sources */ = {isa = PBXBuildFile; fileRef = 94C4F9CA211665ED00CFB1DC /* Fastlane.swift */; };
		94C4F9CD2116660900CFB1DC /* Fastlane_Fastfile.swift in Sources */ = {isa = PBXBuildFile; fileRef = 94C4F9CC2116660900CFB1DC /* Fastlane_Fastfile.swift */; };
		94C9D87A212CC333000CCADB /* .swiftlint.yml in Resources */ = {isa = PBXBuildFile; fileRef = 94C9D879212CC333000CCADB /* .swiftlint.yml */; };
		94C9D8B6212E1551000CCADB /* OSKind.swift in Sources */ = {isa = PBXBuildFile; fileRef = 94C9D8B5212E1551000CCADB /* OSKind.swift */; };
		94C9D8B8212E248D000CCADB /* Xcode_Target_Types.swift in Sources */ = {isa = PBXBuildFile; fileRef = 94C9D8B7212E248D000CCADB /* Xcode_Target_Types.swift */; };
		94C9D8C1212F38E1000CCADB /* WidelyUsedLicense.swift in Sources */ = {isa = PBXBuildFile; fileRef = 94C9D8C0212F38E1000CCADB /* WidelyUsedLicense.swift */; };
		94C9D8C3212F432D000CCADB /* LicenseTextFile.swift in Sources */ = {isa = PBXBuildFile; fileRef = 94C9D8C2212F432D000CCADB /* LicenseTextFile.swift */; };
		94CB9FC12116535300641D6E /* Xcode_Project.swift in Sources */ = {isa = PBXBuildFile; fileRef = 94CB9FBB2116535200641D6E /* Xcode_Project.swift */; };
		94CB9FC22116535300641D6E /* Xcode_Project_Variant.swift in Sources */ = {isa = PBXBuildFile; fileRef = 94CB9FBC2116535300641D6E /* Xcode_Project_Variant.swift */; };
		94CB9FCB2116536600641D6E /* Xcode_Scripts.swift in Sources */ = {isa = PBXBuildFile; fileRef = 94CB9FC62116536500641D6E /* Xcode_Scripts.swift */; };
		94CB9FCC2116536600641D6E /* Xcode_Dependencies.swift in Sources */ = {isa = PBXBuildFile; fileRef = 94CB9FC72116536500641D6E /* Xcode_Dependencies.swift */; };
		94CB9FCE2116536600641D6E /* Xcode_Target_Core.swift in Sources */ = {isa = PBXBuildFile; fileRef = 94CB9FC92116536600641D6E /* Xcode_Target_Core.swift */; };
		94DECE4E21188B4B0026F148 /* String+TextFilePiece.swift in Sources */ = {isa = PBXBuildFile; fileRef = 94DECE4D21188B4B0026F148 /* String+TextFilePiece.swift */; };
		94DECE502118C10E0026F148 /* Xcode.swift in Sources */ = {isa = PBXBuildFile; fileRef = 94DECE4F2118C10E0026F148 /* Xcode.swift */; };
		94DECE522118C99F0026F148 /* IndentedText.swift in Sources */ = {isa = PBXBuildFile; fileRef = 94DECE512118C99F0026F148 /* IndentedText.swift */; };
		94E322C121242AF800343B0B /* Bundler.swift in Sources */ = {isa = PBXBuildFile; fileRef = 94E322C021242AF800343B0B /* Bundler.swift */; };
		94F1D8DE2125A3DE0051AD3D /* String+Helpers.swift in Sources */ = {isa = PBXBuildFile; fileRef = 94F1D8DD2125A3DE0051AD3D /* String+Helpers.swift */; };
/* End PBXBuildFile section */

/* Begin PBXContainerItemProxy section */
		941CFFC9211520D700326181 /* PBXContainerItemProxy */ = {
			isa = PBXContainerItemProxy;
			containerPortal = 941CFFB5211520D700326181 /* Project object */;
			proxyType = 1;
			remoteGlobalIDString = 941CFFBD211520D700326181;
			remoteInfo = RepoConfigurator;
		};
/* End PBXContainerItemProxy section */

/* Begin PBXFileReference section */
		4E1F4DEB6F7DBC42C29FF945 /* Pods_RepoConfigurator.framework */ = {isa = PBXFileReference; explicitFileType = wrapper.framework; includeInIndex = 0; path = Pods_RepoConfigurator.framework; sourceTree = BUILT_PRODUCTS_DIR; };
		9403C25E21303A270019995A /* ReadMe.swift */ = {isa = PBXFileReference; lastKnownFileType = sourcecode.swift; path = ReadMe.swift; sourceTree = "<group>"; };
		9403C260213043CA0019995A /* Shields.swift */ = {isa = PBXFileReference; lastKnownFileType = sourcecode.swift; path = Shields.swift; sourceTree = "<group>"; };
		9403C2632130729E0019995A /* Markdown.swift */ = {isa = PBXFileReference; lastKnownFileType = sourcecode.swift; path = Markdown.swift; sourceTree = "<group>"; };
		9403C265213092660019995A /* ExternalFile.swift */ = {isa = PBXFileReference; lastKnownFileType = sourcecode.swift; path = ExternalFile.swift; sourceTree = "<group>"; };
		940F10102124A26F00554520 /* Dictionary+Helpers.swift */ = {isa = PBXFileReference; lastKnownFileType = sourcecode.swift; path = "Dictionary+Helpers.swift"; sourceTree = "<group>"; };
		940F10162124BA2100554520 /* Xcode_BuildSettings.swift */ = {isa = PBXFileReference; lastKnownFileType = sourcecode.swift; path = Xcode_BuildSettings.swift; sourceTree = "<group>"; };
		940F10182124BAA200554520 /* Xcode_Project_BuildSettings.swift */ = {isa = PBXFileReference; lastKnownFileType = sourcecode.swift; path = Xcode_Project_BuildSettings.swift; sourceTree = "<group>"; };
		94116DA8211BB9C0001EF7F9 /* Bundler_Gemfile.swift */ = {isa = PBXFileReference; lastKnownFileType = sourcecode.swift; path = Bundler_Gemfile.swift; sourceTree = "<group>"; };
		9417FE0821288B9000DE18DA /* IndentedTextBuffer.swift */ = {isa = PBXFileReference; lastKnownFileType = sourcecode.swift; path = IndentedTextBuffer.swift; sourceTree = "<group>"; };
		9417FE0E2128D56600DE18DA /* TextFileSection.swift */ = {isa = PBXFileReference; lastKnownFileType = sourcecode.swift; path = TextFileSection.swift; sourceTree = "<group>"; };
		941CFFBE211520D700326181 /* XCERepoConfigurator.framework */ = {isa = PBXFileReference; explicitFileType = wrapper.framework; includeInIndex = 0; path = XCERepoConfigurator.framework; sourceTree = BUILT_PRODUCTS_DIR; };
		941CFFC7211520D700326181 /* RepoConfiguratorTests.xctest */ = {isa = PBXFileReference; explicitFileType = wrapper.cfbundle; includeInIndex = 0; path = RepoConfiguratorTests.xctest; sourceTree = BUILT_PRODUCTS_DIR; };
		941CFFDA2115220600326181 /* RepoConfiguratorTests.swift */ = {isa = PBXFileReference; lastKnownFileType = sourcecode.swift; path = RepoConfiguratorTests.swift; sourceTree = "<group>"; };
		941CFFDC2115220600326181 /* RepoConfigurator.h */ = {isa = PBXFileReference; lastKnownFileType = sourcecode.c.h; path = RepoConfigurator.h; sourceTree = "<group>"; };
		941CFFDD2115220600326181 /* Versions.swift */ = {isa = PBXFileReference; lastKnownFileType = sourcecode.swift; path = Versions.swift; sourceTree = "<group>"; };
		941CFFE72115897100326181 /* License_MIT.swift */ = {isa = PBXFileReference; lastKnownFileType = sourcecode.swift; path = License_MIT.swift; sourceTree = "<group>"; };
		941CFFE92115898E00326181 /* License.swift */ = {isa = PBXFileReference; lastKnownFileType = sourcecode.swift; path = License.swift; sourceTree = "<group>"; };
		941CFFF3211591E900326181 /* TextFile.swift */ = {isa = PBXFileReference; lastKnownFileType = sourcecode.swift; path = TextFile.swift; sourceTree = "<group>"; };
		941CFFFA2115A78C00326181 /* Git.swift */ = {isa = PBXFileReference; lastKnownFileType = sourcecode.swift; path = Git.swift; sourceTree = "<group>"; };
		941CFFFC2115A7A000326181 /* Git_RepoIgnore.swift */ = {isa = PBXFileReference; lastKnownFileType = sourcecode.swift; path = Git_RepoIgnore.swift; sourceTree = "<group>"; };
		941CFFFE211609BC00326181 /* Xcode_Target_InfoPlist.swift */ = {isa = PBXFileReference; lastKnownFileType = sourcecode.swift; path = Xcode_Target_InfoPlist.swift; sourceTree = "<group>"; };
		94212AE12129F1C70023BEC0 /* Xcode_Target_BuildSettings.swift */ = {isa = PBXFileReference; lastKnownFileType = sourcecode.swift; path = Xcode_Target_BuildSettings.swift; sourceTree = "<group>"; };
		94212AE3212AFA160023BEC0 /* Struct.swift */ = {isa = PBXFileReference; lastKnownFileType = sourcecode.swift; path = Struct.swift; sourceTree = "<group>"; };
		94212AE5212B02B60023BEC0 /* Struct_Spec.swift */ = {isa = PBXFileReference; lastKnownFileType = sourcecode.swift; path = Struct_Spec.swift; sourceTree = "<group>"; };
		9424572E211AF7E900A05876 /* SwiftLint.swift */ = {isa = PBXFileReference; lastKnownFileType = sourcecode.swift; path = SwiftLint.swift; sourceTree = "<group>"; };
		94245731211B025C00A05876 /* CocoaPods.swift */ = {isa = PBXFileReference; lastKnownFileType = sourcecode.swift; path = CocoaPods.swift; sourceTree = "<group>"; };
		94245733211B034400A05876 /* CocoaPods_Podfile.swift */ = {isa = PBXFileReference; lastKnownFileType = sourcecode.swift; path = CocoaPods_Podfile.swift; sourceTree = "<group>"; };
		94245735211B3EE200A05876 /* CocoaPods_Podspec.swift */ = {isa = PBXFileReference; lastKnownFileType = sourcecode.swift; path = CocoaPods_Podspec.swift; sourceTree = "<group>"; };
		94245739211B8FE400A05876 /* RawTextFile.swift */ = {isa = PBXFileReference; lastKnownFileType = sourcecode.swift; path = RawTextFile.swift; sourceTree = "<group>"; };
		9424573B211B9EE500A05876 /* Defaults.swift */ = {isa = PBXFileReference; lastKnownFileType = sourcecode.swift; path = Defaults.swift; sourceTree = "<group>"; };
		9424AB082117542200262B79 /* Indentation.swift */ = {isa = PBXFileReference; lastKnownFileType = sourcecode.swift; path = Indentation.swift; sourceTree = "<group>"; };
		9424AB0A2117549500262B79 /* KeyValuePair.swift */ = {isa = PBXFileReference; lastKnownFileType = sourcecode.swift; path = KeyValuePair.swift; sourceTree = "<group>"; };
		9424AB0C211754B200262B79 /* DeviceFamily.swift */ = {isa = PBXFileReference; lastKnownFileType = sourcecode.swift; path = DeviceFamily.swift; sourceTree = "<group>"; };
		9424AB0E211754C100262B79 /* DeploymentTarget.swift */ = {isa = PBXFileReference; lastKnownFileType = sourcecode.swift; path = DeploymentTarget.swift; sourceTree = "<group>"; };
		9424AB10211754FE00262B79 /* OSIdentifier.swift */ = {isa = PBXFileReference; lastKnownFileType = sourcecode.swift; path = OSIdentifier.swift; sourceTree = "<group>"; };
		9424AB122117552100262B79 /* PathPrefix.swift */ = {isa = PBXFileReference; lastKnownFileType = sourcecode.swift; path = PathPrefix.swift; sourceTree = "<group>"; };
		94511D862121D21400AB4CD0 /* CustomTextFile.swift */ = {isa = PBXFileReference; fileEncoding = 4; lastKnownFileType = sourcecode.swift; path = CustomTextFile.swift; sourceTree = "<group>"; };
		94511D882122020800AB4CD0 /* Operators.swift */ = {isa = PBXFileReference; lastKnownFileType = sourcecode.swift; path = Operators.swift; sourceTree = "<group>"; };
		9459C778211C5F800041C38B /* YesNoStringLiteralsForXcode.swift */ = {isa = PBXFileReference; lastKnownFileType = sourcecode.swift; path = YesNoStringLiteralsForXcode.swift; sourceTree = "<group>"; };
		946CFA09211DE6DF00E756CD /* GitHub.swift */ = {isa = PBXFileReference; lastKnownFileType = sourcecode.swift; path = GitHub.swift; sourceTree = "<group>"; };
		946CFA0B211DE70300E756CD /* GitHub_Pages.swift */ = {isa = PBXFileReference; lastKnownFileType = sourcecode.swift; path = GitHub_Pages.swift; sourceTree = "<group>"; };
		946CFA17211F816B00E756CD /* Array+TextFilePiece.swift */ = {isa = PBXFileReference; lastKnownFileType = sourcecode.swift; path = "Array+TextFilePiece.swift"; sourceTree = "<group>"; };
		946CFA1D2120AC7D00E756CD /* Array+String.swift */ = {isa = PBXFileReference; lastKnownFileType = sourcecode.swift; path = "Array+String.swift"; sourceTree = "<group>"; };
		9485ACF221317D9A00AF768B /* Xcode_Scheme.swift */ = {isa = PBXFileReference; lastKnownFileType = sourcecode.swift; path = Xcode_Scheme.swift; sourceTree = "<group>"; };
		9486B6142131E76700C26546 /* Struct_Spec_PostGenerateScript.swift */ = {isa = PBXFileReference; lastKnownFileType = sourcecode.swift; path = Struct_Spec_PostGenerateScript.swift; sourceTree = "<group>"; };
		9486B6162131F4B300C26546 /* Struct_Spec_PreGenerateScript.swift */ = {isa = PBXFileReference; lastKnownFileType = sourcecode.swift; path = Struct_Spec_PreGenerateScript.swift; sourceTree = "<group>"; };
		948EB31F2120F500000D91D0 /* Bool+Helper.swift */ = {isa = PBXFileReference; lastKnownFileType = sourcecode.swift; path = "Bool+Helper.swift"; sourceTree = "<group>"; };
		9492E3412125C0B2003558B6 /* Xcode_Target_Variant.swift */ = {isa = PBXFileReference; fileEncoding = 4; lastKnownFileType = sourcecode.swift; path = Xcode_Target_Variant.swift; sourceTree = "<group>"; };
		9492E34521262E23003558B6 /* Xcode_Target.swift */ = {isa = PBXFileReference; lastKnownFileType = sourcecode.swift; path = Xcode_Target.swift; sourceTree = "<group>"; };
		94C4F9CA211665ED00CFB1DC /* Fastlane.swift */ = {isa = PBXFileReference; lastKnownFileType = sourcecode.swift; path = Fastlane.swift; sourceTree = "<group>"; };
		94C4F9CC2116660900CFB1DC /* Fastlane_Fastfile.swift */ = {isa = PBXFileReference; lastKnownFileType = sourcecode.swift; path = Fastlane_Fastfile.swift; sourceTree = "<group>"; };
		94C9D879212CC333000CCADB /* .swiftlint.yml */ = {isa = PBXFileReference; fileEncoding = 4; lastKnownFileType = text; path = .swiftlint.yml; sourceTree = "<group>"; };
		94C9D87F212D7407000CCADB /* FWK-macOS-completeSettings-Customized.rb */ = {isa = PBXFileReference; lastKnownFileType = text.script.ruby; path = "FWK-macOS-completeSettings-Customized.rb"; sourceTree = "<group>"; };
		94C9D880212D7407000CCADB /* FWK-tvOS-Debug-Customized.rb */ = {isa = PBXFileReference; lastKnownFileType = text.script.ruby; path = "FWK-tvOS-Debug-Customized.rb"; sourceTree = "<group>"; };
		94C9D881212D7407000CCADB /* FWK-iOS-Release-Customized.rb */ = {isa = PBXFileReference; lastKnownFileType = text.script.ruby; path = "FWK-iOS-Release-Customized.rb"; sourceTree = "<group>"; };
		94C9D882212D7407000CCADB /* FWK-tvOS-TST-Debug-Customized.rb */ = {isa = PBXFileReference; lastKnownFileType = text.script.ruby; path = "FWK-tvOS-TST-Debug-Customized.rb"; sourceTree = "<group>"; };
		94C9D883212D7407000CCADB /* FWK-tvOS-Release-Customized.rb */ = {isa = PBXFileReference; lastKnownFileType = text.script.ruby; path = "FWK-tvOS-Release-Customized.rb"; sourceTree = "<group>"; };
		94C9D884212D7407000CCADB /* FWK-watchOS-completeSettings-Customized.rb */ = {isa = PBXFileReference; lastKnownFileType = text.script.ruby; path = "FWK-watchOS-completeSettings-Customized.rb"; sourceTree = "<group>"; };
		94C9D885212D7407000CCADB /* FWK-macOS-TST-Debug-Customized.rb */ = {isa = PBXFileReference; lastKnownFileType = text.script.ruby; path = "FWK-macOS-TST-Debug-Customized.rb"; sourceTree = "<group>"; };
		94C9D886212D7407000CCADB /* FWK-iOS-completeSettings-Customized.rb */ = {isa = PBXFileReference; lastKnownFileType = text.script.ruby; path = "FWK-iOS-completeSettings-Customized.rb"; sourceTree = "<group>"; };
		94C9D887212D7407000CCADB /* FWK-tvOS-completeSettings-Customized.rb */ = {isa = PBXFileReference; lastKnownFileType = text.script.ruby; path = "FWK-tvOS-completeSettings-Customized.rb"; sourceTree = "<group>"; };
		94C9D888212D7407000CCADB /* FWK-watchOS-Debug-Customized.rb */ = {isa = PBXFileReference; lastKnownFileType = text.script.ruby; path = "FWK-watchOS-Debug-Customized.rb"; sourceTree = "<group>"; };
		94C9D889212D7407000CCADB /* FWK-macOS-TST-completeSettings-Customized.rb */ = {isa = PBXFileReference; lastKnownFileType = text.script.ruby; path = "FWK-macOS-TST-completeSettings-Customized.rb"; sourceTree = "<group>"; };
		94C9D88A212D7407000CCADB /* FWK-iOS-TST-completeSettings-Customized.rb */ = {isa = PBXFileReference; lastKnownFileType = text.script.ruby; path = "FWK-iOS-TST-completeSettings-Customized.rb"; sourceTree = "<group>"; };
		94C9D88B212D7407000CCADB /* FWK-macOS-Debug-Customized.rb */ = {isa = PBXFileReference; lastKnownFileType = text.script.ruby; path = "FWK-macOS-Debug-Customized.rb"; sourceTree = "<group>"; };
		94C9D88C212D7407000CCADB /* FWK-tvOS-TST-completeSettings-Customized.rb */ = {isa = PBXFileReference; lastKnownFileType = text.script.ruby; path = "FWK-tvOS-TST-completeSettings-Customized.rb"; sourceTree = "<group>"; };
		94C9D88D212D7407000CCADB /* FWK-iOS-Debug-Customized.rb */ = {isa = PBXFileReference; lastKnownFileType = text.script.ruby; path = "FWK-iOS-Debug-Customized.rb"; sourceTree = "<group>"; };
		94C9D88E212D7407000CCADB /* FWK-iOS-TST-Release-Customized.rb */ = {isa = PBXFileReference; lastKnownFileType = text.script.ruby; path = "FWK-iOS-TST-Release-Customized.rb"; sourceTree = "<group>"; };
		94C9D88F212D7407000CCADB /* FWK-watchOS-Release-Customized.rb */ = {isa = PBXFileReference; lastKnownFileType = text.script.ruby; path = "FWK-watchOS-Release-Customized.rb"; sourceTree = "<group>"; };
		94C9D890212D7407000CCADB /* FWK-iOS-TST-Debug-Customized.rb */ = {isa = PBXFileReference; lastKnownFileType = text.script.ruby; path = "FWK-iOS-TST-Debug-Customized.rb"; sourceTree = "<group>"; };
		94C9D891212D7407000CCADB /* FWK-macOS-TST-Release-Customized.rb */ = {isa = PBXFileReference; lastKnownFileType = text.script.ruby; path = "FWK-macOS-TST-Release-Customized.rb"; sourceTree = "<group>"; };
		94C9D892212D7407000CCADB /* FWK-tvOS-TST-Release-Customized.rb */ = {isa = PBXFileReference; lastKnownFileType = text.script.ruby; path = "FWK-tvOS-TST-Release-Customized.rb"; sourceTree = "<group>"; };
		94C9D893212D7407000CCADB /* FWK-macOS-Release-Customized.rb */ = {isa = PBXFileReference; lastKnownFileType = text.script.ruby; path = "FWK-macOS-Release-Customized.rb"; sourceTree = "<group>"; };
		94C9D895212D7407000CCADB /* APP-macOS-TST-Release-Customized.rb */ = {isa = PBXFileReference; lastKnownFileType = text.script.ruby; path = "APP-macOS-TST-Release-Customized.rb"; sourceTree = "<group>"; };
		94C9D896212D7407000CCADB /* APP-watchOS-completeSettings-Customized.rb */ = {isa = PBXFileReference; lastKnownFileType = text.script.ruby; path = "APP-watchOS-completeSettings-Customized.rb"; sourceTree = "<group>"; };
		94C9D897212D7407000CCADB /* APP-macOS-Debug-Customized.rb */ = {isa = PBXFileReference; lastKnownFileType = text.script.ruby; path = "APP-macOS-Debug-Customized.rb"; sourceTree = "<group>"; };
		94C9D898212D7407000CCADB /* APP-iOS-TST-Release-Customized.rb */ = {isa = PBXFileReference; lastKnownFileType = text.script.ruby; path = "APP-iOS-TST-Release-Customized.rb"; sourceTree = "<group>"; };
		94C9D899212D7407000CCADB /* APP-watchOS-Release-Customized.rb */ = {isa = PBXFileReference; lastKnownFileType = text.script.ruby; path = "APP-watchOS-Release-Customized.rb"; sourceTree = "<group>"; };
		94C9D89A212D7407000CCADB /* APP-tvOS-TST-Release-Customized.rb */ = {isa = PBXFileReference; lastKnownFileType = text.script.ruby; path = "APP-tvOS-TST-Release-Customized.rb"; sourceTree = "<group>"; };
		94C9D89B212D7407000CCADB /* APP-tvOS-Release-Customized.rb */ = {isa = PBXFileReference; lastKnownFileType = text.script.ruby; path = "APP-tvOS-Release-Customized.rb"; sourceTree = "<group>"; };
		94C9D89C212D7407000CCADB /* APP-iOS-completeSettings-Customized.rb */ = {isa = PBXFileReference; lastKnownFileType = text.script.ruby; path = "APP-iOS-completeSettings-Customized.rb"; sourceTree = "<group>"; };
		94C9D89D212D7407000CCADB /* APP-macOS-UITST-Release-Customized.rb */ = {isa = PBXFileReference; lastKnownFileType = text.script.ruby; path = "APP-macOS-UITST-Release-Customized.rb"; sourceTree = "<group>"; };
		94C9D89E212D7407000CCADB /* APP-tvOS-UITST-completeSettings-Customized.rb */ = {isa = PBXFileReference; lastKnownFileType = text.script.ruby; path = "APP-tvOS-UITST-completeSettings-Customized.rb"; sourceTree = "<group>"; };
		94C9D89F212D7407000CCADB /* APP-macOS-TST-Debug-Customized.rb */ = {isa = PBXFileReference; lastKnownFileType = text.script.ruby; path = "APP-macOS-TST-Debug-Customized.rb"; sourceTree = "<group>"; };
		94C9D8A0212D7407000CCADB /* APP-macOS-UITST-completeSettings-Customized.rb */ = {isa = PBXFileReference; lastKnownFileType = text.script.ruby; path = "APP-macOS-UITST-completeSettings-Customized.rb"; sourceTree = "<group>"; };
		94C9D8A1212D7407000CCADB /* APP-macOS-Release-Customized.rb */ = {isa = PBXFileReference; lastKnownFileType = text.script.ruby; path = "APP-macOS-Release-Customized.rb"; sourceTree = "<group>"; };
		94C9D8A2212D7407000CCADB /* APP-macOS-UITST-Debug-Customized.rb */ = {isa = PBXFileReference; lastKnownFileType = text.script.ruby; path = "APP-macOS-UITST-Debug-Customized.rb"; sourceTree = "<group>"; };
		94C9D8A3212D7407000CCADB /* APP-tvOS-Debug-Customized.rb */ = {isa = PBXFileReference; lastKnownFileType = text.script.ruby; path = "APP-tvOS-Debug-Customized.rb"; sourceTree = "<group>"; };
		94C9D8A4212D7407000CCADB /* APP-iOS-Release-Customized.rb */ = {isa = PBXFileReference; lastKnownFileType = text.script.ruby; path = "APP-iOS-Release-Customized.rb"; sourceTree = "<group>"; };
		94C9D8A5212D7407000CCADB /* APP-iOS-UITST-Release-Customized.rb */ = {isa = PBXFileReference; lastKnownFileType = text.script.ruby; path = "APP-iOS-UITST-Release-Customized.rb"; sourceTree = "<group>"; };
		94C9D8A6212D7407000CCADB /* APP-iOS-TST-Debug-Customized.rb */ = {isa = PBXFileReference; lastKnownFileType = text.script.ruby; path = "APP-iOS-TST-Debug-Customized.rb"; sourceTree = "<group>"; };
		94C9D8A7212D7407000CCADB /* APP-macOS-TST-completeSettings-Customized.rb */ = {isa = PBXFileReference; lastKnownFileType = text.script.ruby; path = "APP-macOS-TST-completeSettings-Customized.rb"; sourceTree = "<group>"; };
		94C9D8A8212D7407000CCADB /* APP-tvOS-TST-completeSettings-Customized.rb */ = {isa = PBXFileReference; lastKnownFileType = text.script.ruby; path = "APP-tvOS-TST-completeSettings-Customized.rb"; sourceTree = "<group>"; };
		94C9D8A9212D7407000CCADB /* APP-macOS-completeSettings-Customized.rb */ = {isa = PBXFileReference; lastKnownFileType = text.script.ruby; path = "APP-macOS-completeSettings-Customized.rb"; sourceTree = "<group>"; };
		94C9D8AA212D7407000CCADB /* APP-tvOS-TST-Debug-Customized.rb */ = {isa = PBXFileReference; lastKnownFileType = text.script.ruby; path = "APP-tvOS-TST-Debug-Customized.rb"; sourceTree = "<group>"; };
		94C9D8AB212D7407000CCADB /* APP-iOS-UITST-Debug-Customized.rb */ = {isa = PBXFileReference; lastKnownFileType = text.script.ruby; path = "APP-iOS-UITST-Debug-Customized.rb"; sourceTree = "<group>"; };
		94C9D8AC212D7407000CCADB /* APP-iOS-UITST-completeSettings-Customized.rb */ = {isa = PBXFileReference; lastKnownFileType = text.script.ruby; path = "APP-iOS-UITST-completeSettings-Customized.rb"; sourceTree = "<group>"; };
		94C9D8AD212D7407000CCADB /* APP-tvOS-UITST-Release-Customized.rb */ = {isa = PBXFileReference; lastKnownFileType = text.script.ruby; path = "APP-tvOS-UITST-Release-Customized.rb"; sourceTree = "<group>"; };
		94C9D8AE212D7407000CCADB /* APP-iOS-Debug-Customized.rb */ = {isa = PBXFileReference; lastKnownFileType = text.script.ruby; path = "APP-iOS-Debug-Customized.rb"; sourceTree = "<group>"; };
		94C9D8AF212D7407000CCADB /* APP-watchOS-Debug-Customized.rb */ = {isa = PBXFileReference; lastKnownFileType = text.script.ruby; path = "APP-watchOS-Debug-Customized.rb"; sourceTree = "<group>"; };
		94C9D8B0212D7407000CCADB /* APP-tvOS-UITST-Debug-Customized.rb */ = {isa = PBXFileReference; lastKnownFileType = text.script.ruby; path = "APP-tvOS-UITST-Debug-Customized.rb"; sourceTree = "<group>"; };
		94C9D8B1212D7407000CCADB /* APP-tvOS-completeSettings-Customized.rb */ = {isa = PBXFileReference; lastKnownFileType = text.script.ruby; path = "APP-tvOS-completeSettings-Customized.rb"; sourceTree = "<group>"; };
		94C9D8B2212D7407000CCADB /* APP-iOS-TST-completeSettings-Customized.rb */ = {isa = PBXFileReference; lastKnownFileType = text.script.ruby; path = "APP-iOS-TST-completeSettings-Customized.rb"; sourceTree = "<group>"; };
		94C9D8B5212E1551000CCADB /* OSKind.swift */ = {isa = PBXFileReference; lastKnownFileType = sourcecode.swift; path = OSKind.swift; sourceTree = "<group>"; };
		94C9D8B7212E248D000CCADB /* Xcode_Target_Types.swift */ = {isa = PBXFileReference; lastKnownFileType = sourcecode.swift; path = Xcode_Target_Types.swift; sourceTree = "<group>"; };
		94C9D8C0212F38E1000CCADB /* WidelyUsedLicense.swift */ = {isa = PBXFileReference; lastKnownFileType = sourcecode.swift; path = WidelyUsedLicense.swift; sourceTree = "<group>"; };
		94C9D8C2212F432D000CCADB /* LicenseTextFile.swift */ = {isa = PBXFileReference; lastKnownFileType = sourcecode.swift; path = LicenseTextFile.swift; sourceTree = "<group>"; };
		94CB9FBB2116535200641D6E /* Xcode_Project.swift */ = {isa = PBXFileReference; fileEncoding = 4; lastKnownFileType = sourcecode.swift; path = Xcode_Project.swift; sourceTree = "<group>"; };
		94CB9FBC2116535300641D6E /* Xcode_Project_Variant.swift */ = {isa = PBXFileReference; fileEncoding = 4; lastKnownFileType = sourcecode.swift; path = Xcode_Project_Variant.swift; sourceTree = "<group>"; };
		94CB9FC62116536500641D6E /* Xcode_Scripts.swift */ = {isa = PBXFileReference; fileEncoding = 4; lastKnownFileType = sourcecode.swift; path = Xcode_Scripts.swift; sourceTree = "<group>"; };
		94CB9FC72116536500641D6E /* Xcode_Dependencies.swift */ = {isa = PBXFileReference; fileEncoding = 4; lastKnownFileType = sourcecode.swift; path = Xcode_Dependencies.swift; sourceTree = "<group>"; };
		94CB9FC92116536600641D6E /* Xcode_Target_Core.swift */ = {isa = PBXFileReference; fileEncoding = 4; lastKnownFileType = sourcecode.swift; path = Xcode_Target_Core.swift; sourceTree = "<group>"; };
		94DECE4D21188B4B0026F148 /* String+TextFilePiece.swift */ = {isa = PBXFileReference; lastKnownFileType = sourcecode.swift; path = "String+TextFilePiece.swift"; sourceTree = "<group>"; };
		94DECE4F2118C10E0026F148 /* Xcode.swift */ = {isa = PBXFileReference; lastKnownFileType = sourcecode.swift; path = Xcode.swift; sourceTree = "<group>"; };
		94DECE512118C99F0026F148 /* IndentedText.swift */ = {isa = PBXFileReference; lastKnownFileType = sourcecode.swift; path = IndentedText.swift; sourceTree = "<group>"; };
		94E322C021242AF800343B0B /* Bundler.swift */ = {isa = PBXFileReference; lastKnownFileType = sourcecode.swift; path = Bundler.swift; sourceTree = "<group>"; };
		94F1D8DD2125A3DE0051AD3D /* String+Helpers.swift */ = {isa = PBXFileReference; lastKnownFileType = sourcecode.swift; path = "String+Helpers.swift"; sourceTree = "<group>"; };
/* End PBXFileReference section */

/* Begin PBXFrameworksBuildPhase section */
		941CFFBA211520D700326181 /* Frameworks */ = {
			isa = PBXFrameworksBuildPhase;
			buildActionMask = 2147483647;
			files = (
			);
			runOnlyForDeploymentPostprocessing = 0;
		};
		941CFFC4211520D700326181 /* Frameworks */ = {
			isa = PBXFrameworksBuildPhase;
			buildActionMask = 2147483647;
			files = (
				941CFFC8211520D700326181 /* XCERepoConfigurator.framework in Frameworks */,
			);
			runOnlyForDeploymentPostprocessing = 0;
		};
/* End PBXFrameworksBuildPhase section */

/* Begin PBXGroup section */
		9403C25D21303A160019995A /* ReadMe */ = {
			isa = PBXGroup;
			children = (
				9403C25E21303A270019995A /* ReadMe.swift */,
				9403C260213043CA0019995A /* Shields.swift */,
			);
			path = ReadMe;
			sourceTree = "<group>";
		};
		941C0000211617C100326181 /* Core */ = {
			isa = PBXGroup;
			children = (
				9424AB0E211754C100262B79 /* DeploymentTarget.swift */,
				9403C265213092660019995A /* ExternalFile.swift */,
				9424AB082117542200262B79 /* Indentation.swift */,
				94DECE512118C99F0026F148 /* IndentedText.swift */,
				9417FE0821288B9000DE18DA /* IndentedTextBuffer.swift */,
				9424AB0A2117549500262B79 /* KeyValuePair.swift */,
				94511D882122020800AB4CD0 /* Operators.swift */,
				9424AB10211754FE00262B79 /* OSIdentifier.swift */,
				94C9D8B5212E1551000CCADB /* OSKind.swift */,
				94245739211B8FE400A05876 /* RawTextFile.swift */,
				941CFFDC2115220600326181 /* RepoConfigurator.h */,
				941CFFF3211591E900326181 /* TextFile.swift */,
				9417FE0E2128D56600DE18DA /* TextFileSection.swift */,
			);
			path = Core;
			sourceTree = "<group>";
		};
		941CFFB4211520D700326181 = {
			isa = PBXGroup;
			children = (
				A270F6B0C53210622D202770 /* Frameworks */,
				941CFFBF211520D700326181 /* Products */,
				94C9D87B212D7407000CCADB /* References */,
				94C9D877212CC238000CCADB /* Resources */,
				941CFFD82115220600326181 /* Sources */,
			);
			sourceTree = "<group>";
		};
		941CFFBF211520D700326181 /* Products */ = {
			isa = PBXGroup;
			children = (
				941CFFC7211520D700326181 /* RepoConfiguratorTests.xctest */,
				941CFFBE211520D700326181 /* XCERepoConfigurator.framework */,
			);
			name = Products;
			sourceTree = "<group>";
		};
		941CFFD82115220600326181 /* Sources */ = {
			isa = PBXGroup;
			children = (
				941CFFDB2115220600326181 /* RepoConfigurator */,
				941CFFD92115220600326181 /* RepoConfiguratorTests */,
			);
			path = Sources;
			sourceTree = "<group>";
		};
		941CFFD92115220600326181 /* RepoConfiguratorTests */ = {
			isa = PBXGroup;
			children = (
				941CFFDA2115220600326181 /* RepoConfiguratorTests.swift */,
			);
			path = RepoConfiguratorTests;
			sourceTree = "<group>";
		};
		941CFFDB2115220600326181 /* RepoConfigurator */ = {
			isa = PBXGroup;
			children = (
				941C0000211617C100326181 /* Core */,
				94DECE4C21188AAD0026F148 /* Helpers */,
				941CFFE12115765C00326181 /* Models */,
			);
			path = RepoConfigurator;
			sourceTree = "<group>";
		};
		941CFFE12115765C00326181 /* Models */ = {
			isa = PBXGroup;
			children = (
				94E322BF21242ADF00343B0B /* Bundler */,
				94245730211B024A00A05876 /* CocoaPods */,
				94511D852121D21400AB4CD0 /* CustomTextFile */,
				94C4F9C9211665C500CFB1DC /* Fastlane */,
				941CFFF92115A77600326181 /* Git */,
				946CFA08211DE6CD00E756CD /* GitHub */,
				941CFFE62115896200326181 /* License */,
				9403C25D21303A160019995A /* ReadMe */,
				94CB9FD22116571600641D6E /* Struct */,
				9424572D211AF7DA00A05876 /* SwiftLint */,
			);
			path = Models;
			sourceTree = "<group>";
		};
		941CFFE62115896200326181 /* License */ = {
			isa = PBXGroup;
			children = (
				941CFFE92115898E00326181 /* License.swift */,
				941CFFE72115897100326181 /* License_MIT.swift */,
				94C9D8C2212F432D000CCADB /* LicenseTextFile.swift */,
				94C9D8C0212F38E1000CCADB /* WidelyUsedLicense.swift */,
			);
			path = License;
			sourceTree = "<group>";
		};
		941CFFF92115A77600326181 /* Git */ = {
			isa = PBXGroup;
			children = (
				941CFFFA2115A78C00326181 /* Git.swift */,
				941CFFFC2115A7A000326181 /* Git_RepoIgnore.swift */,
			);
			path = Git;
			sourceTree = "<group>";
		};
		9424572D211AF7DA00A05876 /* SwiftLint */ = {
			isa = PBXGroup;
			children = (
				9424572E211AF7E900A05876 /* SwiftLint.swift */,
			);
			path = SwiftLint;
			sourceTree = "<group>";
		};
		94245730211B024A00A05876 /* CocoaPods */ = {
			isa = PBXGroup;
			children = (
				94245731211B025C00A05876 /* CocoaPods.swift */,
				94245733211B034400A05876 /* CocoaPods_Podfile.swift */,
				94245735211B3EE200A05876 /* CocoaPods_Podspec.swift */,
			);
			path = CocoaPods;
			sourceTree = "<group>";
		};
		94511D852121D21400AB4CD0 /* CustomTextFile */ = {
			isa = PBXGroup;
			children = (
				94511D862121D21400AB4CD0 /* CustomTextFile.swift */,
			);
			path = CustomTextFile;
			sourceTree = "<group>";
		};
		946CFA08211DE6CD00E756CD /* GitHub */ = {
			isa = PBXGroup;
			children = (
				946CFA09211DE6DF00E756CD /* GitHub.swift */,
				946CFA0B211DE70300E756CD /* GitHub_Pages.swift */,
			);
			path = GitHub;
			sourceTree = "<group>";
		};
		94C4F9C9211665C500CFB1DC /* Fastlane */ = {
			isa = PBXGroup;
			children = (
				94C4F9CA211665ED00CFB1DC /* Fastlane.swift */,
				94C4F9CC2116660900CFB1DC /* Fastlane_Fastfile.swift */,
			);
			path = Fastlane;
			sourceTree = "<group>";
		};
		94C9D877212CC238000CCADB /* Resources */ = {
			isa = PBXGroup;
			children = (
				94C9D878212CC238000CCADB /* RepoConfiguratorTests */,
			);
			path = Resources;
			sourceTree = "<group>";
		};
		94C9D878212CC238000CCADB /* RepoConfiguratorTests */ = {
			isa = PBXGroup;
			children = (
				94C9D879212CC333000CCADB /* .swiftlint.yml */,
			);
			path = RepoConfiguratorTests;
			sourceTree = "<group>";
		};
		94C9D87B212D7407000CCADB /* References */ = {
			isa = PBXGroup;
			children = (
				94C9D87C212D7407000CCADB /* XcodeBuildSettignsDefaults */,
			);
			path = References;
			sourceTree = "<group>";
		};
		94C9D87C212D7407000CCADB /* XcodeBuildSettignsDefaults */ = {
			isa = PBXGroup;
			children = (
				94C9D87D212D7407000CCADB /* Xcode10-beta5 */,
			);
			path = XcodeBuildSettignsDefaults;
			sourceTree = "<group>";
		};
		94C9D87D212D7407000CCADB /* Xcode10-beta5 */ = {
			isa = PBXGroup;
			children = (
				94C9D894212D7407000CCADB /* APP */,
				94C9D87E212D7407000CCADB /* FWK */,
			);
			path = "Xcode10-beta5";
			sourceTree = "<group>";
		};
		94C9D87E212D7407000CCADB /* FWK */ = {
			isa = PBXGroup;
			children = (
				94C9D886212D7407000CCADB /* FWK-iOS-completeSettings-Customized.rb */,
				94C9D88D212D7407000CCADB /* FWK-iOS-Debug-Customized.rb */,
				94C9D881212D7407000CCADB /* FWK-iOS-Release-Customized.rb */,
				94C9D88A212D7407000CCADB /* FWK-iOS-TST-completeSettings-Customized.rb */,
				94C9D890212D7407000CCADB /* FWK-iOS-TST-Debug-Customized.rb */,
				94C9D88E212D7407000CCADB /* FWK-iOS-TST-Release-Customized.rb */,
				94C9D87F212D7407000CCADB /* FWK-macOS-completeSettings-Customized.rb */,
				94C9D88B212D7407000CCADB /* FWK-macOS-Debug-Customized.rb */,
				94C9D893212D7407000CCADB /* FWK-macOS-Release-Customized.rb */,
				94C9D889212D7407000CCADB /* FWK-macOS-TST-completeSettings-Customized.rb */,
				94C9D885212D7407000CCADB /* FWK-macOS-TST-Debug-Customized.rb */,
				94C9D891212D7407000CCADB /* FWK-macOS-TST-Release-Customized.rb */,
				94C9D887212D7407000CCADB /* FWK-tvOS-completeSettings-Customized.rb */,
				94C9D880212D7407000CCADB /* FWK-tvOS-Debug-Customized.rb */,
				94C9D883212D7407000CCADB /* FWK-tvOS-Release-Customized.rb */,
				94C9D88C212D7407000CCADB /* FWK-tvOS-TST-completeSettings-Customized.rb */,
				94C9D882212D7407000CCADB /* FWK-tvOS-TST-Debug-Customized.rb */,
				94C9D892212D7407000CCADB /* FWK-tvOS-TST-Release-Customized.rb */,
				94C9D884212D7407000CCADB /* FWK-watchOS-completeSettings-Customized.rb */,
				94C9D888212D7407000CCADB /* FWK-watchOS-Debug-Customized.rb */,
				94C9D88F212D7407000CCADB /* FWK-watchOS-Release-Customized.rb */,
			);
			path = FWK;
			sourceTree = "<group>";
		};
		94C9D894212D7407000CCADB /* APP */ = {
			isa = PBXGroup;
			children = (
				94C9D89C212D7407000CCADB /* APP-iOS-completeSettings-Customized.rb */,
				94C9D8AE212D7407000CCADB /* APP-iOS-Debug-Customized.rb */,
				94C9D8A4212D7407000CCADB /* APP-iOS-Release-Customized.rb */,
				94C9D8B2212D7407000CCADB /* APP-iOS-TST-completeSettings-Customized.rb */,
				94C9D8A6212D7407000CCADB /* APP-iOS-TST-Debug-Customized.rb */,
				94C9D898212D7407000CCADB /* APP-iOS-TST-Release-Customized.rb */,
				94C9D8AC212D7407000CCADB /* APP-iOS-UITST-completeSettings-Customized.rb */,
				94C9D8AB212D7407000CCADB /* APP-iOS-UITST-Debug-Customized.rb */,
				94C9D8A5212D7407000CCADB /* APP-iOS-UITST-Release-Customized.rb */,
				94C9D8A9212D7407000CCADB /* APP-macOS-completeSettings-Customized.rb */,
				94C9D897212D7407000CCADB /* APP-macOS-Debug-Customized.rb */,
				94C9D8A1212D7407000CCADB /* APP-macOS-Release-Customized.rb */,
				94C9D8A7212D7407000CCADB /* APP-macOS-TST-completeSettings-Customized.rb */,
				94C9D89F212D7407000CCADB /* APP-macOS-TST-Debug-Customized.rb */,
				94C9D895212D7407000CCADB /* APP-macOS-TST-Release-Customized.rb */,
				94C9D8A0212D7407000CCADB /* APP-macOS-UITST-completeSettings-Customized.rb */,
				94C9D8A2212D7407000CCADB /* APP-macOS-UITST-Debug-Customized.rb */,
				94C9D89D212D7407000CCADB /* APP-macOS-UITST-Release-Customized.rb */,
				94C9D8B1212D7407000CCADB /* APP-tvOS-completeSettings-Customized.rb */,
				94C9D8A3212D7407000CCADB /* APP-tvOS-Debug-Customized.rb */,
				94C9D89B212D7407000CCADB /* APP-tvOS-Release-Customized.rb */,
				94C9D8A8212D7407000CCADB /* APP-tvOS-TST-completeSettings-Customized.rb */,
				94C9D8AA212D7407000CCADB /* APP-tvOS-TST-Debug-Customized.rb */,
				94C9D89A212D7407000CCADB /* APP-tvOS-TST-Release-Customized.rb */,
				94C9D89E212D7407000CCADB /* APP-tvOS-UITST-completeSettings-Customized.rb */,
				94C9D8B0212D7407000CCADB /* APP-tvOS-UITST-Debug-Customized.rb */,
				94C9D8AD212D7407000CCADB /* APP-tvOS-UITST-Release-Customized.rb */,
				94C9D896212D7407000CCADB /* APP-watchOS-completeSettings-Customized.rb */,
				94C9D8AF212D7407000CCADB /* APP-watchOS-Debug-Customized.rb */,
				94C9D899212D7407000CCADB /* APP-watchOS-Release-Customized.rb */,
			);
			path = APP;
			sourceTree = "<group>";
		};
		94CB9FD22116571600641D6E /* Struct */ = {
			isa = PBXGroup;
			children = (
				94212AE3212AFA160023BEC0 /* Struct.swift */,
				94212AE5212B02B60023BEC0 /* Struct_Spec.swift */,
				9486B6142131E76700C26546 /* Struct_Spec_PostGenerateScript.swift */,
				9486B6162131F4B300C26546 /* Struct_Spec_PreGenerateScript.swift */,
				94DECE4F2118C10E0026F148 /* Xcode.swift */,
				940F10162124BA2100554520 /* Xcode_BuildSettings.swift */,
				94CB9FC72116536500641D6E /* Xcode_Dependencies.swift */,
				94CB9FBB2116535200641D6E /* Xcode_Project.swift */,
				940F10182124BAA200554520 /* Xcode_Project_BuildSettings.swift */,
				94CB9FBC2116535300641D6E /* Xcode_Project_Variant.swift */,
				9485ACF221317D9A00AF768B /* Xcode_Scheme.swift */,
				94CB9FC62116536500641D6E /* Xcode_Scripts.swift */,
				9492E34521262E23003558B6 /* Xcode_Target.swift */,
				94212AE12129F1C70023BEC0 /* Xcode_Target_BuildSettings.swift */,
				94CB9FC92116536600641D6E /* Xcode_Target_Core.swift */,
				941CFFFE211609BC00326181 /* Xcode_Target_InfoPlist.swift */,
				94C9D8B7212E248D000CCADB /* Xcode_Target_Types.swift */,
				9492E3412125C0B2003558B6 /* Xcode_Target_Variant.swift */,
			);
			path = Struct;
			sourceTree = "<group>";
		};
		94DECE4C21188AAD0026F148 /* Helpers */ = {
			isa = PBXGroup;
			children = (
				946CFA1D2120AC7D00E756CD /* Array+String.swift */,
				946CFA17211F816B00E756CD /* Array+TextFilePiece.swift */,
				948EB31F2120F500000D91D0 /* Bool+Helper.swift */,
				9424573B211B9EE500A05876 /* Defaults.swift */,
				9424AB0C211754B200262B79 /* DeviceFamily.swift */,
				940F10102124A26F00554520 /* Dictionary+Helpers.swift */,
				9403C2632130729E0019995A /* Markdown.swift */,
				9424AB122117552100262B79 /* PathPrefix.swift */,
				94F1D8DD2125A3DE0051AD3D /* String+Helpers.swift */,
				94DECE4D21188B4B0026F148 /* String+TextFilePiece.swift */,
				941CFFDD2115220600326181 /* Versions.swift */,
				9459C778211C5F800041C38B /* YesNoStringLiteralsForXcode.swift */,
			);
			path = Helpers;
			sourceTree = "<group>";
		};
		94E322BF21242ADF00343B0B /* Bundler */ = {
			isa = PBXGroup;
			children = (
				94E322C021242AF800343B0B /* Bundler.swift */,
				94116DA8211BB9C0001EF7F9 /* Bundler_Gemfile.swift */,
			);
			path = Bundler;
			sourceTree = "<group>";
		};
		A270F6B0C53210622D202770 /* Frameworks */ = {
			isa = PBXGroup;
			children = (
				4E1F4DEB6F7DBC42C29FF945 /* Pods_RepoConfigurator.framework */,
			);
			name = Frameworks;
			sourceTree = "<group>";
		};
/* End PBXGroup section */

/* Begin PBXHeadersBuildPhase section */
		941CFFBB211520D700326181 /* Headers */ = {
			isa = PBXHeadersBuildPhase;
			buildActionMask = 2147483647;
			files = (
				941CFFDF2115222100326181 /* RepoConfigurator.h in Headers */,
			);
			runOnlyForDeploymentPostprocessing = 0;
		};
/* End PBXHeadersBuildPhase section */

/* Begin PBXNativeTarget section */
		941CFFBD211520D700326181 /* RepoConfigurator */ = {
			isa = PBXNativeTarget;
			buildConfigurationList = 941CFFD2211520D700326181 /* Build configuration list for PBXNativeTarget "RepoConfigurator" */;
			buildPhases = (
				94508DAD211CB0990059C4EF /* SwiftLint */,
				941CFFB9211520D700326181 /* Sources */,
				941CFFBA211520D700326181 /* Frameworks */,
				941CFFBB211520D700326181 /* Headers */,
				941CFFBC211520D700326181 /* Resources */,
			);
			buildRules = (
			);
			dependencies = (
			);
			name = RepoConfigurator;
			productName = RepoConfigurator;
			productReference = 941CFFBE211520D700326181 /* XCERepoConfigurator.framework */;
			productType = "com.apple.product-type.framework";
		};
		941CFFC6211520D700326181 /* RepoConfiguratorTests */ = {
			isa = PBXNativeTarget;
			buildConfigurationList = 941CFFD5211520D700326181 /* Build configuration list for PBXNativeTarget "RepoConfiguratorTests" */;
			buildPhases = (
				941CFFC3211520D700326181 /* Sources */,
				941CFFC4211520D700326181 /* Frameworks */,
				941CFFC5211520D700326181 /* Resources */,
			);
			buildRules = (
			);
			dependencies = (
				941CFFCA211520D700326181 /* PBXTargetDependency */,
			);
			name = RepoConfiguratorTests;
			productName = RepoConfiguratorTests;
			productReference = 941CFFC7211520D700326181 /* RepoConfiguratorTests.xctest */;
			productType = "com.apple.product-type.bundle.unit-test";
		};
/* End PBXNativeTarget section */

/* Begin PBXProject section */
		941CFFB5211520D700326181 /* Project object */ = {
			isa = PBXProject;
			attributes = {
				LastSwiftUpdateCheck = 0940;
				LastUpgradeCheck = 0940;
				ORGANIZATIONNAME = XCEssentials;
				TargetAttributes = {
					941CFFBD211520D700326181 = {
						CreatedOnToolsVersion = 9.4.1;
					};
					941CFFC6211520D700326181 = {
						CreatedOnToolsVersion = 9.4.1;
					};
				};
			};
			buildConfigurationList = 941CFFB8211520D700326181 /* Build configuration list for PBXProject "RepoConfigurator" */;
			compatibilityVersion = "Xcode 9.3";
			developmentRegion = en;
			hasScannedForEncodings = 0;
			knownRegions = (
				en,
			);
			mainGroup = 941CFFB4211520D700326181;
			productRefGroup = 941CFFBF211520D700326181 /* Products */;
			projectDirPath = "";
			projectRoot = "";
			targets = (
				941CFFBD211520D700326181 /* RepoConfigurator */,
				941CFFC6211520D700326181 /* RepoConfiguratorTests */,
			);
		};
/* End PBXProject section */

/* Begin PBXResourcesBuildPhase section */
		941CFFBC211520D700326181 /* Resources */ = {
			isa = PBXResourcesBuildPhase;
			buildActionMask = 2147483647;
			files = (
			);
			runOnlyForDeploymentPostprocessing = 0;
		};
		941CFFC5211520D700326181 /* Resources */ = {
			isa = PBXResourcesBuildPhase;
			buildActionMask = 2147483647;
			files = (
				94C9D87A212CC333000CCADB /* .swiftlint.yml in Resources */,
			);
			runOnlyForDeploymentPostprocessing = 0;
		};
/* End PBXResourcesBuildPhase section */

/* Begin PBXShellScriptBuildPhase section */
		94508DAD211CB0990059C4EF /* SwiftLint */ = {
			isa = PBXShellScriptBuildPhase;
			buildActionMask = 2147483647;
			files = (
			);
			inputPaths = (
			);
			name = SwiftLint;
			outputPaths = (
			);
			runOnlyForDeploymentPostprocessing = 0;
			shellPath = /bin/sh;
			shellScript = "if which swiftlint >/dev/null; then\n    swiftlint\nelse\n    echo \"warning: SwiftLint not installed, download from https://github.com/realm/SwiftLint\"\nfi\n";
		};
/* End PBXShellScriptBuildPhase section */

/* Begin PBXSourcesBuildPhase section */
		941CFFB9211520D700326181 /* Sources */ = {
			isa = PBXSourcesBuildPhase;
			buildActionMask = 2147483647;
			files = (
				946CFA1E2120AC7D00E756CD /* Array+String.swift in Sources */,
				946CFA18211F816B00E756CD /* Array+TextFilePiece.swift in Sources */,
				948EB3202120F500000D91D0 /* Bool+Helper.swift in Sources */,
				94E322C121242AF800343B0B /* Bundler.swift in Sources */,
				94116DA9211BB9C0001EF7F9 /* Bundler_Gemfile.swift in Sources */,
				94245732211B025C00A05876 /* CocoaPods.swift in Sources */,
				94245734211B034400A05876 /* CocoaPods_Podfile.swift in Sources */,
				94245736211B3EE200A05876 /* CocoaPods_Podspec.swift in Sources */,
				94511D872121D21400AB4CD0 /* CustomTextFile.swift in Sources */,
				9424573C211B9EE500A05876 /* Defaults.swift in Sources */,
				9424AB0F211754C100262B79 /* DeploymentTarget.swift in Sources */,
				9424AB0D211754B200262B79 /* DeviceFamily.swift in Sources */,
				940F10112124A26F00554520 /* Dictionary+Helpers.swift in Sources */,
				9403C266213092660019995A /* ExternalFile.swift in Sources */,
				94C4F9CB211665ED00CFB1DC /* Fastlane.swift in Sources */,
				94C4F9CD2116660900CFB1DC /* Fastlane_Fastfile.swift in Sources */,
				941CFFFB2115A78C00326181 /* Git.swift in Sources */,
				941CFFFD2115A7A000326181 /* Git_RepoIgnore.swift in Sources */,
				946CFA0A211DE6DF00E756CD /* GitHub.swift in Sources */,
				946CFA0C211DE70300E756CD /* GitHub_Pages.swift in Sources */,
				9424AB092117542200262B79 /* Indentation.swift in Sources */,
				94DECE522118C99F0026F148 /* IndentedText.swift in Sources */,
				9417FE0921288B9000DE18DA /* IndentedTextBuffer.swift in Sources */,
				9424AB0B2117549500262B79 /* KeyValuePair.swift in Sources */,
				941CFFEA2115898E00326181 /* License.swift in Sources */,
				941CFFE82115897100326181 /* License_MIT.swift in Sources */,
				94C9D8C3212F432D000CCADB /* LicenseTextFile.swift in Sources */,
				9403C2642130729E0019995A /* Markdown.swift in Sources */,
				94511D892122020800AB4CD0 /* Operators.swift in Sources */,
				9424AB11211754FE00262B79 /* OSIdentifier.swift in Sources */,
				94C9D8B6212E1551000CCADB /* OSKind.swift in Sources */,
				9424AB132117552100262B79 /* PathPrefix.swift in Sources */,
				9424573A211B8FE400A05876 /* RawTextFile.swift in Sources */,
				9403C25F21303A270019995A /* ReadMe.swift in Sources */,
				9403C261213043CA0019995A /* Shields.swift in Sources */,
				94F1D8DE2125A3DE0051AD3D /* String+Helpers.swift in Sources */,
				94DECE4E21188B4B0026F148 /* String+TextFilePiece.swift in Sources */,
				94212AE4212AFA160023BEC0 /* Struct.swift in Sources */,
				94212AE6212B02B60023BEC0 /* Struct_Spec.swift in Sources */,
				9486B6152131E76700C26546 /* Struct_Spec_PostGenerateScript.swift in Sources */,
				9486B6172131F4B300C26546 /* Struct_Spec_PreGenerateScript.swift in Sources */,
				9424572F211AF7E900A05876 /* SwiftLint.swift in Sources */,
				941CFFF4211591E900326181 /* TextFile.swift in Sources */,
				9417FE0F2128D56600DE18DA /* TextFileSection.swift in Sources */,
				941CFFE02115222B00326181 /* Versions.swift in Sources */,
				94C9D8C1212F38E1000CCADB /* WidelyUsedLicense.swift in Sources */,
				94DECE502118C10E0026F148 /* Xcode.swift in Sources */,
				940F10172124BA2100554520 /* Xcode_BuildSettings.swift in Sources */,
				94CB9FCC2116536600641D6E /* Xcode_Dependencies.swift in Sources */,
				94CB9FC12116535300641D6E /* Xcode_Project.swift in Sources */,
				940F10192124BAA200554520 /* Xcode_Project_BuildSettings.swift in Sources */,
				94CB9FC22116535300641D6E /* Xcode_Project_Variant.swift in Sources */,
				9485ACF321317D9A00AF768B /* Xcode_Scheme.swift in Sources */,
				94CB9FCB2116536600641D6E /* Xcode_Scripts.swift in Sources */,
				9492E34621262E23003558B6 /* Xcode_Target.swift in Sources */,
				94212AE22129F1C70023BEC0 /* Xcode_Target_BuildSettings.swift in Sources */,
				94CB9FCE2116536600641D6E /* Xcode_Target_Core.swift in Sources */,
				941CFFFF211609BC00326181 /* Xcode_Target_InfoPlist.swift in Sources */,
				94C9D8B8212E248D000CCADB /* Xcode_Target_Types.swift in Sources */,
				9492E3422125C0B2003558B6 /* Xcode_Target_Variant.swift in Sources */,
				9459C779211C5F800041C38B /* YesNoStringLiteralsForXcode.swift in Sources */,
			);
			runOnlyForDeploymentPostprocessing = 0;
		};
		941CFFC3211520D700326181 /* Sources */ = {
			isa = PBXSourcesBuildPhase;
			buildActionMask = 2147483647;
			files = (
				941CFFDE2115221000326181 /* RepoConfiguratorTests.swift in Sources */,
			);
			runOnlyForDeploymentPostprocessing = 0;
		};
/* End PBXSourcesBuildPhase section */

/* Begin PBXTargetDependency section */
		941CFFCA211520D700326181 /* PBXTargetDependency */ = {
			isa = PBXTargetDependency;
			target = 941CFFBD211520D700326181 /* RepoConfigurator */;
			targetProxy = 941CFFC9211520D700326181 /* PBXContainerItemProxy */;
		};
/* End PBXTargetDependency section */

/* Begin XCBuildConfiguration section */
		941CFFD0211520D700326181 /* Debug */ = {
			isa = XCBuildConfiguration;
			buildSettings = {
				ALWAYS_SEARCH_USER_PATHS = NO;
				CLANG_ANALYZER_NONNULL = YES;
				CLANG_ANALYZER_NUMBER_OBJECT_CONVERSION = YES_AGGRESSIVE;
				CLANG_CXX_LANGUAGE_STANDARD = "gnu++14";
				CLANG_CXX_LIBRARY = "libc++";
				CLANG_ENABLE_MODULES = YES;
				CLANG_ENABLE_OBJC_ARC = YES;
				CLANG_ENABLE_OBJC_WEAK = YES;
				CLANG_WARN_BLOCK_CAPTURE_AUTORELEASING = YES;
				CLANG_WARN_BOOL_CONVERSION = YES;
				CLANG_WARN_COMMA = YES;
				CLANG_WARN_CONSTANT_CONVERSION = YES;
				CLANG_WARN_DEPRECATED_OBJC_IMPLEMENTATIONS = YES;
				CLANG_WARN_DIRECT_OBJC_ISA_USAGE = YES_ERROR;
				CLANG_WARN_DOCUMENTATION_COMMENTS = YES;
				CLANG_WARN_EMPTY_BODY = YES;
				CLANG_WARN_ENUM_CONVERSION = YES;
				CLANG_WARN_INFINITE_RECURSION = YES;
				CLANG_WARN_INT_CONVERSION = YES;
				CLANG_WARN_NON_LITERAL_NULL_CONVERSION = YES;
				CLANG_WARN_OBJC_IMPLICIT_RETAIN_SELF = YES;
				CLANG_WARN_OBJC_LITERAL_CONVERSION = YES;
				CLANG_WARN_OBJC_ROOT_CLASS = YES_ERROR;
				CLANG_WARN_RANGE_LOOP_ANALYSIS = YES;
				CLANG_WARN_STRICT_PROTOTYPES = YES;
				CLANG_WARN_SUSPICIOUS_MOVE = YES;
				CLANG_WARN_UNGUARDED_AVAILABILITY = YES_AGGRESSIVE;
				CLANG_WARN_UNREACHABLE_CODE = YES;
				CLANG_WARN__DUPLICATE_METHOD_MATCH = YES;
				CODE_SIGN_IDENTITY = "Mac Developer";
				COPY_PHASE_STRIP = NO;
				CURRENT_PROJECT_VERSION = 15;
				DEBUG_INFORMATION_FORMAT = dwarf;
				ENABLE_STRICT_OBJC_MSGSEND = YES;
				ENABLE_TESTABILITY = YES;
				GCC_C_LANGUAGE_STANDARD = gnu11;
				GCC_DYNAMIC_NO_PIC = NO;
				GCC_NO_COMMON_BLOCKS = YES;
				GCC_OPTIMIZATION_LEVEL = 0;
				GCC_PREPROCESSOR_DEFINITIONS = (
					"DEBUG=1",
					"$(inherited)",
				);
				GCC_WARN_64_TO_32_BIT_CONVERSION = YES;
				GCC_WARN_ABOUT_RETURN_TYPE = YES_ERROR;
				GCC_WARN_UNDECLARED_SELECTOR = YES;
				GCC_WARN_UNINITIALIZED_AUTOS = YES_AGGRESSIVE;
				GCC_WARN_UNUSED_FUNCTION = YES;
				GCC_WARN_UNUSED_VARIABLE = YES;
				MACOSX_DEPLOYMENT_TARGET = 10.13;
				MTL_ENABLE_DEBUG_INFO = YES;
				ONLY_ACTIVE_ARCH = YES;
				SDKROOT = macosx;
				SWIFT_ACTIVE_COMPILATION_CONDITIONS = DEBUG;
				SWIFT_OPTIMIZATION_LEVEL = "-Onone";
				SWIFT_VERSION = 4.2;
				VERSIONING_SYSTEM = "apple-generic";
				VERSION_INFO_PREFIX = "";
			};
			name = Debug;
		};
		941CFFD1211520D700326181 /* Release */ = {
			isa = XCBuildConfiguration;
			buildSettings = {
				ALWAYS_SEARCH_USER_PATHS = NO;
				CLANG_ANALYZER_NONNULL = YES;
				CLANG_ANALYZER_NUMBER_OBJECT_CONVERSION = YES_AGGRESSIVE;
				CLANG_CXX_LANGUAGE_STANDARD = "gnu++14";
				CLANG_CXX_LIBRARY = "libc++";
				CLANG_ENABLE_MODULES = YES;
				CLANG_ENABLE_OBJC_ARC = YES;
				CLANG_ENABLE_OBJC_WEAK = YES;
				CLANG_WARN_BLOCK_CAPTURE_AUTORELEASING = YES;
				CLANG_WARN_BOOL_CONVERSION = YES;
				CLANG_WARN_COMMA = YES;
				CLANG_WARN_CONSTANT_CONVERSION = YES;
				CLANG_WARN_DEPRECATED_OBJC_IMPLEMENTATIONS = YES;
				CLANG_WARN_DIRECT_OBJC_ISA_USAGE = YES_ERROR;
				CLANG_WARN_DOCUMENTATION_COMMENTS = YES;
				CLANG_WARN_EMPTY_BODY = YES;
				CLANG_WARN_ENUM_CONVERSION = YES;
				CLANG_WARN_INFINITE_RECURSION = YES;
				CLANG_WARN_INT_CONVERSION = YES;
				CLANG_WARN_NON_LITERAL_NULL_CONVERSION = YES;
				CLANG_WARN_OBJC_IMPLICIT_RETAIN_SELF = YES;
				CLANG_WARN_OBJC_LITERAL_CONVERSION = YES;
				CLANG_WARN_OBJC_ROOT_CLASS = YES_ERROR;
				CLANG_WARN_RANGE_LOOP_ANALYSIS = YES;
				CLANG_WARN_STRICT_PROTOTYPES = YES;
				CLANG_WARN_SUSPICIOUS_MOVE = YES;
				CLANG_WARN_UNGUARDED_AVAILABILITY = YES_AGGRESSIVE;
				CLANG_WARN_UNREACHABLE_CODE = YES;
				CLANG_WARN__DUPLICATE_METHOD_MATCH = YES;
				CODE_SIGN_IDENTITY = "Mac Developer";
				COPY_PHASE_STRIP = NO;
				CURRENT_PROJECT_VERSION = 15;
				DEBUG_INFORMATION_FORMAT = "dwarf-with-dsym";
				ENABLE_NS_ASSERTIONS = NO;
				ENABLE_STRICT_OBJC_MSGSEND = YES;
				GCC_C_LANGUAGE_STANDARD = gnu11;
				GCC_NO_COMMON_BLOCKS = YES;
				GCC_WARN_64_TO_32_BIT_CONVERSION = YES;
				GCC_WARN_ABOUT_RETURN_TYPE = YES_ERROR;
				GCC_WARN_UNDECLARED_SELECTOR = YES;
				GCC_WARN_UNINITIALIZED_AUTOS = YES_AGGRESSIVE;
				GCC_WARN_UNUSED_FUNCTION = YES;
				GCC_WARN_UNUSED_VARIABLE = YES;
				MACOSX_DEPLOYMENT_TARGET = 10.13;
				MTL_ENABLE_DEBUG_INFO = NO;
				SDKROOT = macosx;
				SWIFT_COMPILATION_MODE = wholemodule;
				SWIFT_OPTIMIZATION_LEVEL = "-O";
				SWIFT_VERSION = 4.2;
				VERSIONING_SYSTEM = "apple-generic";
				VERSION_INFO_PREFIX = "";
			};
			name = Release;
		};
		941CFFD3211520D700326181 /* Debug */ = {
			isa = XCBuildConfiguration;
			buildSettings = {
				CODE_SIGN_IDENTITY = "";
				CODE_SIGN_STYLE = Automatic;
				COMBINE_HIDPI_IMAGES = YES;
				DEFINES_MODULE = YES;
				DEVELOPMENT_TEAM = UJA88X59XP;
				DYLIB_COMPATIBILITY_VERSION = 1;
				DYLIB_CURRENT_VERSION = 15;
				DYLIB_INSTALL_NAME_BASE = "@rpath";
				FRAMEWORK_VERSION = A;
				INFOPLIST_FILE = Info/RepoConfigurator.plist;
				INSTALL_PATH = "$(LOCAL_LIBRARY_DIR)/Frameworks";
				LD_RUNPATH_SEARCH_PATHS = (
					"$(inherited)",
					"@executable_path/../Frameworks",
					"@loader_path/Frameworks",
				);
				PRODUCT_BUNDLE_IDENTIFIER = com.XCEssentials.RepoConfigurator;
				PRODUCT_NAME = "XCE$(TARGET_NAME:c99extidentifier)";
				SKIP_INSTALL = YES;
			};
			name = Debug;
		};
		941CFFD4211520D700326181 /* Release */ = {
			isa = XCBuildConfiguration;
			buildSettings = {
				CODE_SIGN_IDENTITY = "";
				CODE_SIGN_STYLE = Automatic;
				COMBINE_HIDPI_IMAGES = YES;
				DEFINES_MODULE = YES;
				DEVELOPMENT_TEAM = UJA88X59XP;
				DYLIB_COMPATIBILITY_VERSION = 1;
				DYLIB_CURRENT_VERSION = 15;
				DYLIB_INSTALL_NAME_BASE = "@rpath";
				FRAMEWORK_VERSION = A;
				INFOPLIST_FILE = Info/RepoConfigurator.plist;
				INSTALL_PATH = "$(LOCAL_LIBRARY_DIR)/Frameworks";
				LD_RUNPATH_SEARCH_PATHS = (
					"$(inherited)",
					"@executable_path/../Frameworks",
					"@loader_path/Frameworks",
				);
				PRODUCT_BUNDLE_IDENTIFIER = com.XCEssentials.RepoConfigurator;
				PRODUCT_NAME = "XCE$(TARGET_NAME:c99extidentifier)";
				SKIP_INSTALL = YES;
			};
			name = Release;
		};
		941CFFD6211520D700326181 /* Debug */ = {
			isa = XCBuildConfiguration;
			buildSettings = {
				ALWAYS_EMBED_SWIFT_STANDARD_LIBRARIES = YES;
				CODE_SIGN_STYLE = Automatic;
				COMBINE_HIDPI_IMAGES = YES;
				DEVELOPMENT_TEAM = UJA88X59XP;
				INFOPLIST_FILE = Info/RepoConfiguratorTests.plist;
				LD_RUNPATH_SEARCH_PATHS = (
					"$(inherited)",
					"@executable_path/../Frameworks",
					"@loader_path/../Frameworks",
				);
				PRODUCT_BUNDLE_IDENTIFIER = com.XCEssentials.RepoConfiguratorTests;
				PRODUCT_NAME = "$(TARGET_NAME)";
			};
			name = Debug;
		};
		941CFFD7211520D700326181 /* Release */ = {
			isa = XCBuildConfiguration;
			buildSettings = {
				ALWAYS_EMBED_SWIFT_STANDARD_LIBRARIES = YES;
				CODE_SIGN_STYLE = Automatic;
				COMBINE_HIDPI_IMAGES = YES;
				DEVELOPMENT_TEAM = UJA88X59XP;
				INFOPLIST_FILE = Info/RepoConfiguratorTests.plist;
				LD_RUNPATH_SEARCH_PATHS = (
					"$(inherited)",
					"@executable_path/../Frameworks",
					"@loader_path/../Frameworks",
				);
				PRODUCT_BUNDLE_IDENTIFIER = com.XCEssentials.RepoConfiguratorTests;
				PRODUCT_NAME = "$(TARGET_NAME)";
			};
			name = Release;
		};
/* End XCBuildConfiguration section */

/* Begin XCConfigurationList section */
		941CFFB8211520D700326181 /* Build configuration list for PBXProject "RepoConfigurator" */ = {
			isa = XCConfigurationList;
			buildConfigurations = (
				941CFFD0211520D700326181 /* Debug */,
				941CFFD1211520D700326181 /* Release */,
			);
			defaultConfigurationIsVisible = 0;
			defaultConfigurationName = Release;
		};
		941CFFD2211520D700326181 /* Build configuration list for PBXNativeTarget "RepoConfigurator" */ = {
			isa = XCConfigurationList;
			buildConfigurations = (
				941CFFD3211520D700326181 /* Debug */,
				941CFFD4211520D700326181 /* Release */,
			);
			defaultConfigurationIsVisible = 0;
			defaultConfigurationName = Release;
		};
		941CFFD5211520D700326181 /* Build configuration list for PBXNativeTarget "RepoConfiguratorTests" */ = {
			isa = XCConfigurationList;
			buildConfigurations = (
				941CFFD6211520D700326181 /* Debug */,
				941CFFD7211520D700326181 /* Release */,
			);
			defaultConfigurationIsVisible = 0;
			defaultConfigurationName = Release;
		};
/* End XCConfigurationList section */
	};
	rootObject = 941CFFB5211520D700326181 /* Project object */;
}
