// !$*UTF8*$!
{
	archiveVersion = 1;
	classes = {
	};
	objectVersion = 50;
	objects = {

/* Begin PBXBuildFile section */
		94116DA9211BB9C0001EF7F9 /* Fastlane_Gemfile.swift in Sources */ = {isa = PBXBuildFile; fileRef = 94116DA8211BB9C0001EF7F9 /* Fastlane_Gemfile.swift */; };
		941CFFC8211520D700326181 /* XCERepoConfigurator.framework in Frameworks */ = {isa = PBXBuildFile; fileRef = 941CFFBE211520D700326181 /* XCERepoConfigurator.framework */; };
		941CFFDE2115221000326181 /* RepoConfiguratorTests.swift in Sources */ = {isa = PBXBuildFile; fileRef = 941CFFDA2115220600326181 /* RepoConfiguratorTests.swift */; };
		941CFFDF2115222100326181 /* RepoConfigurator.h in Headers */ = {isa = PBXBuildFile; fileRef = 941CFFDC2115220600326181 /* RepoConfigurator.h */; settings = {ATTRIBUTES = (Public, ); }; };
		941CFFE02115222B00326181 /* Versions.swift in Sources */ = {isa = PBXBuildFile; fileRef = 941CFFDD2115220600326181 /* Versions.swift */; };
		941CFFE82115897100326181 /* License_MIT.swift in Sources */ = {isa = PBXBuildFile; fileRef = 941CFFE72115897100326181 /* License_MIT.swift */; };
		941CFFEA2115898E00326181 /* License.swift in Sources */ = {isa = PBXBuildFile; fileRef = 941CFFE92115898E00326181 /* License.swift */; };
		941CFFF4211591E900326181 /* TextFile.swift in Sources */ = {isa = PBXBuildFile; fileRef = 941CFFF3211591E900326181 /* TextFile.swift */; };
		941CFFFB2115A78C00326181 /* Git.swift in Sources */ = {isa = PBXBuildFile; fileRef = 941CFFFA2115A78C00326181 /* Git.swift */; };
		941CFFFD2115A7A000326181 /* Git_RepoIgnore.swift in Sources */ = {isa = PBXBuildFile; fileRef = 941CFFFC2115A7A000326181 /* Git_RepoIgnore.swift */; };
		941CFFFF211609BC00326181 /* Xcode_Target_InfoPlist.swift in Sources */ = {isa = PBXBuildFile; fileRef = 941CFFFE211609BC00326181 /* Xcode_Target_InfoPlist.swift */; };
		9424572F211AF7E900A05876 /* SwiftLint.swift in Sources */ = {isa = PBXBuildFile; fileRef = 9424572E211AF7E900A05876 /* SwiftLint.swift */; };
		94245732211B025C00A05876 /* CocoaPods.swift in Sources */ = {isa = PBXBuildFile; fileRef = 94245731211B025C00A05876 /* CocoaPods.swift */; };
		94245734211B034400A05876 /* CocoaPods_Podfile.swift in Sources */ = {isa = PBXBuildFile; fileRef = 94245733211B034400A05876 /* CocoaPods_Podfile.swift */; };
		94245736211B3EE200A05876 /* CocoaPods_Podspec.swift in Sources */ = {isa = PBXBuildFile; fileRef = 94245735211B3EE200A05876 /* CocoaPods_Podspec.swift */; };
		9424573A211B8FE400A05876 /* RawTextFile.swift in Sources */ = {isa = PBXBuildFile; fileRef = 94245739211B8FE400A05876 /* RawTextFile.swift */; };
		9424573C211B9EE500A05876 /* Defaults.swift in Sources */ = {isa = PBXBuildFile; fileRef = 9424573B211B9EE500A05876 /* Defaults.swift */; };
		9424AB092117542200262B79 /* Indentation.swift in Sources */ = {isa = PBXBuildFile; fileRef = 9424AB082117542200262B79 /* Indentation.swift */; };
		9424AB0B2117549500262B79 /* KeyValuePair.swift in Sources */ = {isa = PBXBuildFile; fileRef = 9424AB0A2117549500262B79 /* KeyValuePair.swift */; };
		9424AB0D211754B200262B79 /* DeviceFamily.swift in Sources */ = {isa = PBXBuildFile; fileRef = 9424AB0C211754B200262B79 /* DeviceFamily.swift */; };
		9424AB0F211754C100262B79 /* DeploymentTarget.swift in Sources */ = {isa = PBXBuildFile; fileRef = 9424AB0E211754C100262B79 /* DeploymentTarget.swift */; };
		9424AB11211754FE00262B79 /* OSIdentifier.swift in Sources */ = {isa = PBXBuildFile; fileRef = 9424AB10211754FE00262B79 /* OSIdentifier.swift */; };
		9424AB132117552100262B79 /* PathPrefix.swift in Sources */ = {isa = PBXBuildFile; fileRef = 9424AB122117552100262B79 /* PathPrefix.swift */; };
		94511D872121D21400AB4CD0 /* CustomTextFile.swift in Sources */ = {isa = PBXBuildFile; fileRef = 94511D862121D21400AB4CD0 /* CustomTextFile.swift */; };
		9459C779211C5F800041C38B /* YesNoStringLiteralsForXcode.swift in Sources */ = {isa = PBXBuildFile; fileRef = 9459C778211C5F800041C38B /* YesNoStringLiteralsForXcode.swift */; };
		946CFA0A211DE6DF00E756CD /* GitHub.swift in Sources */ = {isa = PBXBuildFile; fileRef = 946CFA09211DE6DF00E756CD /* GitHub.swift */; };
		946CFA0C211DE70300E756CD /* GitHub_Pages.swift in Sources */ = {isa = PBXBuildFile; fileRef = 946CFA0B211DE70300E756CD /* GitHub_Pages.swift */; };
		946CFA16211F7FB500E756CD /* Array+IndentedTextGetter.swift in Sources */ = {isa = PBXBuildFile; fileRef = 946CFA15211F7FB500E756CD /* Array+IndentedTextGetter.swift */; };
		946CFA18211F816B00E756CD /* Array+TextFilePiece.swift in Sources */ = {isa = PBXBuildFile; fileRef = 946CFA17211F816B00E756CD /* Array+TextFilePiece.swift */; };
		946CFA1A21202DB600E756CD /* InlineIfClosure.swift in Sources */ = {isa = PBXBuildFile; fileRef = 946CFA1921202DB600E756CD /* InlineIfClosure.swift */; };
		946CFA1C2120559B00E756CD /* CocoaPods_Podspec_Standard.swift in Sources */ = {isa = PBXBuildFile; fileRef = 946CFA1B2120559B00E756CD /* CocoaPods_Podspec_Standard.swift */; };
		946CFA1E2120AC7D00E756CD /* Array+String.swift in Sources */ = {isa = PBXBuildFile; fileRef = 946CFA1D2120AC7D00E756CD /* Array+String.swift */; };
		946CFA202120C90100E756CD /* CocoaPods_Podspec_WithSubSpecs.swift in Sources */ = {isa = PBXBuildFile; fileRef = 946CFA1F2120C90100E756CD /* CocoaPods_Podspec_WithSubSpecs.swift */; };
		948EB31E2120F318000D91D0 /* Optional+Helpers.swift in Sources */ = {isa = PBXBuildFile; fileRef = 948EB31D2120F318000D91D0 /* Optional+Helpers.swift */; };
		948EB3202120F500000D91D0 /* Bool+Helper.swift in Sources */ = {isa = PBXBuildFile; fileRef = 948EB31F2120F500000D91D0 /* Bool+Helper.swift */; };
		94C4F9CB211665ED00CFB1DC /* Fastlane.swift in Sources */ = {isa = PBXBuildFile; fileRef = 94C4F9CA211665ED00CFB1DC /* Fastlane.swift */; };
		94C4F9CD2116660900CFB1DC /* Fastlane_Fastfile.swift in Sources */ = {isa = PBXBuildFile; fileRef = 94C4F9CC2116660900CFB1DC /* Fastlane_Fastfile.swift */; };
		94CB9FC02116535300641D6E /* Xcode_Project_BuildConfig_Defaults_General.swift in Sources */ = {isa = PBXBuildFile; fileRef = 94CB9FBA2116535200641D6E /* Xcode_Project_BuildConfig_Defaults_General.swift */; };
		94CB9FC12116535300641D6E /* Xcode_Project.swift in Sources */ = {isa = PBXBuildFile; fileRef = 94CB9FBB2116535200641D6E /* Xcode_Project.swift */; };
		94CB9FC22116535300641D6E /* Xcode_Project_Variant.swift in Sources */ = {isa = PBXBuildFile; fileRef = 94CB9FBC2116535300641D6E /* Xcode_Project_Variant.swift */; };
		94CB9FC32116535300641D6E /* Xcode_Project_BuildConfig_Defaults.swift in Sources */ = {isa = PBXBuildFile; fileRef = 94CB9FBD2116535300641D6E /* Xcode_Project_BuildConfig_Defaults.swift */; };
		94CB9FC42116535300641D6E /* Xcode_Project_BuildConfig.swift in Sources */ = {isa = PBXBuildFile; fileRef = 94CB9FBE2116535300641D6E /* Xcode_Project_BuildConfig.swift */; };
		94CB9FC52116535300641D6E /* Xcode_Project_BuildConfig_Defaults_iOS.swift in Sources */ = {isa = PBXBuildFile; fileRef = 94CB9FBF2116535300641D6E /* Xcode_Project_BuildConfig_Defaults_iOS.swift */; };
		94CB9FCB2116536600641D6E /* Xcode_Target_Script.swift in Sources */ = {isa = PBXBuildFile; fileRef = 94CB9FC62116536500641D6E /* Xcode_Target_Script.swift */; };
		94CB9FCC2116536600641D6E /* Xcode_Target_Dependencies.swift in Sources */ = {isa = PBXBuildFile; fileRef = 94CB9FC72116536500641D6E /* Xcode_Target_Dependencies.swift */; };
		94CB9FCD2116536600641D6E /* Xcode_Target_BuildConfig.swift in Sources */ = {isa = PBXBuildFile; fileRef = 94CB9FC82116536600641D6E /* Xcode_Target_BuildConfig.swift */; };
		94CB9FCE2116536600641D6E /* Xcode_Target.swift in Sources */ = {isa = PBXBuildFile; fileRef = 94CB9FC92116536600641D6E /* Xcode_Target.swift */; };
		94CB9FCF2116536600641D6E /* Xcode_Target_Type.swift in Sources */ = {isa = PBXBuildFile; fileRef = 94CB9FCA2116536600641D6E /* Xcode_Target_Type.swift */; };
		94CB9FD92116583700641D6E /* Struct_Spec_1_2_1.swift in Sources */ = {isa = PBXBuildFile; fileRef = 94CB9FD42116583700641D6E /* Struct_Spec_1_2_1.swift */; };
		94CB9FDA2116583700641D6E /* Struct_Spec_1_3_0.swift in Sources */ = {isa = PBXBuildFile; fileRef = 94CB9FD52116583700641D6E /* Struct_Spec_1_3_0.swift */; };
		94CB9FDB2116583700641D6E /* Struct_Spec_2_1_0.swift in Sources */ = {isa = PBXBuildFile; fileRef = 94CB9FD62116583700641D6E /* Struct_Spec_2_1_0.swift */; };
		94CB9FDC2116583700641D6E /* Struct_Spec.swift in Sources */ = {isa = PBXBuildFile; fileRef = 94CB9FD72116583700641D6E /* Struct_Spec.swift */; };
		94CB9FDD2116583700641D6E /* Struct_Spec_2_0_0.swift in Sources */ = {isa = PBXBuildFile; fileRef = 94CB9FD82116583700641D6E /* Struct_Spec_2_0_0.swift */; };
		94CB9FDF2116585000641D6E /* Struct.swift in Sources */ = {isa = PBXBuildFile; fileRef = 94CB9FDE2116585000641D6E /* Struct.swift */; };
		94CB9FE12116625900641D6E /* Struct_Spec_InternalHelpers.swift in Sources */ = {isa = PBXBuildFile; fileRef = 94CB9FE02116625900641D6E /* Struct_Spec_InternalHelpers.swift */; };
		94DECE4E21188B4B0026F148 /* String+TextFilePiece.swift in Sources */ = {isa = PBXBuildFile; fileRef = 94DECE4D21188B4B0026F148 /* String+TextFilePiece.swift */; };
		94DECE502118C10E0026F148 /* Xcode.swift in Sources */ = {isa = PBXBuildFile; fileRef = 94DECE4F2118C10E0026F148 /* Xcode.swift */; };
		94DECE522118C99F0026F148 /* IndentedText.swift in Sources */ = {isa = PBXBuildFile; fileRef = 94DECE512118C99F0026F148 /* IndentedText.swift */; };
/* End PBXBuildFile section */

/* Begin PBXContainerItemProxy section */
		941CFFC9211520D700326181 /* PBXContainerItemProxy */ = {
			isa = PBXContainerItemProxy;
			containerPortal = 941CFFB5211520D700326181 /* Project object */;
			proxyType = 1;
			remoteGlobalIDString = 941CFFBD211520D700326181;
			remoteInfo = RepoConfigurator;
		};
/* End PBXContainerItemProxy section */

/* Begin PBXFileReference section */
		4E1F4DEB6F7DBC42C29FF945 /* Pods_RepoConfigurator.framework */ = {isa = PBXFileReference; explicitFileType = wrapper.framework; includeInIndex = 0; path = Pods_RepoConfigurator.framework; sourceTree = BUILT_PRODUCTS_DIR; };
		76B9FB11AB02F2F3BBF7372E /* Pods-RepoConfigurator.debug.xcconfig */ = {isa = PBXFileReference; includeInIndex = 1; lastKnownFileType = text.xcconfig; name = "Pods-RepoConfigurator.debug.xcconfig"; path = "Pods/Target Support Files/Pods-RepoConfigurator/Pods-RepoConfigurator.debug.xcconfig"; sourceTree = "<group>"; };
		94116DA8211BB9C0001EF7F9 /* Fastlane_Gemfile.swift */ = {isa = PBXFileReference; lastKnownFileType = sourcecode.swift; path = Fastlane_Gemfile.swift; sourceTree = "<group>"; };
		941CFFBE211520D700326181 /* XCERepoConfigurator.framework */ = {isa = PBXFileReference; explicitFileType = wrapper.framework; includeInIndex = 0; path = XCERepoConfigurator.framework; sourceTree = BUILT_PRODUCTS_DIR; };
		941CFFC7211520D700326181 /* RepoConfiguratorTests.xctest */ = {isa = PBXFileReference; explicitFileType = wrapper.cfbundle; includeInIndex = 0; path = RepoConfiguratorTests.xctest; sourceTree = BUILT_PRODUCTS_DIR; };
		941CFFDA2115220600326181 /* RepoConfiguratorTests.swift */ = {isa = PBXFileReference; lastKnownFileType = sourcecode.swift; path = RepoConfiguratorTests.swift; sourceTree = "<group>"; };
		941CFFDC2115220600326181 /* RepoConfigurator.h */ = {isa = PBXFileReference; lastKnownFileType = sourcecode.c.h; path = RepoConfigurator.h; sourceTree = "<group>"; };
		941CFFDD2115220600326181 /* Versions.swift */ = {isa = PBXFileReference; lastKnownFileType = sourcecode.swift; path = Versions.swift; sourceTree = "<group>"; };
		941CFFE72115897100326181 /* License_MIT.swift */ = {isa = PBXFileReference; lastKnownFileType = sourcecode.swift; path = License_MIT.swift; sourceTree = "<group>"; };
		941CFFE92115898E00326181 /* License.swift */ = {isa = PBXFileReference; lastKnownFileType = sourcecode.swift; path = License.swift; sourceTree = "<group>"; };
		941CFFF3211591E900326181 /* TextFile.swift */ = {isa = PBXFileReference; lastKnownFileType = sourcecode.swift; path = TextFile.swift; sourceTree = "<group>"; };
		941CFFFA2115A78C00326181 /* Git.swift */ = {isa = PBXFileReference; lastKnownFileType = sourcecode.swift; path = Git.swift; sourceTree = "<group>"; };
		941CFFFC2115A7A000326181 /* Git_RepoIgnore.swift */ = {isa = PBXFileReference; lastKnownFileType = sourcecode.swift; path = Git_RepoIgnore.swift; sourceTree = "<group>"; };
		941CFFFE211609BC00326181 /* Xcode_Target_InfoPlist.swift */ = {isa = PBXFileReference; lastKnownFileType = sourcecode.swift; path = Xcode_Target_InfoPlist.swift; sourceTree = "<group>"; };
		9424572E211AF7E900A05876 /* SwiftLint.swift */ = {isa = PBXFileReference; lastKnownFileType = sourcecode.swift; path = SwiftLint.swift; sourceTree = "<group>"; };
		94245731211B025C00A05876 /* CocoaPods.swift */ = {isa = PBXFileReference; lastKnownFileType = sourcecode.swift; path = CocoaPods.swift; sourceTree = "<group>"; };
		94245733211B034400A05876 /* CocoaPods_Podfile.swift */ = {isa = PBXFileReference; lastKnownFileType = sourcecode.swift; path = CocoaPods_Podfile.swift; sourceTree = "<group>"; };
		94245735211B3EE200A05876 /* CocoaPods_Podspec.swift */ = {isa = PBXFileReference; lastKnownFileType = sourcecode.swift; path = CocoaPods_Podspec.swift; sourceTree = "<group>"; };
		94245739211B8FE400A05876 /* RawTextFile.swift */ = {isa = PBXFileReference; lastKnownFileType = sourcecode.swift; path = RawTextFile.swift; sourceTree = "<group>"; };
		9424573B211B9EE500A05876 /* Defaults.swift */ = {isa = PBXFileReference; lastKnownFileType = sourcecode.swift; path = Defaults.swift; sourceTree = "<group>"; };
		9424AB082117542200262B79 /* Indentation.swift */ = {isa = PBXFileReference; lastKnownFileType = sourcecode.swift; path = Indentation.swift; sourceTree = "<group>"; };
		9424AB0A2117549500262B79 /* KeyValuePair.swift */ = {isa = PBXFileReference; lastKnownFileType = sourcecode.swift; path = KeyValuePair.swift; sourceTree = "<group>"; };
		9424AB0C211754B200262B79 /* DeviceFamily.swift */ = {isa = PBXFileReference; lastKnownFileType = sourcecode.swift; path = DeviceFamily.swift; sourceTree = "<group>"; };
		9424AB0E211754C100262B79 /* DeploymentTarget.swift */ = {isa = PBXFileReference; lastKnownFileType = sourcecode.swift; path = DeploymentTarget.swift; sourceTree = "<group>"; };
		9424AB10211754FE00262B79 /* OSIdentifier.swift */ = {isa = PBXFileReference; lastKnownFileType = sourcecode.swift; path = OSIdentifier.swift; sourceTree = "<group>"; };
		9424AB122117552100262B79 /* PathPrefix.swift */ = {isa = PBXFileReference; lastKnownFileType = sourcecode.swift; path = PathPrefix.swift; sourceTree = "<group>"; };
		94511D862121D21400AB4CD0 /* CustomTextFile.swift */ = {isa = PBXFileReference; fileEncoding = 4; lastKnownFileType = sourcecode.swift; path = CustomTextFile.swift; sourceTree = "<group>"; };
		9459C778211C5F800041C38B /* YesNoStringLiteralsForXcode.swift */ = {isa = PBXFileReference; lastKnownFileType = sourcecode.swift; path = YesNoStringLiteralsForXcode.swift; sourceTree = "<group>"; };
		946CFA09211DE6DF00E756CD /* GitHub.swift */ = {isa = PBXFileReference; lastKnownFileType = sourcecode.swift; path = GitHub.swift; sourceTree = "<group>"; };
		946CFA0B211DE70300E756CD /* GitHub_Pages.swift */ = {isa = PBXFileReference; lastKnownFileType = sourcecode.swift; path = GitHub_Pages.swift; sourceTree = "<group>"; };
		946CFA15211F7FB500E756CD /* Array+IndentedTextGetter.swift */ = {isa = PBXFileReference; lastKnownFileType = sourcecode.swift; path = "Array+IndentedTextGetter.swift"; sourceTree = "<group>"; };
		946CFA17211F816B00E756CD /* Array+TextFilePiece.swift */ = {isa = PBXFileReference; lastKnownFileType = sourcecode.swift; path = "Array+TextFilePiece.swift"; sourceTree = "<group>"; };
		946CFA1921202DB600E756CD /* InlineIfClosure.swift */ = {isa = PBXFileReference; lastKnownFileType = sourcecode.swift; path = InlineIfClosure.swift; sourceTree = "<group>"; };
		946CFA1B2120559B00E756CD /* CocoaPods_Podspec_Standard.swift */ = {isa = PBXFileReference; lastKnownFileType = sourcecode.swift; path = CocoaPods_Podspec_Standard.swift; sourceTree = "<group>"; };
		946CFA1D2120AC7D00E756CD /* Array+String.swift */ = {isa = PBXFileReference; lastKnownFileType = sourcecode.swift; path = "Array+String.swift"; sourceTree = "<group>"; };
		946CFA1F2120C90100E756CD /* CocoaPods_Podspec_WithSubSpecs.swift */ = {isa = PBXFileReference; lastKnownFileType = sourcecode.swift; path = CocoaPods_Podspec_WithSubSpecs.swift; sourceTree = "<group>"; };
		948EB31D2120F318000D91D0 /* Optional+Helpers.swift */ = {isa = PBXFileReference; lastKnownFileType = sourcecode.swift; path = "Optional+Helpers.swift"; sourceTree = "<group>"; };
		948EB31F2120F500000D91D0 /* Bool+Helper.swift */ = {isa = PBXFileReference; lastKnownFileType = sourcecode.swift; path = "Bool+Helper.swift"; sourceTree = "<group>"; };
		94C4F9CA211665ED00CFB1DC /* Fastlane.swift */ = {isa = PBXFileReference; lastKnownFileType = sourcecode.swift; path = Fastlane.swift; sourceTree = "<group>"; };
		94C4F9CC2116660900CFB1DC /* Fastlane_Fastfile.swift */ = {isa = PBXFileReference; lastKnownFileType = sourcecode.swift; path = Fastlane_Fastfile.swift; sourceTree = "<group>"; };
		94CB9FBA2116535200641D6E /* Xcode_Project_BuildConfig_Defaults_General.swift */ = {isa = PBXFileReference; fileEncoding = 4; lastKnownFileType = sourcecode.swift; path = Xcode_Project_BuildConfig_Defaults_General.swift; sourceTree = "<group>"; };
		94CB9FBB2116535200641D6E /* Xcode_Project.swift */ = {isa = PBXFileReference; fileEncoding = 4; lastKnownFileType = sourcecode.swift; path = Xcode_Project.swift; sourceTree = "<group>"; };
		94CB9FBC2116535300641D6E /* Xcode_Project_Variant.swift */ = {isa = PBXFileReference; fileEncoding = 4; lastKnownFileType = sourcecode.swift; path = Xcode_Project_Variant.swift; sourceTree = "<group>"; };
		94CB9FBD2116535300641D6E /* Xcode_Project_BuildConfig_Defaults.swift */ = {isa = PBXFileReference; fileEncoding = 4; lastKnownFileType = sourcecode.swift; path = Xcode_Project_BuildConfig_Defaults.swift; sourceTree = "<group>"; };
		94CB9FBE2116535300641D6E /* Xcode_Project_BuildConfig.swift */ = {isa = PBXFileReference; fileEncoding = 4; lastKnownFileType = sourcecode.swift; path = Xcode_Project_BuildConfig.swift; sourceTree = "<group>"; };
		94CB9FBF2116535300641D6E /* Xcode_Project_BuildConfig_Defaults_iOS.swift */ = {isa = PBXFileReference; fileEncoding = 4; lastKnownFileType = sourcecode.swift; path = Xcode_Project_BuildConfig_Defaults_iOS.swift; sourceTree = "<group>"; };
		94CB9FC62116536500641D6E /* Xcode_Target_Script.swift */ = {isa = PBXFileReference; fileEncoding = 4; lastKnownFileType = sourcecode.swift; path = Xcode_Target_Script.swift; sourceTree = "<group>"; };
		94CB9FC72116536500641D6E /* Xcode_Target_Dependencies.swift */ = {isa = PBXFileReference; fileEncoding = 4; lastKnownFileType = sourcecode.swift; path = Xcode_Target_Dependencies.swift; sourceTree = "<group>"; };
		94CB9FC82116536600641D6E /* Xcode_Target_BuildConfig.swift */ = {isa = PBXFileReference; fileEncoding = 4; lastKnownFileType = sourcecode.swift; path = Xcode_Target_BuildConfig.swift; sourceTree = "<group>"; };
		94CB9FC92116536600641D6E /* Xcode_Target.swift */ = {isa = PBXFileReference; fileEncoding = 4; lastKnownFileType = sourcecode.swift; path = Xcode_Target.swift; sourceTree = "<group>"; };
		94CB9FCA2116536600641D6E /* Xcode_Target_Type.swift */ = {isa = PBXFileReference; fileEncoding = 4; lastKnownFileType = sourcecode.swift; path = Xcode_Target_Type.swift; sourceTree = "<group>"; };
		94CB9FD42116583700641D6E /* Struct_Spec_1_2_1.swift */ = {isa = PBXFileReference; fileEncoding = 4; lastKnownFileType = sourcecode.swift; path = Struct_Spec_1_2_1.swift; sourceTree = "<group>"; };
		94CB9FD52116583700641D6E /* Struct_Spec_1_3_0.swift */ = {isa = PBXFileReference; fileEncoding = 4; lastKnownFileType = sourcecode.swift; path = Struct_Spec_1_3_0.swift; sourceTree = "<group>"; };
		94CB9FD62116583700641D6E /* Struct_Spec_2_1_0.swift */ = {isa = PBXFileReference; fileEncoding = 4; lastKnownFileType = sourcecode.swift; path = Struct_Spec_2_1_0.swift; sourceTree = "<group>"; };
		94CB9FD72116583700641D6E /* Struct_Spec.swift */ = {isa = PBXFileReference; fileEncoding = 4; lastKnownFileType = sourcecode.swift; path = Struct_Spec.swift; sourceTree = "<group>"; };
		94CB9FD82116583700641D6E /* Struct_Spec_2_0_0.swift */ = {isa = PBXFileReference; fileEncoding = 4; lastKnownFileType = sourcecode.swift; path = Struct_Spec_2_0_0.swift; sourceTree = "<group>"; };
		94CB9FDE2116585000641D6E /* Struct.swift */ = {isa = PBXFileReference; lastKnownFileType = sourcecode.swift; path = Struct.swift; sourceTree = "<group>"; };
		94CB9FE02116625900641D6E /* Struct_Spec_InternalHelpers.swift */ = {isa = PBXFileReference; lastKnownFileType = sourcecode.swift; path = Struct_Spec_InternalHelpers.swift; sourceTree = "<group>"; };
		94DECE4D21188B4B0026F148 /* String+TextFilePiece.swift */ = {isa = PBXFileReference; lastKnownFileType = sourcecode.swift; path = "String+TextFilePiece.swift"; sourceTree = "<group>"; };
		94DECE4F2118C10E0026F148 /* Xcode.swift */ = {isa = PBXFileReference; lastKnownFileType = sourcecode.swift; path = Xcode.swift; sourceTree = "<group>"; };
		94DECE512118C99F0026F148 /* IndentedText.swift */ = {isa = PBXFileReference; lastKnownFileType = sourcecode.swift; path = IndentedText.swift; sourceTree = "<group>"; };
		BD643500E99C3DBC8FEC33CA /* Pods-RepoConfigurator.release.xcconfig */ = {isa = PBXFileReference; includeInIndex = 1; lastKnownFileType = text.xcconfig; name = "Pods-RepoConfigurator.release.xcconfig"; path = "Pods/Target Support Files/Pods-RepoConfigurator/Pods-RepoConfigurator.release.xcconfig"; sourceTree = "<group>"; };
/* End PBXFileReference section */

/* Begin PBXFrameworksBuildPhase section */
		941CFFBA211520D700326181 /* Frameworks */ = {
			isa = PBXFrameworksBuildPhase;
			buildActionMask = 2147483647;
			files = (
			);
			runOnlyForDeploymentPostprocessing = 0;
		};
		941CFFC4211520D700326181 /* Frameworks */ = {
			isa = PBXFrameworksBuildPhase;
			buildActionMask = 2147483647;
			files = (
				941CFFC8211520D700326181 /* XCERepoConfigurator.framework in Frameworks */,
			);
			runOnlyForDeploymentPostprocessing = 0;
		};
/* End PBXFrameworksBuildPhase section */

/* Begin PBXGroup section */
		941C0000211617C100326181 /* Core */ = {
			isa = PBXGroup;
			children = (
				9424AB0E211754C100262B79 /* DeploymentTarget.swift */,
				9424AB082117542200262B79 /* Indentation.swift */,
				94DECE512118C99F0026F148 /* IndentedText.swift */,
				9424AB0A2117549500262B79 /* KeyValuePair.swift */,
				9424AB10211754FE00262B79 /* OSIdentifier.swift */,
				94245739211B8FE400A05876 /* RawTextFile.swift */,
				941CFFDC2115220600326181 /* RepoConfigurator.h */,
				941CFFF3211591E900326181 /* TextFile.swift */,
			);
			path = Core;
			sourceTree = "<group>";
		};
		941CFFB4211520D700326181 = {
			isa = PBXGroup;
			children = (
				941CFFBF211520D700326181 /* Products */,
				941CFFD82115220600326181 /* Sources */,
				D3449C3882638C0E8DF1EC9D /* Pods */,
				A270F6B0C53210622D202770 /* Frameworks */,
			);
			sourceTree = "<group>";
		};
		941CFFBF211520D700326181 /* Products */ = {
			isa = PBXGroup;
			children = (
				941CFFBE211520D700326181 /* XCERepoConfigurator.framework */,
				941CFFC7211520D700326181 /* RepoConfiguratorTests.xctest */,
			);
			name = Products;
			sourceTree = "<group>";
		};
		941CFFD82115220600326181 /* Sources */ = {
			isa = PBXGroup;
			children = (
				941CFFDB2115220600326181 /* RepoConfigurator */,
				941CFFD92115220600326181 /* RepoConfiguratorTests */,
			);
			path = Sources;
			sourceTree = "<group>";
		};
		941CFFD92115220600326181 /* RepoConfiguratorTests */ = {
			isa = PBXGroup;
			children = (
				941CFFDA2115220600326181 /* RepoConfiguratorTests.swift */,
			);
			path = RepoConfiguratorTests;
			sourceTree = "<group>";
		};
		941CFFDB2115220600326181 /* RepoConfigurator */ = {
			isa = PBXGroup;
			children = (
				941C0000211617C100326181 /* Core */,
				94DECE4C21188AAD0026F148 /* Helpers */,
				941CFFE12115765C00326181 /* Models */,
			);
			path = RepoConfigurator;
			sourceTree = "<group>";
		};
		941CFFE12115765C00326181 /* Models */ = {
			isa = PBXGroup;
			children = (
				94511D852121D21400AB4CD0 /* CustomTextFile */,
				946CFA08211DE6CD00E756CD /* GitHub */,
				94245730211B024A00A05876 /* CocoaPods */,
				94C4F9C9211665C500CFB1DC /* Fastlane */,
				941CFFF92115A77600326181 /* Git */,
				941CFFE62115896200326181 /* License */,
				9424572D211AF7DA00A05876 /* SwiftLint */,
				94CB9FD22116571600641D6E /* Xcode */,
			);
			path = Models;
			sourceTree = "<group>";
		};
		941CFFE62115896200326181 /* License */ = {
			isa = PBXGroup;
			children = (
				941CFFE92115898E00326181 /* License.swift */,
				941CFFE72115897100326181 /* License_MIT.swift */,
			);
			path = License;
			sourceTree = "<group>";
		};
		941CFFF92115A77600326181 /* Git */ = {
			isa = PBXGroup;
			children = (
				941CFFFA2115A78C00326181 /* Git.swift */,
				941CFFFC2115A7A000326181 /* Git_RepoIgnore.swift */,
			);
			path = Git;
			sourceTree = "<group>";
		};
		9424572D211AF7DA00A05876 /* SwiftLint */ = {
			isa = PBXGroup;
			children = (
				9424572E211AF7E900A05876 /* SwiftLint.swift */,
			);
			path = SwiftLint;
			sourceTree = "<group>";
		};
		94245730211B024A00A05876 /* CocoaPods */ = {
			isa = PBXGroup;
			children = (
				94245731211B025C00A05876 /* CocoaPods.swift */,
				94245733211B034400A05876 /* CocoaPods_Podfile.swift */,
				94245735211B3EE200A05876 /* CocoaPods_Podspec.swift */,
				946CFA1B2120559B00E756CD /* CocoaPods_Podspec_Standard.swift */,
				946CFA1F2120C90100E756CD /* CocoaPods_Podspec_WithSubSpecs.swift */,
			);
			path = CocoaPods;
			sourceTree = "<group>";
		};
		94511D852121D21400AB4CD0 /* CustomTextFile */ = {
			isa = PBXGroup;
			children = (
				94511D862121D21400AB4CD0 /* CustomTextFile.swift */,
			);
			path = CustomTextFile;
			sourceTree = "<group>";
		};
		946CFA08211DE6CD00E756CD /* GitHub */ = {
			isa = PBXGroup;
			children = (
				946CFA09211DE6DF00E756CD /* GitHub.swift */,
				946CFA0B211DE70300E756CD /* GitHub_Pages.swift */,
			);
			path = GitHub;
			sourceTree = "<group>";
		};
		94C4F9C9211665C500CFB1DC /* Fastlane */ = {
			isa = PBXGroup;
			children = (
				94C4F9CA211665ED00CFB1DC /* Fastlane.swift */,
				94C4F9CC2116660900CFB1DC /* Fastlane_Fastfile.swift */,
				94116DA8211BB9C0001EF7F9 /* Fastlane_Gemfile.swift */,
			);
			path = Fastlane;
			sourceTree = "<group>";
		};
		94CB9FD22116571600641D6E /* Xcode */ = {
			isa = PBXGroup;
			children = (
				94CB9FD32116582800641D6E /* Struct */,
				94DECE4F2118C10E0026F148 /* Xcode.swift */,
				94CB9FBB2116535200641D6E /* Xcode_Project.swift */,
				94CB9FBE2116535300641D6E /* Xcode_Project_BuildConfig.swift */,
				94CB9FBD2116535300641D6E /* Xcode_Project_BuildConfig_Defaults.swift */,
				94CB9FBA2116535200641D6E /* Xcode_Project_BuildConfig_Defaults_General.swift */,
				94CB9FBF2116535300641D6E /* Xcode_Project_BuildConfig_Defaults_iOS.swift */,
				94CB9FC92116536600641D6E /* Xcode_Target.swift */,
				94CB9FC82116536600641D6E /* Xcode_Target_BuildConfig.swift */,
				94CB9FC72116536500641D6E /* Xcode_Target_Dependencies.swift */,
				941CFFFE211609BC00326181 /* Xcode_Target_InfoPlist.swift */,
				94CB9FC62116536500641D6E /* Xcode_Target_Script.swift */,
				94CB9FCA2116536600641D6E /* Xcode_Target_Type.swift */,
				94CB9FBC2116535300641D6E /* Xcode_Project_Variant.swift */,
			);
			path = Xcode;
			sourceTree = "<group>";
		};
		94CB9FD32116582800641D6E /* Struct */ = {
			isa = PBXGroup;
			children = (
				94CB9FDE2116585000641D6E /* Struct.swift */,
				94CB9FD72116583700641D6E /* Struct_Spec.swift */,
				94CB9FD42116583700641D6E /* Struct_Spec_1_2_1.swift */,
				94CB9FD52116583700641D6E /* Struct_Spec_1_3_0.swift */,
				94CB9FD82116583700641D6E /* Struct_Spec_2_0_0.swift */,
				94CB9FD62116583700641D6E /* Struct_Spec_2_1_0.swift */,
				94CB9FE02116625900641D6E /* Struct_Spec_InternalHelpers.swift */,
			);
			path = Struct;
			sourceTree = "<group>";
		};
		94DECE4C21188AAD0026F148 /* Helpers */ = {
			isa = PBXGroup;
			children = (
				9424573B211B9EE500A05876 /* Defaults.swift */,
				9424AB0C211754B200262B79 /* DeviceFamily.swift */,
				9424AB122117552100262B79 /* PathPrefix.swift */,
				94DECE4D21188B4B0026F148 /* String+TextFilePiece.swift */,
				946CFA15211F7FB500E756CD /* Array+IndentedTextGetter.swift */,
				946CFA17211F816B00E756CD /* Array+TextFilePiece.swift */,
				946CFA1D2120AC7D00E756CD /* Array+String.swift */,
				941CFFDD2115220600326181 /* Versions.swift */,
				9459C778211C5F800041C38B /* YesNoStringLiteralsForXcode.swift */,
				946CFA1921202DB600E756CD /* InlineIfClosure.swift */,
				948EB31D2120F318000D91D0 /* Optional+Helpers.swift */,
				948EB31F2120F500000D91D0 /* Bool+Helper.swift */,
			);
			path = Helpers;
			sourceTree = "<group>";
		};
		A270F6B0C53210622D202770 /* Frameworks */ = {
			isa = PBXGroup;
			children = (
				4E1F4DEB6F7DBC42C29FF945 /* Pods_RepoConfigurator.framework */,
			);
			name = Frameworks;
			sourceTree = "<group>";
		};
		D3449C3882638C0E8DF1EC9D /* Pods */ = {
			isa = PBXGroup;
			children = (
				76B9FB11AB02F2F3BBF7372E /* Pods-RepoConfigurator.debug.xcconfig */,
				BD643500E99C3DBC8FEC33CA /* Pods-RepoConfigurator.release.xcconfig */,
			);
			name = Pods;
			sourceTree = "<group>";
		};
/* End PBXGroup section */

/* Begin PBXHeadersBuildPhase section */
		941CFFBB211520D700326181 /* Headers */ = {
			isa = PBXHeadersBuildPhase;
			buildActionMask = 2147483647;
			files = (
				941CFFDF2115222100326181 /* RepoConfigurator.h in Headers */,
			);
			runOnlyForDeploymentPostprocessing = 0;
		};
/* End PBXHeadersBuildPhase section */

/* Begin PBXNativeTarget section */
		941CFFBD211520D700326181 /* RepoConfigurator */ = {
			isa = PBXNativeTarget;
			buildConfigurationList = 941CFFD2211520D700326181 /* Build configuration list for PBXNativeTarget "RepoConfigurator" */;
			buildPhases = (
				94508DAD211CB0990059C4EF /* SwiftLint */,
				941CFFB9211520D700326181 /* Sources */,
				941CFFBA211520D700326181 /* Frameworks */,
				941CFFBB211520D700326181 /* Headers */,
				941CFFBC211520D700326181 /* Resources */,
			);
			buildRules = (
			);
			dependencies = (
			);
			name = RepoConfigurator;
			productName = RepoConfigurator;
			productReference = 941CFFBE211520D700326181 /* XCERepoConfigurator.framework */;
			productType = "com.apple.product-type.framework";
		};
		941CFFC6211520D700326181 /* RepoConfiguratorTests */ = {
			isa = PBXNativeTarget;
			buildConfigurationList = 941CFFD5211520D700326181 /* Build configuration list for PBXNativeTarget "RepoConfiguratorTests" */;
			buildPhases = (
				941CFFC3211520D700326181 /* Sources */,
				941CFFC4211520D700326181 /* Frameworks */,
				941CFFC5211520D700326181 /* Resources */,
			);
			buildRules = (
			);
			dependencies = (
				941CFFCA211520D700326181 /* PBXTargetDependency */,
			);
			name = RepoConfiguratorTests;
			productName = RepoConfiguratorTests;
			productReference = 941CFFC7211520D700326181 /* RepoConfiguratorTests.xctest */;
			productType = "com.apple.product-type.bundle.unit-test";
		};
/* End PBXNativeTarget section */

/* Begin PBXProject section */
		941CFFB5211520D700326181 /* Project object */ = {
			isa = PBXProject;
			attributes = {
				LastSwiftUpdateCheck = 0940;
				LastUpgradeCheck = 0940;
				ORGANIZATIONNAME = XCEssentials;
				TargetAttributes = {
					941CFFBD211520D700326181 = {
						CreatedOnToolsVersion = 9.4.1;
					};
					941CFFC6211520D700326181 = {
						CreatedOnToolsVersion = 9.4.1;
					};
				};
			};
			buildConfigurationList = 941CFFB8211520D700326181 /* Build configuration list for PBXProject "RepoConfigurator" */;
			compatibilityVersion = "Xcode 9.3";
			developmentRegion = en;
			hasScannedForEncodings = 0;
			knownRegions = (
				en,
			);
			mainGroup = 941CFFB4211520D700326181;
			productRefGroup = 941CFFBF211520D700326181 /* Products */;
			projectDirPath = "";
			projectRoot = "";
			targets = (
				941CFFBD211520D700326181 /* RepoConfigurator */,
				941CFFC6211520D700326181 /* RepoConfiguratorTests */,
			);
		};
/* End PBXProject section */

/* Begin PBXResourcesBuildPhase section */
		941CFFBC211520D700326181 /* Resources */ = {
			isa = PBXResourcesBuildPhase;
			buildActionMask = 2147483647;
			files = (
			);
			runOnlyForDeploymentPostprocessing = 0;
		};
		941CFFC5211520D700326181 /* Resources */ = {
			isa = PBXResourcesBuildPhase;
			buildActionMask = 2147483647;
			files = (
			);
			runOnlyForDeploymentPostprocessing = 0;
		};
/* End PBXResourcesBuildPhase section */

/* Begin PBXShellScriptBuildPhase section */
		94508DAD211CB0990059C4EF /* SwiftLint */ = {
			isa = PBXShellScriptBuildPhase;
			buildActionMask = 2147483647;
			files = (
			);
			inputPaths = (
			);
			name = SwiftLint;
			outputPaths = (
			);
			runOnlyForDeploymentPostprocessing = 0;
			shellPath = /bin/sh;
			shellScript = "if which swiftlint >/dev/null; then\n    swiftlint\nelse\n    echo \"warning: SwiftLint not installed, download from https://github.com/realm/SwiftLint\"\nfi\n";
		};
/* End PBXShellScriptBuildPhase section */

/* Begin PBXSourcesBuildPhase section */
		941CFFB9211520D700326181 /* Sources */ = {
			isa = PBXSourcesBuildPhase;
			buildActionMask = 2147483647;
			files = (
				94245732211B025C00A05876 /* CocoaPods.swift in Sources */,
				94245734211B034400A05876 /* CocoaPods_Podfile.swift in Sources */,
				94245736211B3EE200A05876 /* CocoaPods_Podspec.swift in Sources */,
				9424573C211B9EE500A05876 /* Defaults.swift in Sources */,
				9424AB0F211754C100262B79 /* DeploymentTarget.swift in Sources */,
				9424AB0D211754B200262B79 /* DeviceFamily.swift in Sources */,
				94C4F9CB211665ED00CFB1DC /* Fastlane.swift in Sources */,
				94511D872121D21400AB4CD0 /* CustomTextFile.swift in Sources */,
				94C4F9CD2116660900CFB1DC /* Fastlane_Fastfile.swift in Sources */,
				94116DA9211BB9C0001EF7F9 /* Fastlane_Gemfile.swift in Sources */,
				941CFFFB2115A78C00326181 /* Git.swift in Sources */,
				941CFFFD2115A7A000326181 /* Git_RepoIgnore.swift in Sources */,
				9424AB092117542200262B79 /* Indentation.swift in Sources */,
				94DECE522118C99F0026F148 /* IndentedText.swift in Sources */,
				946CFA1E2120AC7D00E756CD /* Array+String.swift in Sources */,
				9424AB0B2117549500262B79 /* KeyValuePair.swift in Sources */,
				941CFFEA2115898E00326181 /* License.swift in Sources */,
				946CFA18211F816B00E756CD /* Array+TextFilePiece.swift in Sources */,
				941CFFE82115897100326181 /* License_MIT.swift in Sources */,
				946CFA0A211DE6DF00E756CD /* GitHub.swift in Sources */,
				948EB3202120F500000D91D0 /* Bool+Helper.swift in Sources */,
				9424AB11211754FE00262B79 /* OSIdentifier.swift in Sources */,
				9424AB132117552100262B79 /* PathPrefix.swift in Sources */,
				9424573A211B8FE400A05876 /* RawTextFile.swift in Sources */,
				94DECE4E21188B4B0026F148 /* String+TextFilePiece.swift in Sources */,
				946CFA1C2120559B00E756CD /* CocoaPods_Podspec_Standard.swift in Sources */,
				94CB9FDF2116585000641D6E /* Struct.swift in Sources */,
				94CB9FDC2116583700641D6E /* Struct_Spec.swift in Sources */,
				94CB9FD92116583700641D6E /* Struct_Spec_1_2_1.swift in Sources */,
				94CB9FDA2116583700641D6E /* Struct_Spec_1_3_0.swift in Sources */,
				94CB9FDD2116583700641D6E /* Struct_Spec_2_0_0.swift in Sources */,
				94CB9FDB2116583700641D6E /* Struct_Spec_2_1_0.swift in Sources */,
				94CB9FE12116625900641D6E /* Struct_Spec_InternalHelpers.swift in Sources */,
				9424572F211AF7E900A05876 /* SwiftLint.swift in Sources */,
				941CFFF4211591E900326181 /* TextFile.swift in Sources */,
				9459C779211C5F800041C38B /* YesNoStringLiteralsForXcode.swift in Sources */,
				946CFA0C211DE70300E756CD /* GitHub_Pages.swift in Sources */,
				941CFFE02115222B00326181 /* Versions.swift in Sources */,
				94DECE502118C10E0026F148 /* Xcode.swift in Sources */,
				94CB9FC12116535300641D6E /* Xcode_Project.swift in Sources */,
				94CB9FC42116535300641D6E /* Xcode_Project_BuildConfig.swift in Sources */,
				94CB9FC32116535300641D6E /* Xcode_Project_BuildConfig_Defaults.swift in Sources */,
				94CB9FC02116535300641D6E /* Xcode_Project_BuildConfig_Defaults_General.swift in Sources */,
				94CB9FC52116535300641D6E /* Xcode_Project_BuildConfig_Defaults_iOS.swift in Sources */,
				94CB9FCE2116536600641D6E /* Xcode_Target.swift in Sources */,
				94CB9FCD2116536600641D6E /* Xcode_Target_BuildConfig.swift in Sources */,
				948EB31E2120F318000D91D0 /* Optional+Helpers.swift in Sources */,
				94CB9FCC2116536600641D6E /* Xcode_Target_Dependencies.swift in Sources */,
				946CFA16211F7FB500E756CD /* Array+IndentedTextGetter.swift in Sources */,
				946CFA1A21202DB600E756CD /* InlineIfClosure.swift in Sources */,
				941CFFFF211609BC00326181 /* Xcode_Target_InfoPlist.swift in Sources */,
				94CB9FCB2116536600641D6E /* Xcode_Target_Script.swift in Sources */,
				94CB9FCF2116536600641D6E /* Xcode_Target_Type.swift in Sources */,
				946CFA202120C90100E756CD /* CocoaPods_Podspec_WithSubSpecs.swift in Sources */,
				94CB9FC22116535300641D6E /* Xcode_Project_Variant.swift in Sources */,
			);
			runOnlyForDeploymentPostprocessing = 0;
		};
		941CFFC3211520D700326181 /* Sources */ = {
			isa = PBXSourcesBuildPhase;
			buildActionMask = 2147483647;
			files = (
				941CFFDE2115221000326181 /* RepoConfiguratorTests.swift in Sources */,
			);
			runOnlyForDeploymentPostprocessing = 0;
		};
/* End PBXSourcesBuildPhase section */

/* Begin PBXTargetDependency section */
		941CFFCA211520D700326181 /* PBXTargetDependency */ = {
			isa = PBXTargetDependency;
			target = 941CFFBD211520D700326181 /* RepoConfigurator */;
			targetProxy = 941CFFC9211520D700326181 /* PBXContainerItemProxy */;
		};
/* End PBXTargetDependency section */

/* Begin XCBuildConfiguration section */
		941CFFD0211520D700326181 /* Debug */ = {
			isa = XCBuildConfiguration;
			buildSettings = {
				ALWAYS_SEARCH_USER_PATHS = NO;
				CLANG_ANALYZER_NONNULL = YES;
				CLANG_ANALYZER_NUMBER_OBJECT_CONVERSION = YES_AGGRESSIVE;
				CLANG_CXX_LANGUAGE_STANDARD = "gnu++14";
				CLANG_CXX_LIBRARY = "libc++";
				CLANG_ENABLE_MODULES = YES;
				CLANG_ENABLE_OBJC_ARC = YES;
				CLANG_ENABLE_OBJC_WEAK = YES;
				CLANG_WARN_BLOCK_CAPTURE_AUTORELEASING = YES;
				CLANG_WARN_BOOL_CONVERSION = YES;
				CLANG_WARN_COMMA = YES;
				CLANG_WARN_CONSTANT_CONVERSION = YES;
				CLANG_WARN_DEPRECATED_OBJC_IMPLEMENTATIONS = YES;
				CLANG_WARN_DIRECT_OBJC_ISA_USAGE = YES_ERROR;
				CLANG_WARN_DOCUMENTATION_COMMENTS = YES;
				CLANG_WARN_EMPTY_BODY = YES;
				CLANG_WARN_ENUM_CONVERSION = YES;
				CLANG_WARN_INFINITE_RECURSION = YES;
				CLANG_WARN_INT_CONVERSION = YES;
				CLANG_WARN_NON_LITERAL_NULL_CONVERSION = YES;
				CLANG_WARN_OBJC_IMPLICIT_RETAIN_SELF = YES;
				CLANG_WARN_OBJC_LITERAL_CONVERSION = YES;
				CLANG_WARN_OBJC_ROOT_CLASS = YES_ERROR;
				CLANG_WARN_RANGE_LOOP_ANALYSIS = YES;
				CLANG_WARN_STRICT_PROTOTYPES = YES;
				CLANG_WARN_SUSPICIOUS_MOVE = YES;
				CLANG_WARN_UNGUARDED_AVAILABILITY = YES_AGGRESSIVE;
				CLANG_WARN_UNREACHABLE_CODE = YES;
				CLANG_WARN__DUPLICATE_METHOD_MATCH = YES;
				CODE_SIGN_IDENTITY = "Mac Developer";
				COPY_PHASE_STRIP = NO;
				CURRENT_PROJECT_VERSION = 2;
				DEBUG_INFORMATION_FORMAT = dwarf;
				ENABLE_STRICT_OBJC_MSGSEND = YES;
				ENABLE_TESTABILITY = YES;
				GCC_C_LANGUAGE_STANDARD = gnu11;
				GCC_DYNAMIC_NO_PIC = NO;
				GCC_NO_COMMON_BLOCKS = YES;
				GCC_OPTIMIZATION_LEVEL = 0;
				GCC_PREPROCESSOR_DEFINITIONS = (
					"DEBUG=1",
					"$(inherited)",
				);
				GCC_WARN_64_TO_32_BIT_CONVERSION = YES;
				GCC_WARN_ABOUT_RETURN_TYPE = YES_ERROR;
				GCC_WARN_UNDECLARED_SELECTOR = YES;
				GCC_WARN_UNINITIALIZED_AUTOS = YES_AGGRESSIVE;
				GCC_WARN_UNUSED_FUNCTION = YES;
				GCC_WARN_UNUSED_VARIABLE = YES;
				MACOSX_DEPLOYMENT_TARGET = 10.13;
				MTL_ENABLE_DEBUG_INFO = YES;
				ONLY_ACTIVE_ARCH = YES;
				SDKROOT = macosx;
				SWIFT_ACTIVE_COMPILATION_CONDITIONS = DEBUG;
				SWIFT_OPTIMIZATION_LEVEL = "-Onone";
				SWIFT_VERSION = 4.2;
				VERSIONING_SYSTEM = "apple-generic";
				VERSION_INFO_PREFIX = "";
			};
			name = Debug;
		};
		941CFFD1211520D700326181 /* Release */ = {
			isa = XCBuildConfiguration;
			buildSettings = {
				ALWAYS_SEARCH_USER_PATHS = NO;
				CLANG_ANALYZER_NONNULL = YES;
				CLANG_ANALYZER_NUMBER_OBJECT_CONVERSION = YES_AGGRESSIVE;
				CLANG_CXX_LANGUAGE_STANDARD = "gnu++14";
				CLANG_CXX_LIBRARY = "libc++";
				CLANG_ENABLE_MODULES = YES;
				CLANG_ENABLE_OBJC_ARC = YES;
				CLANG_ENABLE_OBJC_WEAK = YES;
				CLANG_WARN_BLOCK_CAPTURE_AUTORELEASING = YES;
				CLANG_WARN_BOOL_CONVERSION = YES;
				CLANG_WARN_COMMA = YES;
				CLANG_WARN_CONSTANT_CONVERSION = YES;
				CLANG_WARN_DEPRECATED_OBJC_IMPLEMENTATIONS = YES;
				CLANG_WARN_DIRECT_OBJC_ISA_USAGE = YES_ERROR;
				CLANG_WARN_DOCUMENTATION_COMMENTS = YES;
				CLANG_WARN_EMPTY_BODY = YES;
				CLANG_WARN_ENUM_CONVERSION = YES;
				CLANG_WARN_INFINITE_RECURSION = YES;
				CLANG_WARN_INT_CONVERSION = YES;
				CLANG_WARN_NON_LITERAL_NULL_CONVERSION = YES;
				CLANG_WARN_OBJC_IMPLICIT_RETAIN_SELF = YES;
				CLANG_WARN_OBJC_LITERAL_CONVERSION = YES;
				CLANG_WARN_OBJC_ROOT_CLASS = YES_ERROR;
				CLANG_WARN_RANGE_LOOP_ANALYSIS = YES;
				CLANG_WARN_STRICT_PROTOTYPES = YES;
				CLANG_WARN_SUSPICIOUS_MOVE = YES;
				CLANG_WARN_UNGUARDED_AVAILABILITY = YES_AGGRESSIVE;
				CLANG_WARN_UNREACHABLE_CODE = YES;
				CLANG_WARN__DUPLICATE_METHOD_MATCH = YES;
				CODE_SIGN_IDENTITY = "Mac Developer";
				COPY_PHASE_STRIP = NO;
				CURRENT_PROJECT_VERSION = 2;
				DEBUG_INFORMATION_FORMAT = "dwarf-with-dsym";
				ENABLE_NS_ASSERTIONS = NO;
				ENABLE_STRICT_OBJC_MSGSEND = YES;
				GCC_C_LANGUAGE_STANDARD = gnu11;
				GCC_NO_COMMON_BLOCKS = YES;
				GCC_WARN_64_TO_32_BIT_CONVERSION = YES;
				GCC_WARN_ABOUT_RETURN_TYPE = YES_ERROR;
				GCC_WARN_UNDECLARED_SELECTOR = YES;
				GCC_WARN_UNINITIALIZED_AUTOS = YES_AGGRESSIVE;
				GCC_WARN_UNUSED_FUNCTION = YES;
				GCC_WARN_UNUSED_VARIABLE = YES;
				MACOSX_DEPLOYMENT_TARGET = 10.13;
				MTL_ENABLE_DEBUG_INFO = NO;
				SDKROOT = macosx;
				SWIFT_COMPILATION_MODE = wholemodule;
				SWIFT_OPTIMIZATION_LEVEL = "-O";
				SWIFT_VERSION = 4.2;
				VERSIONING_SYSTEM = "apple-generic";
				VERSION_INFO_PREFIX = "";
			};
			name = Release;
		};
		941CFFD3211520D700326181 /* Debug */ = {
			isa = XCBuildConfiguration;
			buildSettings = {
				CODE_SIGN_IDENTITY = "";
				CODE_SIGN_STYLE = Automatic;
				COMBINE_HIDPI_IMAGES = YES;
				DEFINES_MODULE = YES;
				DEVELOPMENT_TEAM = UJA88X59XP;
				DYLIB_COMPATIBILITY_VERSION = 1;
				DYLIB_CURRENT_VERSION = 2;
				DYLIB_INSTALL_NAME_BASE = "@rpath";
				FRAMEWORK_VERSION = A;
				INFOPLIST_FILE = Info/RepoConfigurator.plist;
				INSTALL_PATH = "$(LOCAL_LIBRARY_DIR)/Frameworks";
				LD_RUNPATH_SEARCH_PATHS = (
					"$(inherited)",
					"@executable_path/../Frameworks",
					"@loader_path/Frameworks",
				);
				PRODUCT_BUNDLE_IDENTIFIER = com.XCEssentials.RepoConfigurator;
				PRODUCT_NAME = "XCE$(TARGET_NAME:c99extidentifier)";
				SKIP_INSTALL = YES;
			};
			name = Debug;
		};
		941CFFD4211520D700326181 /* Release */ = {
			isa = XCBuildConfiguration;
			buildSettings = {
				CODE_SIGN_IDENTITY = "";
				CODE_SIGN_STYLE = Automatic;
				COMBINE_HIDPI_IMAGES = YES;
				DEFINES_MODULE = YES;
				DEVELOPMENT_TEAM = UJA88X59XP;
				DYLIB_COMPATIBILITY_VERSION = 1;
				DYLIB_CURRENT_VERSION = 2;
				DYLIB_INSTALL_NAME_BASE = "@rpath";
				FRAMEWORK_VERSION = A;
				INFOPLIST_FILE = Info/RepoConfigurator.plist;
				INSTALL_PATH = "$(LOCAL_LIBRARY_DIR)/Frameworks";
				LD_RUNPATH_SEARCH_PATHS = (
					"$(inherited)",
					"@executable_path/../Frameworks",
					"@loader_path/Frameworks",
				);
				PRODUCT_BUNDLE_IDENTIFIER = com.XCEssentials.RepoConfigurator;
				PRODUCT_NAME = "XCE$(TARGET_NAME:c99extidentifier)";
				SKIP_INSTALL = YES;
			};
			name = Release;
		};
		941CFFD6211520D700326181 /* Debug */ = {
			isa = XCBuildConfiguration;
			buildSettings = {
				ALWAYS_EMBED_SWIFT_STANDARD_LIBRARIES = YES;
				CODE_SIGN_STYLE = Automatic;
				COMBINE_HIDPI_IMAGES = YES;
				DEVELOPMENT_TEAM = UJA88X59XP;
				INFOPLIST_FILE = Info/RepoConfiguratorTests.plist;
				LD_RUNPATH_SEARCH_PATHS = (
					"$(inherited)",
					"@executable_path/../Frameworks",
					"@loader_path/../Frameworks",
				);
				PRODUCT_BUNDLE_IDENTIFIER = com.XCEssentials.RepoConfiguratorTests;
				PRODUCT_NAME = "$(TARGET_NAME)";
			};
			name = Debug;
		};
		941CFFD7211520D700326181 /* Release */ = {
			isa = XCBuildConfiguration;
			buildSettings = {
				ALWAYS_EMBED_SWIFT_STANDARD_LIBRARIES = YES;
				CODE_SIGN_STYLE = Automatic;
				COMBINE_HIDPI_IMAGES = YES;
				DEVELOPMENT_TEAM = UJA88X59XP;
				INFOPLIST_FILE = Info/RepoConfiguratorTests.plist;
				LD_RUNPATH_SEARCH_PATHS = (
					"$(inherited)",
					"@executable_path/../Frameworks",
					"@loader_path/../Frameworks",
				);
				PRODUCT_BUNDLE_IDENTIFIER = com.XCEssentials.RepoConfiguratorTests;
				PRODUCT_NAME = "$(TARGET_NAME)";
			};
			name = Release;
		};
/* End XCBuildConfiguration section */

/* Begin XCConfigurationList section */
		941CFFB8211520D700326181 /* Build configuration list for PBXProject "RepoConfigurator" */ = {
			isa = XCConfigurationList;
			buildConfigurations = (
				941CFFD0211520D700326181 /* Debug */,
				941CFFD1211520D700326181 /* Release */,
			);
			defaultConfigurationIsVisible = 0;
			defaultConfigurationName = Release;
		};
		941CFFD2211520D700326181 /* Build configuration list for PBXNativeTarget "RepoConfigurator" */ = {
			isa = XCConfigurationList;
			buildConfigurations = (
				941CFFD3211520D700326181 /* Debug */,
				941CFFD4211520D700326181 /* Release */,
			);
			defaultConfigurationIsVisible = 0;
			defaultConfigurationName = Release;
		};
		941CFFD5211520D700326181 /* Build configuration list for PBXNativeTarget "RepoConfiguratorTests" */ = {
			isa = XCConfigurationList;
			buildConfigurations = (
				941CFFD6211520D700326181 /* Debug */,
				941CFFD7211520D700326181 /* Release */,
			);
			defaultConfigurationIsVisible = 0;
			defaultConfigurationName = Release;
		};
/* End XCConfigurationList section */
	};
	rootObject = 941CFFB5211520D700326181 /* Project object */;
}
